
Microsoft Visual Studio Solution File, Format Version 12.00
# Visual Studio 15
VisualStudioVersion = 15.0.28307.645
MinimumVisualStudioVersion = 10.0.40219.1
Project("{FAE04EC0-301F-11D3-BF4B-00C04F79EFBC}") = "CollectionViewPerformance.Android", "CollectionViewPerformance\CollectionViewPerformance.Android\CollectionViewPerformance.Android.csproj", "{B979EA15-6C28-4157-A8D9-0624004B8DDA}"
EndProject
Project("{FAE04EC0-301F-11D3-BF4B-00C04F79EFBC}") = "CollectionViewPerformance.iOS", "CollectionViewPerformance\CollectionViewPerformance.iOS\CollectionViewPerformance.iOS.csproj", "{22D9EEC3-3502-456C-9C64-94907EF93FD4}"
EndProject
Project("{FAE04EC0-301F-11D3-BF4B-00C04F79EFBC}") = "CollectionViewPerformance.UWP", "CollectionViewPerformance\CollectionViewPerformance.UWP\CollectionViewPerformance.UWP.csproj", "{4D95A97B-4B95-48D3-80A8-73A2678BAE63}"
EndProject
Project("{FAE04EC0-301F-11D3-BF4B-00C04F79EFBC}") = "CollectionViewPerformance", "CollectionViewPerformance\CollectionViewPerformance\CollectionViewPerformance.csproj", "{CFD9DC9E-5F56-4FF9-A4DE-F882D19AFFC4}"
EndProject
Global
	GlobalSection(SolutionConfigurationPlatforms) = preSolution
		Ad-Hoc|Any CPU = Ad-Hoc|Any CPU
		Ad-Hoc|ARM = Ad-Hoc|ARM
		Ad-Hoc|iPhone = Ad-Hoc|iPhone
		Ad-Hoc|iPhoneSimulator = Ad-Hoc|iPhoneSimulator
		Ad-Hoc|x64 = Ad-Hoc|x64
		Ad-Hoc|x86 = Ad-Hoc|x86
		AppStore|Any CPU = AppStore|Any CPU
		AppStore|ARM = AppStore|ARM
		AppStore|iPhone = AppStore|iPhone
		AppStore|iPhoneSimulator = AppStore|iPhoneSimulator
		AppStore|x64 = AppStore|x64
		AppStore|x86 = AppStore|x86
		Debug|Any CPU = Debug|Any CPU
		Debug|ARM = Debug|ARM
		Debug|iPhone = Debug|iPhone
		Debug|iPhoneSimulator = Debug|iPhoneSimulator
		Debug|x64 = Debug|x64
		Debug|x86 = Debug|x86
		Release|Any CPU = Release|Any CPU
		Release|ARM = Release|ARM
		Release|iPhone = Release|iPhone
		Release|iPhoneSimulator = Release|iPhoneSimulator
		Release|x64 = Release|x64
		Release|x86 = Release|x86
	EndGlobalSection
	GlobalSection(ProjectConfigurationPlatforms) = postSolution
		{B979EA15-6C28-4157-A8D9-0624004B8DDA}.Ad-Hoc|Any CPU.ActiveCfg = Release|Any CPU
		{B979EA15-6C28-4157-A8D9-0624004B8DDA}.Ad-Hoc|Any CPU.Build.0 = Release|Any CPU
		{B979EA15-6C28-4157-A8D9-0624004B8DDA}.Ad-Hoc|Any CPU.Deploy.0 = Release|Any CPU
		{B979EA15-6C28-4157-A8D9-0624004B8DDA}.Ad-Hoc|ARM.ActiveCfg = Release|Any CPU
		{B979EA15-6C28-4157-A8D9-0624004B8DDA}.Ad-Hoc|ARM.Build.0 = Release|Any CPU
		{B979EA15-6C28-4157-A8D9-0624004B8DDA}.Ad-Hoc|ARM.Deploy.0 = Release|Any CPU
		{B979EA15-6C28-4157-A8D9-0624004B8DDA}.Ad-Hoc|iPhone.ActiveCfg = Release|Any CPU
		{B979EA15-6C28-4157-A8D9-0624004B8DDA}.Ad-Hoc|iPhone.Build.0 = Release|Any CPU
		{B979EA15-6C28-4157-A8D9-0624004B8DDA}.Ad-Hoc|iPhone.Deploy.0 = Release|Any CPU
		{B979EA15-6C28-4157-A8D9-0624004B8DDA}.Ad-Hoc|iPhoneSimulator.ActiveCfg = Release|Any CPU
		{B979EA15-6C28-4157-A8D9-0624004B8DDA}.Ad-Hoc|iPhoneSimulator.Build.0 = Release|Any CPU
		{B979EA15-6C28-4157-A8D9-0624004B8DDA}.Ad-Hoc|iPhoneSimulator.Deploy.0 = Release|Any CPU
		{B979EA15-6C28-4157-A8D9-0624004B8DDA}.Ad-Hoc|x64.ActiveCfg = Release|Any CPU
		{B979EA15-6C28-4157-A8D9-0624004B8DDA}.Ad-Hoc|x64.Build.0 = Release|Any CPU
		{B979EA15-6C28-4157-A8D9-0624004B8DDA}.Ad-Hoc|x64.Deploy.0 = Release|Any CPU
		{B979EA15-6C28-4157-A8D9-0624004B8DDA}.Ad-Hoc|x86.ActiveCfg = Release|Any CPU
		{B979EA15-6C28-4157-A8D9-0624004B8DDA}.Ad-Hoc|x86.Build.0 = Release|Any CPU
		{B979EA15-6C28-4157-A8D9-0624004B8DDA}.Ad-Hoc|x86.Deploy.0 = Release|Any CPU
		{B979EA15-6C28-4157-A8D9-0624004B8DDA}.AppStore|Any CPU.ActiveCfg = Release|Any CPU
		{B979EA15-6C28-4157-A8D9-0624004B8DDA}.AppStore|Any CPU.Build.0 = Release|Any CPU
		{B979EA15-6C28-4157-A8D9-0624004B8DDA}.AppStore|Any CPU.Deploy.0 = Release|Any CPU
		{B979EA15-6C28-4157-A8D9-0624004B8DDA}.AppStore|ARM.ActiveCfg = Release|Any CPU
		{B979EA15-6C28-4157-A8D9-0624004B8DDA}.AppStore|ARM.Build.0 = Release|Any CPU
		{B979EA15-6C28-4157-A8D9-0624004B8DDA}.AppStore|ARM.Deploy.0 = Release|Any CPU
		{B979EA15-6C28-4157-A8D9-0624004B8DDA}.AppStore|iPhone.ActiveCfg = Release|Any CPU
		{B979EA15-6C28-4157-A8D9-0624004B8DDA}.AppStore|iPhone.Build.0 = Release|Any CPU
		{B979EA15-6C28-4157-A8D9-0624004B8DDA}.AppStore|iPhone.Deploy.0 = Release|Any CPU
		{B979EA15-6C28-4157-A8D9-0624004B8DDA}.AppStore|iPhoneSimulator.ActiveCfg = Release|Any CPU
		{B979EA15-6C28-4157-A8D9-0624004B8DDA}.AppStore|iPhoneSimulator.Build.0 = Release|Any CPU
		{B979EA15-6C28-4157-A8D9-0624004B8DDA}.AppStore|iPhoneSimulator.Deploy.0 = Release|Any CPU
		{B979EA15-6C28-4157-A8D9-0624004B8DDA}.AppStore|x64.ActiveCfg = Release|Any CPU
		{B979EA15-6C28-4157-A8D9-0624004B8DDA}.AppStore|x64.Build.0 = Release|Any CPU
		{B979EA15-6C28-4157-A8D9-0624004B8DDA}.AppStore|x64.Deploy.0 = Release|Any CPU
		{B979EA15-6C28-4157-A8D9-0624004B8DDA}.AppStore|x86.ActiveCfg = Release|Any CPU
		{B979EA15-6C28-4157-A8D9-0624004B8DDA}.AppStore|x86.Build.0 = Release|Any CPU
		{B979EA15-6C28-4157-A8D9-0624004B8DDA}.AppStore|x86.Deploy.0 = Release|Any CPU
		{B979EA15-6C28-4157-A8D9-0624004B8DDA}.Debug|Any CPU.ActiveCfg = Debug|Any CPU
		{B979EA15-6C28-4157-A8D9-0624004B8DDA}.Debug|Any CPU.Build.0 = Debug|Any CPU
		{B979EA15-6C28-4157-A8D9-0624004B8DDA}.Debug|Any CPU.Deploy.0 = Debug|Any CPU
		{B979EA15-6C28-4157-A8D9-0624004B8DDA}.Debug|ARM.ActiveCfg = Debug|Any CPU
		{B979EA15-6C28-4157-A8D9-0624004B8DDA}.Debug|ARM.Build.0 = Debug|Any CPU
		{B979EA15-6C28-4157-A8D9-0624004B8DDA}.Debug|ARM.Deploy.0 = Debug|Any CPU
		{B979EA15-6C28-4157-A8D9-0624004B8DDA}.Debug|iPhone.ActiveCfg = Debug|Any CPU
		{B979EA15-6C28-4157-A8D9-0624004B8DDA}.Debug|iPhone.Build.0 = Debug|Any CPU
		{B979EA15-6C28-4157-A8D9-0624004B8DDA}.Debug|iPhone.Deploy.0 = Debug|Any CPU
		{B979EA15-6C28-4157-A8D9-0624004B8DDA}.Debug|iPhoneSimulator.ActiveCfg = Debug|Any CPU
		{B979EA15-6C28-4157-A8D9-0624004B8DDA}.Debug|iPhoneSimulator.Build.0 = Debug|Any CPU
		{B979EA15-6C28-4157-A8D9-0624004B8DDA}.Debug|iPhoneSimulator.Deploy.0 = Debug|Any CPU
		{B979EA15-6C28-4157-A8D9-0624004B8DDA}.Debug|x64.ActiveCfg = Debug|Any CPU
		{B979EA15-6C28-4157-A8D9-0624004B8DDA}.Debug|x64.Build.0 = Debug|Any CPU
		{B979EA15-6C28-4157-A8D9-0624004B8DDA}.Debug|x64.Deploy.0 = Debug|Any CPU
		{B979EA15-6C28-4157-A8D9-0624004B8DDA}.Debug|x86.ActiveCfg = Debug|Any CPU
		{B979EA15-6C28-4157-A8D9-0624004B8DDA}.Debug|x86.Build.0 = Debug|Any CPU
		{B979EA15-6C28-4157-A8D9-0624004B8DDA}.Debug|x86.Deploy.0 = Debug|Any CPU
		{B979EA15-6C28-4157-A8D9-0624004B8DDA}.Release|Any CPU.ActiveCfg = Release|Any CPU
		{B979EA15-6C28-4157-A8D9-0624004B8DDA}.Release|Any CPU.Build.0 = Release|Any CPU
		{B979EA15-6C28-4157-A8D9-0624004B8DDA}.Release|Any CPU.Deploy.0 = Release|Any CPU
		{B979EA15-6C28-4157-A8D9-0624004B8DDA}.Release|ARM.ActiveCfg = Release|Any CPU
		{B979EA15-6C28-4157-A8D9-0624004B8DDA}.Release|ARM.Build.0 = Release|Any CPU
		{B979EA15-6C28-4157-A8D9-0624004B8DDA}.Release|ARM.Deploy.0 = Release|Any CPU
		{B979EA15-6C28-4157-A8D9-0624004B8DDA}.Release|iPhone.ActiveCfg = Release|Any CPU
		{B979EA15-6C28-4157-A8D9-0624004B8DDA}.Release|iPhone.Build.0 = Release|Any CPU
		{B979EA15-6C28-4157-A8D9-0624004B8DDA}.Release|iPhone.Deploy.0 = Release|Any CPU
		{B979EA15-6C28-4157-A8D9-0624004B8DDA}.Release|iPhoneSimulator.ActiveCfg = Release|Any CPU
		{B979EA15-6C28-4157-A8D9-0624004B8DDA}.Release|iPhoneSimulator.Build.0 = Release|Any CPU
		{B979EA15-6C28-4157-A8D9-0624004B8DDA}.Release|iPhoneSimulator.Deploy.0 = Release|Any CPU
		{B979EA15-6C28-4157-A8D9-0624004B8DDA}.Release|x64.ActiveCfg = Release|Any CPU
		{B979EA15-6C28-4157-A8D9-0624004B8DDA}.Release|x64.Build.0 = Release|Any CPU
		{B979EA15-6C28-4157-A8D9-0624004B8DDA}.Release|x64.Deploy.0 = Release|Any CPU
		{B979EA15-6C28-4157-A8D9-0624004B8DDA}.Release|x86.ActiveCfg = Release|Any CPU
		{B979EA15-6C28-4157-A8D9-0624004B8DDA}.Release|x86.Build.0 = Release|Any CPU
		{B979EA15-6C28-4157-A8D9-0624004B8DDA}.Release|x86.Deploy.0 = Release|Any CPU
		{22D9EEC3-3502-456C-9C64-94907EF93FD4}.Ad-Hoc|Any CPU.ActiveCfg = Ad-Hoc|iPhone
		{22D9EEC3-3502-456C-9C64-94907EF93FD4}.Ad-Hoc|Any CPU.Build.0 = Ad-Hoc|iPhone
		{22D9EEC3-3502-456C-9C64-94907EF93FD4}.Ad-Hoc|Any CPU.Deploy.0 = Ad-Hoc|iPhone
		{22D9EEC3-3502-456C-9C64-94907EF93FD4}.Ad-Hoc|ARM.ActiveCfg = Ad-Hoc|iPhone
		{22D9EEC3-3502-456C-9C64-94907EF93FD4}.Ad-Hoc|ARM.Build.0 = Ad-Hoc|iPhone
		{22D9EEC3-3502-456C-9C64-94907EF93FD4}.Ad-Hoc|ARM.Deploy.0 = Ad-Hoc|iPhone
		{22D9EEC3-3502-456C-9C64-94907EF93FD4}.Ad-Hoc|iPhone.ActiveCfg = Ad-Hoc|iPhone
		{22D9EEC3-3502-456C-9C64-94907EF93FD4}.Ad-Hoc|iPhone.Build.0 = Ad-Hoc|iPhone
		{22D9EEC3-3502-456C-9C64-94907EF93FD4}.Ad-Hoc|iPhone.Deploy.0 = Ad-Hoc|iPhone
		{22D9EEC3-3502-456C-9C64-94907EF93FD4}.Ad-Hoc|iPhoneSimulator.ActiveCfg = Ad-Hoc|iPhoneSimulator
		{22D9EEC3-3502-456C-9C64-94907EF93FD4}.Ad-Hoc|iPhoneSimulator.Build.0 = Ad-Hoc|iPhoneSimulator
		{22D9EEC3-3502-456C-9C64-94907EF93FD4}.Ad-Hoc|iPhoneSimulator.Deploy.0 = Ad-Hoc|iPhoneSimulator
		{22D9EEC3-3502-456C-9C64-94907EF93FD4}.Ad-Hoc|x64.ActiveCfg = Ad-Hoc|iPhone
		{22D9EEC3-3502-456C-9C64-94907EF93FD4}.Ad-Hoc|x64.Build.0 = Ad-Hoc|iPhone
		{22D9EEC3-3502-456C-9C64-94907EF93FD4}.Ad-Hoc|x64.Deploy.0 = Ad-Hoc|iPhone
		{22D9EEC3-3502-456C-9C64-94907EF93FD4}.Ad-Hoc|x86.ActiveCfg = Ad-Hoc|iPhone
		{22D9EEC3-3502-456C-9C64-94907EF93FD4}.Ad-Hoc|x86.Build.0 = Ad-Hoc|iPhone
		{22D9EEC3-3502-456C-9C64-94907EF93FD4}.Ad-Hoc|x86.Deploy.0 = Ad-Hoc|iPhone
		{22D9EEC3-3502-456C-9C64-94907EF93FD4}.AppStore|Any CPU.ActiveCfg = AppStore|iPhone
		{22D9EEC3-3502-456C-9C64-94907EF93FD4}.AppStore|Any CPU.Build.0 = AppStore|iPhone
		{22D9EEC3-3502-456C-9C64-94907EF93FD4}.AppStore|Any CPU.Deploy.0 = AppStore|iPhone
		{22D9EEC3-3502-456C-9C64-94907EF93FD4}.AppStore|ARM.ActiveCfg = AppStore|iPhone
		{22D9EEC3-3502-456C-9C64-94907EF93FD4}.AppStore|ARM.Build.0 = AppStore|iPhone
		{22D9EEC3-3502-456C-9C64-94907EF93FD4}.AppStore|ARM.Deploy.0 = AppStore|iPhone
		{22D9EEC3-3502-456C-9C64-94907EF93FD4}.AppStore|iPhone.ActiveCfg = AppStore|iPhone
		{22D9EEC3-3502-456C-9C64-94907EF93FD4}.AppStore|iPhone.Build.0 = AppStore|iPhone
		{22D9EEC3-3502-456C-9C64-94907EF93FD4}.AppStore|iPhone.Deploy.0 = AppStore|iPhone
		{22D9EEC3-3502-456C-9C64-94907EF93FD4}.AppStore|iPhoneSimulator.ActiveCfg = AppStore|iPhoneSimulator
		{22D9EEC3-3502-456C-9C64-94907EF93FD4}.AppStore|iPhoneSimulator.Build.0 = AppStore|iPhoneSimulator
		{22D9EEC3-3502-456C-9C64-94907EF93FD4}.AppStore|iPhoneSimulator.Deploy.0 = AppStore|iPhoneSimulator
		{22D9EEC3-3502-456C-9C64-94907EF93FD4}.AppStore|x64.ActiveCfg = AppStore|iPhone
		{22D9EEC3-3502-456C-9C64-94907EF93FD4}.AppStore|x64.Build.0 = AppStore|iPhone
		{22D9EEC3-3502-456C-9C64-94907EF93FD4}.AppStore|x64.Deploy.0 = AppStore|iPhone
		{22D9EEC3-3502-456C-9C64-94907EF93FD4}.AppStore|x86.ActiveCfg = AppStore|iPhone
		{22D9EEC3-3502-456C-9C64-94907EF93FD4}.AppStore|x86.Build.0 = AppStore|iPhone
		{22D9EEC3-3502-456C-9C64-94907EF93FD4}.AppStore|x86.Deploy.0 = AppStore|iPhone
		{22D9EEC3-3502-456C-9C64-94907EF93FD4}.Debug|Any CPU.ActiveCfg = Debug|iPhoneSimulator
		{22D9EEC3-3502-456C-9C64-94907EF93FD4}.Debug|Any CPU.Build.0 = Debug|iPhoneSimulator
		{22D9EEC3-3502-456C-9C64-94907EF93FD4}.Debug|Any CPU.Deploy.0 = Debug|iPhoneSimulator
		{22D9EEC3-3502-456C-9C64-94907EF93FD4}.Debug|ARM.ActiveCfg = Debug|iPhone
		{22D9EEC3-3502-456C-9C64-94907EF93FD4}.Debug|ARM.Build.0 = Debug|iPhone
		{22D9EEC3-3502-456C-9C64-94907EF93FD4}.Debug|ARM.Deploy.0 = Debug|iPhone
		{22D9EEC3-3502-456C-9C64-94907EF93FD4}.Debug|iPhone.ActiveCfg = Debug|iPhone
		{22D9EEC3-3502-456C-9C64-94907EF93FD4}.Debug|iPhone.Build.0 = Debug|iPhone
		{22D9EEC3-3502-456C-9C64-94907EF93FD4}.Debug|iPhone.Deploy.0 = Debug|iPhone
		{22D9EEC3-3502-456C-9C64-94907EF93FD4}.Debug|iPhoneSimulator.ActiveCfg = Debug|iPhoneSimulator
		{22D9EEC3-3502-456C-9C64-94907EF93FD4}.Debug|iPhoneSimulator.Build.0 = Debug|iPhoneSimulator
		{22D9EEC3-3502-456C-9C64-94907EF93FD4}.Debug|iPhoneSimulator.Deploy.0 = Debug|iPhoneSimulator
		{22D9EEC3-3502-456C-9C64-94907EF93FD4}.Debug|x64.ActiveCfg = Debug|iPhone
		{22D9EEC3-3502-456C-9C64-94907EF93FD4}.Debug|x64.Build.0 = Debug|iPhone
		{22D9EEC3-3502-456C-9C64-94907EF93FD4}.Debug|x64.Deploy.0 = Debug|iPhone
		{22D9EEC3-3502-456C-9C64-94907EF93FD4}.Debug|x86.ActiveCfg = Debug|iPhone
		{22D9EEC3-3502-456C-9C64-94907EF93FD4}.Debug|x86.Build.0 = Debug|iPhone
		{22D9EEC3-3502-456C-9C64-94907EF93FD4}.Debug|x86.Deploy.0 = Debug|iPhone
		{22D9EEC3-3502-456C-9C64-94907EF93FD4}.Release|Any CPU.ActiveCfg = Release|iPhone
		{22D9EEC3-3502-456C-9C64-94907EF93FD4}.Release|Any CPU.Build.0 = Release|iPhone
		{22D9EEC3-3502-456C-9C64-94907EF93FD4}.Release|Any CPU.Deploy.0 = Release|iPhone
		{22D9EEC3-3502-456C-9C64-94907EF93FD4}.Release|ARM.ActiveCfg = Release|iPhone
		{22D9EEC3-3502-456C-9C64-94907EF93FD4}.Release|ARM.Build.0 = Release|iPhone
		{22D9EEC3-3502-456C-9C64-94907EF93FD4}.Release|ARM.Deploy.0 = Release|iPhone
		{22D9EEC3-3502-456C-9C64-94907EF93FD4}.Release|iPhone.ActiveCfg = Release|iPhone
		{22D9EEC3-3502-456C-9C64-94907EF93FD4}.Release|iPhone.Build.0 = Release|iPhone
		{22D9EEC3-3502-456C-9C64-94907EF93FD4}.Release|iPhone.Deploy.0 = Release|iPhone
		{22D9EEC3-3502-456C-9C64-94907EF93FD4}.Release|iPhoneSimulator.ActiveCfg = Release|iPhoneSimulator
		{22D9EEC3-3502-456C-9C64-94907EF93FD4}.Release|iPhoneSimulator.Build.0 = Release|iPhoneSimulator
		{22D9EEC3-3502-456C-9C64-94907EF93FD4}.Release|iPhoneSimulator.Deploy.0 = Release|iPhoneSimulator
		{22D9EEC3-3502-456C-9C64-94907EF93FD4}.Release|x64.ActiveCfg = Release|iPhone
		{22D9EEC3-3502-456C-9C64-94907EF93FD4}.Release|x64.Build.0 = Release|iPhone
		{22D9EEC3-3502-456C-9C64-94907EF93FD4}.Release|x64.Deploy.0 = Release|iPhone
		{22D9EEC3-3502-456C-9C64-94907EF93FD4}.Release|x86.ActiveCfg = Release|iPhone
		{22D9EEC3-3502-456C-9C64-94907EF93FD4}.Release|x86.Build.0 = Release|iPhone
		{22D9EEC3-3502-456C-9C64-94907EF93FD4}.Release|x86.Deploy.0 = Release|iPhone
		{4D95A97B-4B95-48D3-80A8-73A2678BAE63}.Ad-Hoc|Any CPU.ActiveCfg = Release|x86
		{4D95A97B-4B95-48D3-80A8-73A2678BAE63}.Ad-Hoc|Any CPU.Build.0 = Release|x86
		{4D95A97B-4B95-48D3-80A8-73A2678BAE63}.Ad-Hoc|Any CPU.Deploy.0 = Release|x86
		{4D95A97B-4B95-48D3-80A8-73A2678BAE63}.Ad-Hoc|ARM.ActiveCfg = Release|ARM
		{4D95A97B-4B95-48D3-80A8-73A2678BAE63}.Ad-Hoc|ARM.Build.0 = Release|ARM
		{4D95A97B-4B95-48D3-80A8-73A2678BAE63}.Ad-Hoc|ARM.Deploy.0 = Release|ARM
		{4D95A97B-4B95-48D3-80A8-73A2678BAE63}.Ad-Hoc|iPhone.ActiveCfg = Release|x86
		{4D95A97B-4B95-48D3-80A8-73A2678BAE63}.Ad-Hoc|iPhone.Build.0 = Release|x86
		{4D95A97B-4B95-48D3-80A8-73A2678BAE63}.Ad-Hoc|iPhone.Deploy.0 = Release|x86
		{4D95A97B-4B95-48D3-80A8-73A2678BAE63}.Ad-Hoc|iPhoneSimulator.ActiveCfg = Release|x86
		{4D95A97B-4B95-48D3-80A8-73A2678BAE63}.Ad-Hoc|iPhoneSimulator.Build.0 = Release|x86
		{4D95A97B-4B95-48D3-80A8-73A2678BAE63}.Ad-Hoc|iPhoneSimulator.Deploy.0 = Release|x86
		{4D95A97B-4B95-48D3-80A8-73A2678BAE63}.Ad-Hoc|x64.ActiveCfg = Release|x64
		{4D95A97B-4B95-48D3-80A8-73A2678BAE63}.Ad-Hoc|x64.Build.0 = Release|x64
		{4D95A97B-4B95-48D3-80A8-73A2678BAE63}.Ad-Hoc|x64.Deploy.0 = Release|x64
		{4D95A97B-4B95-48D3-80A8-73A2678BAE63}.Ad-Hoc|x86.ActiveCfg = Release|x86
		{4D95A97B-4B95-48D3-80A8-73A2678BAE63}.Ad-Hoc|x86.Build.0 = Release|x86
		{4D95A97B-4B95-48D3-80A8-73A2678BAE63}.Ad-Hoc|x86.Deploy.0 = Release|x86
		{4D95A97B-4B95-48D3-80A8-73A2678BAE63}.AppStore|Any CPU.ActiveCfg = Release|x86
		{4D95A97B-4B95-48D3-80A8-73A2678BAE63}.AppStore|Any CPU.Build.0 = Release|x86
		{4D95A97B-4B95-48D3-80A8-73A2678BAE63}.AppStore|Any CPU.Deploy.0 = Release|x86
		{4D95A97B-4B95-48D3-80A8-73A2678BAE63}.AppStore|ARM.ActiveCfg = Release|ARM
		{4D95A97B-4B95-48D3-80A8-73A2678BAE63}.AppStore|ARM.Build.0 = Release|ARM
		{4D95A97B-4B95-48D3-80A8-73A2678BAE63}.AppStore|ARM.Deploy.0 = Release|ARM
		{4D95A97B-4B95-48D3-80A8-73A2678BAE63}.AppStore|iPhone.ActiveCfg = Release|x86
		{4D95A97B-4B95-48D3-80A8-73A2678BAE63}.AppStore|iPhone.Build.0 = Release|x86
		{4D95A97B-4B95-48D3-80A8-73A2678BAE63}.AppStore|iPhone.Deploy.0 = Release|x86
		{4D95A97B-4B95-48D3-80A8-73A2678BAE63}.AppStore|iPhoneSimulator.ActiveCfg = Release|x86
		{4D95A97B-4B95-48D3-80A8-73A2678BAE63}.AppStore|iPhoneSimulator.Build.0 = Release|x86
		{4D95A97B-4B95-48D3-80A8-73A2678BAE63}.AppStore|iPhoneSimulator.Deploy.0 = Release|x86
		{4D95A97B-4B95-48D3-80A8-73A2678BAE63}.AppStore|x64.ActiveCfg = Release|x64
		{4D95A97B-4B95-48D3-80A8-73A2678BAE63}.AppStore|x64.Build.0 = Release|x64
		{4D95A97B-4B95-48D3-80A8-73A2678BAE63}.AppStore|x64.Deploy.0 = Release|x64
		{4D95A97B-4B95-48D3-80A8-73A2678BAE63}.AppStore|x86.ActiveCfg = Release|x86
		{4D95A97B-4B95-48D3-80A8-73A2678BAE63}.AppStore|x86.Build.0 = Release|x86
		{4D95A97B-4B95-48D3-80A8-73A2678BAE63}.AppStore|x86.Deploy.0 = Release|x86
		{4D95A97B-4B95-48D3-80A8-73A2678BAE63}.Debug|Any CPU.ActiveCfg = Debug|x86
		{4D95A97B-4B95-48D3-80A8-73A2678BAE63}.Debug|Any CPU.Build.0 = Debug|x86
		{4D95A97B-4B95-48D3-80A8-73A2678BAE63}.Debug|Any CPU.Deploy.0 = Debug|x86
		{4D95A97B-4B95-48D3-80A8-73A2678BAE63}.Debug|ARM.ActiveCfg = Debug|ARM
		{4D95A97B-4B95-48D3-80A8-73A2678BAE63}.Debug|ARM.Build.0 = Debug|ARM
		{4D95A97B-4B95-48D3-80A8-73A2678BAE63}.Debug|ARM.Deploy.0 = Debug|ARM
		{4D95A97B-4B95-48D3-80A8-73A2678BAE63}.Debug|iPhone.ActiveCfg = Debug|x86
		{4D95A97B-4B95-48D3-80A8-73A2678BAE63}.Debug|iPhone.Build.0 = Debug|x86
		{4D95A97B-4B95-48D3-80A8-73A2678BAE63}.Debug|iPhone.Deploy.0 = Debug|x86
		{4D95A97B-4B95-48D3-80A8-73A2678BAE63}.Debug|iPhoneSimulator.ActiveCfg = Debug|x86
		{4D95A97B-4B95-48D3-80A8-73A2678BAE63}.Debug|iPhoneSimulator.Build.0 = Debug|x86
		{4D95A97B-4B95-48D3-80A8-73A2678BAE63}.Debug|iPhoneSimulator.Deploy.0 = Debug|x86
		{4D95A97B-4B95-48D3-80A8-73A2678BAE63}.Debug|x64.ActiveCfg = Debug|x64
		{4D95A97B-4B95-48D3-80A8-73A2678BAE63}.Debug|x64.Build.0 = Debug|x64
		{4D95A97B-4B95-48D3-80A8-73A2678BAE63}.Debug|x64.Deploy.0 = Debug|x64
		{4D95A97B-4B95-48D3-80A8-73A2678BAE63}.Debug|x86.ActiveCfg = Debug|x86
		{4D95A97B-4B95-48D3-80A8-73A2678BAE63}.Debug|x86.Build.0 = Debug|x86
		{4D95A97B-4B95-48D3-80A8-73A2678BAE63}.Debug|x86.Deploy.0 = Debug|x86
		{4D95A97B-4B95-48D3-80A8-73A2678BAE63}.Release|Any CPU.ActiveCfg = Release|x86
		{4D95A97B-4B95-48D3-80A8-73A2678BAE63}.Release|Any CPU.Build.0 = Release|x86
		{4D95A97B-4B95-48D3-80A8-73A2678BAE63}.Release|Any CPU.Deploy.0 = Release|x86
		{4D95A97B-4B95-48D3-80A8-73A2678BAE63}.Release|ARM.ActiveCfg = Release|ARM
		{4D95A97B-4B95-48D3-80A8-73A2678BAE63}.Release|ARM.Build.0 = Release|ARM
		{4D95A97B-4B95-48D3-80A8-73A2678BAE63}.Release|ARM.Deploy.0 = Release|ARM
		{4D95A97B-4B95-48D3-80A8-73A2678BAE63}.Release|iPhone.ActiveCfg = Release|x86
		{4D95A97B-4B95-48D3-80A8-73A2678BAE63}.Release|iPhone.Build.0 = Release|x86
		{4D95A97B-4B95-48D3-80A8-73A2678BAE63}.Release|iPhone.Deploy.0 = Release|x86
		{4D95A97B-4B95-48D3-80A8-73A2678BAE63}.Release|iPhoneSimulator.ActiveCfg = Release|x86
		{4D95A97B-4B95-48D3-80A8-73A2678BAE63}.Release|iPhoneSimulator.Build.0 = Release|x86
		{4D95A97B-4B95-48D3-80A8-73A2678BAE63}.Release|iPhoneSimulator.Deploy.0 = Release|x86
		{4D95A97B-4B95-48D3-80A8-73A2678BAE63}.Release|x64.ActiveCfg = Release|x64
		{4D95A97B-4B95-48D3-80A8-73A2678BAE63}.Release|x64.Build.0 = Release|x64
		{4D95A97B-4B95-48D3-80A8-73A2678BAE63}.Release|x64.Deploy.0 = Release|x64
		{4D95A97B-4B95-48D3-80A8-73A2678BAE63}.Release|x86.ActiveCfg = Release|x86
		{4D95A97B-4B95-48D3-80A8-73A2678BAE63}.Release|x86.Build.0 = Release|x86
		{4D95A97B-4B95-48D3-80A8-73A2678BAE63}.Release|x86.Deploy.0 = Release|x86
		{CFD9DC9E-5F56-4FF9-A4DE-F882D19AFFC4}.Ad-Hoc|Any CPU.ActiveCfg = Debug|Any CPU
		{CFD9DC9E-5F56-4FF9-A4DE-F882D19AFFC4}.Ad-Hoc|Any CPU.Build.0 = Debug|Any CPU
		{CFD9DC9E-5F56-4FF9-A4DE-F882D19AFFC4}.Ad-Hoc|Any CPU.Deploy.0 = Debug|Any CPU
		{CFD9DC9E-5F56-4FF9-A4DE-F882D19AFFC4}.Ad-Hoc|ARM.ActiveCfg = Debug|Any CPU
		{CFD9DC9E-5F56-4FF9-A4DE-F882D19AFFC4}.Ad-Hoc|ARM.Build.0 = Debug|Any CPU
		{CFD9DC9E-5F56-4FF9-A4DE-F882D19AFFC4}.Ad-Hoc|ARM.Deploy.0 = Debug|Any CPU
		{CFD9DC9E-5F56-4FF9-A4DE-F882D19AFFC4}.Ad-Hoc|iPhone.ActiveCfg = Debug|Any CPU
		{CFD9DC9E-5F56-4FF9-A4DE-F882D19AFFC4}.Ad-Hoc|iPhone.Build.0 = Debug|Any CPU
		{CFD9DC9E-5F56-4FF9-A4DE-F882D19AFFC4}.Ad-Hoc|iPhone.Deploy.0 = Debug|Any CPU
		{CFD9DC9E-5F56-4FF9-A4DE-F882D19AFFC4}.Ad-Hoc|iPhoneSimulator.ActiveCfg = Debug|Any CPU
		{CFD9DC9E-5F56-4FF9-A4DE-F882D19AFFC4}.Ad-Hoc|iPhoneSimulator.Build.0 = Debug|Any CPU
		{CFD9DC9E-5F56-4FF9-A4DE-F882D19AFFC4}.Ad-Hoc|iPhoneSimulator.Deploy.0 = Debug|Any CPU
		{CFD9DC9E-5F56-4FF9-A4DE-F882D19AFFC4}.Ad-Hoc|x64.ActiveCfg = Debug|Any CPU
		{CFD9DC9E-5F56-4FF9-A4DE-F882D19AFFC4}.Ad-Hoc|x64.Build.0 = Debug|Any CPU
		{CFD9DC9E-5F56-4FF9-A4DE-F882D19AFFC4}.Ad-Hoc|x64.Deploy.0 = Debug|Any CPU
		{CFD9DC9E-5F56-4FF9-A4DE-F882D19AFFC4}.Ad-Hoc|x86.ActiveCfg = Debug|Any CPU
		{CFD9DC9E-5F56-4FF9-A4DE-F882D19AFFC4}.Ad-Hoc|x86.Build.0 = Debug|Any CPU
		{CFD9DC9E-5F56-4FF9-A4DE-F882D19AFFC4}.Ad-Hoc|x86.Deploy.0 = Debug|Any CPU
		{CFD9DC9E-5F56-4FF9-A4DE-F882D19AFFC4}.AppStore|Any CPU.ActiveCfg = Debug|Any CPU
		{CFD9DC9E-5F56-4FF9-A4DE-F882D19AFFC4}.AppStore|Any CPU.Build.0 = Debug|Any CPU
		{CFD9DC9E-5F56-4FF9-A4DE-F882D19AFFC4}.AppStore|Any CPU.Deploy.0 = Debug|Any CPU
		{CFD9DC9E-5F56-4FF9-A4DE-F882D19AFFC4}.AppStore|ARM.ActiveCfg = Debug|Any CPU
		{CFD9DC9E-5F56-4FF9-A4DE-F882D19AFFC4}.AppStore|ARM.Build.0 = Debug|Any CPU
		{CFD9DC9E-5F56-4FF9-A4DE-F882D19AFFC4}.AppStore|ARM.Deploy.0 = Debug|Any CPU
		{CFD9DC9E-5F56-4FF9-A4DE-F882D19AFFC4}.AppStore|iPhone.ActiveCfg = Debug|Any CPU
		{CFD9DC9E-5F56-4FF9-A4DE-F882D19AFFC4}.AppStore|iPhone.Build.0 = Debug|Any CPU
		{CFD9DC9E-5F56-4FF9-A4DE-F882D19AFFC4}.AppStore|iPhone.Deploy.0 = Debug|Any CPU
		{CFD9DC9E-5F56-4FF9-A4DE-F882D19AFFC4}.AppStore|iPhoneSimulator.ActiveCfg = Debug|Any CPU
		{CFD9DC9E-5F56-4FF9-A4DE-F882D19AFFC4}.AppStore|iPhoneSimulator.Build.0 = Debug|Any CPU
		{CFD9DC9E-5F56-4FF9-A4DE-F882D19AFFC4}.AppStore|iPhoneSimulator.Deploy.0 = Debug|Any CPU
		{CFD9DC9E-5F56-4FF9-A4DE-F882D19AFFC4}.AppStore|x64.ActiveCfg = Debug|Any CPU
		{CFD9DC9E-5F56-4FF9-A4DE-F882D19AFFC4}.AppStore|x64.Build.0 = Debug|Any CPU
		{CFD9DC9E-5F56-4FF9-A4DE-F882D19AFFC4}.AppStore|x64.Deploy.0 = Debug|Any CPU
		{CFD9DC9E-5F56-4FF9-A4DE-F882D19AFFC4}.AppStore|x86.ActiveCfg = Debug|Any CPU
		{CFD9DC9E-5F56-4FF9-A4DE-F882D19AFFC4}.AppStore|x86.Build.0 = Debug|Any CPU
		{CFD9DC9E-5F56-4FF9-A4DE-F882D19AFFC4}.AppStore|x86.Deploy.0 = Debug|Any CPU
		{CFD9DC9E-5F56-4FF9-A4DE-F882D19AFFC4}.Debug|Any CPU.ActiveCfg = Debug|Any CPU
		{CFD9DC9E-5F56-4FF9-A4DE-F882D19AFFC4}.Debug|Any CPU.Build.0 = Debug|Any CPU
		{CFD9DC9E-5F56-4FF9-A4DE-F882D19AFFC4}.Debug|Any CPU.Deploy.0 = Debug|Any CPU
		{CFD9DC9E-5F56-4FF9-A4DE-F882D19AFFC4}.Debug|ARM.ActiveCfg = Debug|Any CPU
		{CFD9DC9E-5F56-4FF9-A4DE-F882D19AFFC4}.Debug|ARM.Build.0 = Debug|Any CPU
		{CFD9DC9E-5F56-4FF9-A4DE-F882D19AFFC4}.Debug|ARM.Deploy.0 = Debug|Any CPU
		{CFD9DC9E-5F56-4FF9-A4DE-F882D19AFFC4}.Debug|iPhone.ActiveCfg = Debug|Any CPU
		{CFD9DC9E-5F56-4FF9-A4DE-F882D19AFFC4}.Debug|iPhone.Build.0 = Debug|Any CPU
		{CFD9DC9E-5F56-4FF9-A4DE-F882D19AFFC4}.Debug|iPhone.Deploy.0 = Debug|Any CPU
		{CFD9DC9E-5F56-4FF9-A4DE-F882D19AFFC4}.Debug|iPhoneSimulator.ActiveCfg = Debug|Any CPU
		{CFD9DC9E-5F56-4FF9-A4DE-F882D19AFFC4}.Debug|iPhoneSimulator.Build.0 = Debug|Any CPU
		{CFD9DC9E-5F56-4FF9-A4DE-F882D19AFFC4}.Debug|iPhoneSimulator.Deploy.0 = Debug|Any CPU
		{CFD9DC9E-5F56-4FF9-A4DE-F882D19AFFC4}.Debug|x64.ActiveCfg = Debug|Any CPU
		{CFD9DC9E-5F56-4FF9-A4DE-F882D19AFFC4}.Debug|x64.Build.0 = Debug|Any CPU
		{CFD9DC9E-5F56-4FF9-A4DE-F882D19AFFC4}.Debug|x64.Deploy.0 = Debug|Any CPU
		{CFD9DC9E-5F56-4FF9-A4DE-F882D19AFFC4}.Debug|x86.ActiveCfg = Debug|Any CPU
		{CFD9DC9E-5F56-4FF9-A4DE-F882D19AFFC4}.Debug|x86.Build.0 = Debug|Any CPU
		{CFD9DC9E-5F56-4FF9-A4DE-F882D19AFFC4}.Debug|x86.Deploy.0 = Debug|Any CPU
		{CFD9DC9E-5F56-4FF9-A4DE-F882D19AFFC4}.Release|Any CPU.ActiveCfg = Release|Any CPU
		{CFD9DC9E-5F56-4FF9-A4DE-F882D19AFFC4}.Release|Any CPU.Build.0 = Release|Any CPU
		{CFD9DC9E-5F56-4FF9-A4DE-F882D19AFFC4}.Release|Any CPU.Deploy.0 = Release|Any CPU
		{CFD9DC9E-5F56-4FF9-A4DE-F882D19AFFC4}.Release|ARM.ActiveCfg = Release|Any CPU
		{CFD9DC9E-5F56-4FF9-A4DE-F882D19AFFC4}.Release|ARM.Build.0 = Release|Any CPU
		{CFD9DC9E-5F56-4FF9-A4DE-F882D19AFFC4}.Release|ARM.Deploy.0 = Release|Any CPU
		{CFD9DC9E-5F56-4FF9-A4DE-F882D19AFFC4}.Release|iPhone.ActiveCfg = Release|Any CPU
		{CFD9DC9E-5F56-4FF9-A4DE-F882D19AFFC4}.Release|iPhone.Build.0 = Release|Any CPU
		{CFD9DC9E-5F56-4FF9-A4DE-F882D19AFFC4}.Release|iPhone.Deploy.0 = Release|Any CPU
		{CFD9DC9E-5F56-4FF9-A4DE-F882D19AFFC4}.Release|iPhoneSimulator.ActiveCfg = Release|Any CPU
		{CFD9DC9E-5F56-4FF9-A4DE-F882D19AFFC4}.Release|iPhoneSimulator.Build.0 = Release|Any CPU
		{CFD9DC9E-5F56-4FF9-A4DE-F882D19AFFC4}.Release|iPhoneSimulator.Deploy.0 = Release|Any CPU
		{CFD9DC9E-5F56-4FF9-A4DE-F882D19AFFC4}.Release|x64.ActiveCfg = Release|Any CPU
		{CFD9DC9E-5F56-4FF9-A4DE-F882D19AFFC4}.Release|x64.Build.0 = Release|Any CPU
		{CFD9DC9E-5F56-4FF9-A4DE-F882D19AFFC4}.Release|x64.Deploy.0 = Release|Any CPU
		{CFD9DC9E-5F56-4FF9-A4DE-F882D19AFFC4}.Release|x86.ActiveCfg = Release|Any CPU
		{CFD9DC9E-5F56-4FF9-A4DE-F882D19AFFC4}.Release|x86.Build.0 = Release|Any CPU
		{CFD9DC9E-5F56-4FF9-A4DE-F882D19AFFC4}.Release|x86.Deploy.0 = Release|Any CPU
	EndGlobalSection
	GlobalSection(SolutionProperties) = preSolution
		HideSolutionNode = FALSE
	EndGlobalSection
	GlobalSection(ExtensibilityGlobals) = postSolution
		SolutionGuid = {96F98EE3-494B-461E-B181-93A65D1DCC72}
	EndGlobalSection
EndGlobal
