
Microsoft Visual Studio Solution File, Format Version 12.00
# Visual Studio 15
VisualStudioVersion = 15.0.28307.572
MinimumVisualStudioVersion = 10.0.40219.1
Project("{FAE04EC0-301F-11D3-BF4B-00C04F79EFBC}") = "HttpPerformance.Android", "HttpPerformance\HttpPerformance.Android\HttpPerformance.Android.csproj", "{68ABF153-ADB7-4398-89AA-95A90000F2EC}"
EndProject
Project("{FAE04EC0-301F-11D3-BF4B-00C04F79EFBC}") = "HttpPerformance.iOS", "HttpPerformance\HttpPerformance.iOS\HttpPerformance.iOS.csproj", "{57515E51-CBF7-48F0-8F37-E80A4AA22317}"
EndProject
Project("{FAE04EC0-301F-11D3-BF4B-00C04F79EFBC}") = "HttpPerformance.UWP", "HttpPerformance\HttpPerformance.UWP\HttpPerformance.UWP.csproj", "{BDA38871-62EA-4BEA-ABAB-C373DFCB3357}"
EndProject
Project("{FAE04EC0-301F-11D3-BF4B-00C04F79EFBC}") = "HttpPerformance", "HttpPerformance\HttpPerformance\HttpPerformance.csproj", "{C0EBFB19-6AF4-47F2-93E3-DA06968F12FC}"
EndProject
Global
	GlobalSection(SolutionConfigurationPlatforms) = preSolution
		Ad-Hoc|Any CPU = Ad-Hoc|Any CPU
		Ad-Hoc|ARM = Ad-Hoc|ARM
		Ad-Hoc|iPhone = Ad-Hoc|iPhone
		Ad-Hoc|iPhoneSimulator = Ad-Hoc|iPhoneSimulator
		Ad-Hoc|x64 = Ad-Hoc|x64
		Ad-Hoc|x86 = Ad-Hoc|x86
		AppStore|Any CPU = AppStore|Any CPU
		AppStore|ARM = AppStore|ARM
		AppStore|iPhone = AppStore|iPhone
		AppStore|iPhoneSimulator = AppStore|iPhoneSimulator
		AppStore|x64 = AppStore|x64
		AppStore|x86 = AppStore|x86
		Debug|Any CPU = Debug|Any CPU
		Debug|ARM = Debug|ARM
		Debug|iPhone = Debug|iPhone
		Debug|iPhoneSimulator = Debug|iPhoneSimulator
		Debug|x64 = Debug|x64
		Debug|x86 = Debug|x86
		Release|Any CPU = Release|Any CPU
		Release|ARM = Release|ARM
		Release|iPhone = Release|iPhone
		Release|iPhoneSimulator = Release|iPhoneSimulator
		Release|x64 = Release|x64
		Release|x86 = Release|x86
	EndGlobalSection
	GlobalSection(ProjectConfigurationPlatforms) = postSolution
		{68ABF153-ADB7-4398-89AA-95A90000F2EC}.Ad-Hoc|Any CPU.ActiveCfg = Release|Any CPU
		{68ABF153-ADB7-4398-89AA-95A90000F2EC}.Ad-Hoc|Any CPU.Build.0 = Release|Any CPU
		{68ABF153-ADB7-4398-89AA-95A90000F2EC}.Ad-Hoc|Any CPU.Deploy.0 = Release|Any CPU
		{68ABF153-ADB7-4398-89AA-95A90000F2EC}.Ad-Hoc|ARM.ActiveCfg = Release|Any CPU
		{68ABF153-ADB7-4398-89AA-95A90000F2EC}.Ad-Hoc|ARM.Build.0 = Release|Any CPU
		{68ABF153-ADB7-4398-89AA-95A90000F2EC}.Ad-Hoc|ARM.Deploy.0 = Release|Any CPU
		{68ABF153-ADB7-4398-89AA-95A90000F2EC}.Ad-Hoc|iPhone.ActiveCfg = Release|Any CPU
		{68ABF153-ADB7-4398-89AA-95A90000F2EC}.Ad-Hoc|iPhone.Build.0 = Release|Any CPU
		{68ABF153-ADB7-4398-89AA-95A90000F2EC}.Ad-Hoc|iPhone.Deploy.0 = Release|Any CPU
		{68ABF153-ADB7-4398-89AA-95A90000F2EC}.Ad-Hoc|iPhoneSimulator.ActiveCfg = Release|Any CPU
		{68ABF153-ADB7-4398-89AA-95A90000F2EC}.Ad-Hoc|iPhoneSimulator.Build.0 = Release|Any CPU
		{68ABF153-ADB7-4398-89AA-95A90000F2EC}.Ad-Hoc|iPhoneSimulator.Deploy.0 = Release|Any CPU
		{68ABF153-ADB7-4398-89AA-95A90000F2EC}.Ad-Hoc|x64.ActiveCfg = Release|Any CPU
		{68ABF153-ADB7-4398-89AA-95A90000F2EC}.Ad-Hoc|x64.Build.0 = Release|Any CPU
		{68ABF153-ADB7-4398-89AA-95A90000F2EC}.Ad-Hoc|x64.Deploy.0 = Release|Any CPU
		{68ABF153-ADB7-4398-89AA-95A90000F2EC}.Ad-Hoc|x86.ActiveCfg = Release|Any CPU
		{68ABF153-ADB7-4398-89AA-95A90000F2EC}.Ad-Hoc|x86.Build.0 = Release|Any CPU
		{68ABF153-ADB7-4398-89AA-95A90000F2EC}.Ad-Hoc|x86.Deploy.0 = Release|Any CPU
		{68ABF153-ADB7-4398-89AA-95A90000F2EC}.AppStore|Any CPU.ActiveCfg = Release|Any CPU
		{68ABF153-ADB7-4398-89AA-95A90000F2EC}.AppStore|Any CPU.Build.0 = Release|Any CPU
		{68ABF153-ADB7-4398-89AA-95A90000F2EC}.AppStore|Any CPU.Deploy.0 = Release|Any CPU
		{68ABF153-ADB7-4398-89AA-95A90000F2EC}.AppStore|ARM.ActiveCfg = Release|Any CPU
		{68ABF153-ADB7-4398-89AA-95A90000F2EC}.AppStore|ARM.Build.0 = Release|Any CPU
		{68ABF153-ADB7-4398-89AA-95A90000F2EC}.AppStore|ARM.Deploy.0 = Release|Any CPU
		{68ABF153-ADB7-4398-89AA-95A90000F2EC}.AppStore|iPhone.ActiveCfg = Release|Any CPU
		{68ABF153-ADB7-4398-89AA-95A90000F2EC}.AppStore|iPhone.Build.0 = Release|Any CPU
		{68ABF153-ADB7-4398-89AA-95A90000F2EC}.AppStore|iPhone.Deploy.0 = Release|Any CPU
		{68ABF153-ADB7-4398-89AA-95A90000F2EC}.AppStore|iPhoneSimulator.ActiveCfg = Release|Any CPU
		{68ABF153-ADB7-4398-89AA-95A90000F2EC}.AppStore|iPhoneSimulator.Build.0 = Release|Any CPU
		{68ABF153-ADB7-4398-89AA-95A90000F2EC}.AppStore|iPhoneSimulator.Deploy.0 = Release|Any CPU
		{68ABF153-ADB7-4398-89AA-95A90000F2EC}.AppStore|x64.ActiveCfg = Release|Any CPU
		{68ABF153-ADB7-4398-89AA-95A90000F2EC}.AppStore|x64.Build.0 = Release|Any CPU
		{68ABF153-ADB7-4398-89AA-95A90000F2EC}.AppStore|x64.Deploy.0 = Release|Any CPU
		{68ABF153-ADB7-4398-89AA-95A90000F2EC}.AppStore|x86.ActiveCfg = Release|Any CPU
		{68ABF153-ADB7-4398-89AA-95A90000F2EC}.AppStore|x86.Build.0 = Release|Any CPU
		{68ABF153-ADB7-4398-89AA-95A90000F2EC}.AppStore|x86.Deploy.0 = Release|Any CPU
		{68ABF153-ADB7-4398-89AA-95A90000F2EC}.Debug|Any CPU.ActiveCfg = Debug|Any CPU
		{68ABF153-ADB7-4398-89AA-95A90000F2EC}.Debug|Any CPU.Build.0 = Debug|Any CPU
		{68ABF153-ADB7-4398-89AA-95A90000F2EC}.Debug|Any CPU.Deploy.0 = Debug|Any CPU
		{68ABF153-ADB7-4398-89AA-95A90000F2EC}.Debug|ARM.ActiveCfg = Debug|Any CPU
		{68ABF153-ADB7-4398-89AA-95A90000F2EC}.Debug|ARM.Build.0 = Debug|Any CPU
		{68ABF153-ADB7-4398-89AA-95A90000F2EC}.Debug|ARM.Deploy.0 = Debug|Any CPU
		{68ABF153-ADB7-4398-89AA-95A90000F2EC}.Debug|iPhone.ActiveCfg = Debug|Any CPU
		{68ABF153-ADB7-4398-89AA-95A90000F2EC}.Debug|iPhone.Build.0 = Debug|Any CPU
		{68ABF153-ADB7-4398-89AA-95A90000F2EC}.Debug|iPhone.Deploy.0 = Debug|Any CPU
		{68ABF153-ADB7-4398-89AA-95A90000F2EC}.Debug|iPhoneSimulator.ActiveCfg = Debug|Any CPU
		{68ABF153-ADB7-4398-89AA-95A90000F2EC}.Debug|iPhoneSimulator.Build.0 = Debug|Any CPU
		{68ABF153-ADB7-4398-89AA-95A90000F2EC}.Debug|iPhoneSimulator.Deploy.0 = Debug|Any CPU
		{68ABF153-ADB7-4398-89AA-95A90000F2EC}.Debug|x64.ActiveCfg = Debug|Any CPU
		{68ABF153-ADB7-4398-89AA-95A90000F2EC}.Debug|x64.Build.0 = Debug|Any CPU
		{68ABF153-ADB7-4398-89AA-95A90000F2EC}.Debug|x64.Deploy.0 = Debug|Any CPU
		{68ABF153-ADB7-4398-89AA-95A90000F2EC}.Debug|x86.ActiveCfg = Debug|Any CPU
		{68ABF153-ADB7-4398-89AA-95A90000F2EC}.Debug|x86.Build.0 = Debug|Any CPU
		{68ABF153-ADB7-4398-89AA-95A90000F2EC}.Debug|x86.Deploy.0 = Debug|Any CPU
		{68ABF153-ADB7-4398-89AA-95A90000F2EC}.Release|Any CPU.ActiveCfg = Release|Any CPU
		{68ABF153-ADB7-4398-89AA-95A90000F2EC}.Release|Any CPU.Build.0 = Release|Any CPU
		{68ABF153-ADB7-4398-89AA-95A90000F2EC}.Release|Any CPU.Deploy.0 = Release|Any CPU
		{68ABF153-ADB7-4398-89AA-95A90000F2EC}.Release|ARM.ActiveCfg = Release|Any CPU
		{68ABF153-ADB7-4398-89AA-95A90000F2EC}.Release|ARM.Build.0 = Release|Any CPU
		{68ABF153-ADB7-4398-89AA-95A90000F2EC}.Release|ARM.Deploy.0 = Release|Any CPU
		{68ABF153-ADB7-4398-89AA-95A90000F2EC}.Release|iPhone.ActiveCfg = Release|Any CPU
		{68ABF153-ADB7-4398-89AA-95A90000F2EC}.Release|iPhone.Build.0 = Release|Any CPU
		{68ABF153-ADB7-4398-89AA-95A90000F2EC}.Release|iPhone.Deploy.0 = Release|Any CPU
		{68ABF153-ADB7-4398-89AA-95A90000F2EC}.Release|iPhoneSimulator.ActiveCfg = Release|Any CPU
		{68ABF153-ADB7-4398-89AA-95A90000F2EC}.Release|iPhoneSimulator.Build.0 = Release|Any CPU
		{68ABF153-ADB7-4398-89AA-95A90000F2EC}.Release|iPhoneSimulator.Deploy.0 = Release|Any CPU
		{68ABF153-ADB7-4398-89AA-95A90000F2EC}.Release|x64.ActiveCfg = Release|Any CPU
		{68ABF153-ADB7-4398-89AA-95A90000F2EC}.Release|x64.Build.0 = Release|Any CPU
		{68ABF153-ADB7-4398-89AA-95A90000F2EC}.Release|x64.Deploy.0 = Release|Any CPU
		{68ABF153-ADB7-4398-89AA-95A90000F2EC}.Release|x86.ActiveCfg = Release|Any CPU
		{68ABF153-ADB7-4398-89AA-95A90000F2EC}.Release|x86.Build.0 = Release|Any CPU
		{68ABF153-ADB7-4398-89AA-95A90000F2EC}.Release|x86.Deploy.0 = Release|Any CPU
		{57515E51-CBF7-48F0-8F37-E80A4AA22317}.Ad-Hoc|Any CPU.ActiveCfg = Ad-Hoc|iPhone
		{57515E51-CBF7-48F0-8F37-E80A4AA22317}.Ad-Hoc|Any CPU.Build.0 = Ad-Hoc|iPhone
		{57515E51-CBF7-48F0-8F37-E80A4AA22317}.Ad-Hoc|Any CPU.Deploy.0 = Ad-Hoc|iPhone
		{57515E51-CBF7-48F0-8F37-E80A4AA22317}.Ad-Hoc|ARM.ActiveCfg = Ad-Hoc|iPhone
		{57515E51-CBF7-48F0-8F37-E80A4AA22317}.Ad-Hoc|ARM.Build.0 = Ad-Hoc|iPhone
		{57515E51-CBF7-48F0-8F37-E80A4AA22317}.Ad-Hoc|ARM.Deploy.0 = Ad-Hoc|iPhone
		{57515E51-CBF7-48F0-8F37-E80A4AA22317}.Ad-Hoc|iPhone.ActiveCfg = Ad-Hoc|iPhone
		{57515E51-CBF7-48F0-8F37-E80A4AA22317}.Ad-Hoc|iPhone.Build.0 = Ad-Hoc|iPhone
		{57515E51-CBF7-48F0-8F37-E80A4AA22317}.Ad-Hoc|iPhone.Deploy.0 = Ad-Hoc|iPhone
		{57515E51-CBF7-48F0-8F37-E80A4AA22317}.Ad-Hoc|iPhoneSimulator.ActiveCfg = Ad-Hoc|iPhoneSimulator
		{57515E51-CBF7-48F0-8F37-E80A4AA22317}.Ad-Hoc|iPhoneSimulator.Build.0 = Ad-Hoc|iPhoneSimulator
		{57515E51-CBF7-48F0-8F37-E80A4AA22317}.Ad-Hoc|iPhoneSimulator.Deploy.0 = Ad-Hoc|iPhoneSimulator
		{57515E51-CBF7-48F0-8F37-E80A4AA22317}.Ad-Hoc|x64.ActiveCfg = Ad-Hoc|iPhone
		{57515E51-CBF7-48F0-8F37-E80A4AA22317}.Ad-Hoc|x64.Build.0 = Ad-Hoc|iPhone
		{57515E51-CBF7-48F0-8F37-E80A4AA22317}.Ad-Hoc|x64.Deploy.0 = Ad-Hoc|iPhone
		{57515E51-CBF7-48F0-8F37-E80A4AA22317}.Ad-Hoc|x86.ActiveCfg = Ad-Hoc|iPhone
		{57515E51-CBF7-48F0-8F37-E80A4AA22317}.Ad-Hoc|x86.Build.0 = Ad-Hoc|iPhone
		{57515E51-CBF7-48F0-8F37-E80A4AA22317}.Ad-Hoc|x86.Deploy.0 = Ad-Hoc|iPhone
		{57515E51-CBF7-48F0-8F37-E80A4AA22317}.AppStore|Any CPU.ActiveCfg = AppStore|iPhone
		{57515E51-CBF7-48F0-8F37-E80A4AA22317}.AppStore|Any CPU.Build.0 = AppStore|iPhone
		{57515E51-CBF7-48F0-8F37-E80A4AA22317}.AppStore|Any CPU.Deploy.0 = AppStore|iPhone
		{57515E51-CBF7-48F0-8F37-E80A4AA22317}.AppStore|ARM.ActiveCfg = AppStore|iPhone
		{57515E51-CBF7-48F0-8F37-E80A4AA22317}.AppStore|ARM.Build.0 = AppStore|iPhone
		{57515E51-CBF7-48F0-8F37-E80A4AA22317}.AppStore|ARM.Deploy.0 = AppStore|iPhone
		{57515E51-CBF7-48F0-8F37-E80A4AA22317}.AppStore|iPhone.ActiveCfg = AppStore|iPhone
		{57515E51-CBF7-48F0-8F37-E80A4AA22317}.AppStore|iPhone.Build.0 = AppStore|iPhone
		{57515E51-CBF7-48F0-8F37-E80A4AA22317}.AppStore|iPhone.Deploy.0 = AppStore|iPhone
		{57515E51-CBF7-48F0-8F37-E80A4AA22317}.AppStore|iPhoneSimulator.ActiveCfg = AppStore|iPhoneSimulator
		{57515E51-CBF7-48F0-8F37-E80A4AA22317}.AppStore|iPhoneSimulator.Build.0 = AppStore|iPhoneSimulator
		{57515E51-CBF7-48F0-8F37-E80A4AA22317}.AppStore|iPhoneSimulator.Deploy.0 = AppStore|iPhoneSimulator
		{57515E51-CBF7-48F0-8F37-E80A4AA22317}.AppStore|x64.ActiveCfg = AppStore|iPhone
		{57515E51-CBF7-48F0-8F37-E80A4AA22317}.AppStore|x64.Build.0 = AppStore|iPhone
		{57515E51-CBF7-48F0-8F37-E80A4AA22317}.AppStore|x64.Deploy.0 = AppStore|iPhone
		{57515E51-CBF7-48F0-8F37-E80A4AA22317}.AppStore|x86.ActiveCfg = AppStore|iPhone
		{57515E51-CBF7-48F0-8F37-E80A4AA22317}.AppStore|x86.Build.0 = AppStore|iPhone
		{57515E51-CBF7-48F0-8F37-E80A4AA22317}.AppStore|x86.Deploy.0 = AppStore|iPhone
		{57515E51-CBF7-48F0-8F37-E80A4AA22317}.Debug|Any CPU.ActiveCfg = Debug|iPhoneSimulator
		{57515E51-CBF7-48F0-8F37-E80A4AA22317}.Debug|Any CPU.Build.0 = Debug|iPhoneSimulator
		{57515E51-CBF7-48F0-8F37-E80A4AA22317}.Debug|Any CPU.Deploy.0 = Debug|iPhoneSimulator
		{57515E51-CBF7-48F0-8F37-E80A4AA22317}.Debug|ARM.ActiveCfg = Debug|iPhone
		{57515E51-CBF7-48F0-8F37-E80A4AA22317}.Debug|ARM.Build.0 = Debug|iPhone
		{57515E51-CBF7-48F0-8F37-E80A4AA22317}.Debug|ARM.Deploy.0 = Debug|iPhone
		{57515E51-CBF7-48F0-8F37-E80A4AA22317}.Debug|iPhone.ActiveCfg = Debug|iPhone
		{57515E51-CBF7-48F0-8F37-E80A4AA22317}.Debug|iPhone.Build.0 = Debug|iPhone
		{57515E51-CBF7-48F0-8F37-E80A4AA22317}.Debug|iPhone.Deploy.0 = Debug|iPhone
		{57515E51-CBF7-48F0-8F37-E80A4AA22317}.Debug|iPhoneSimulator.ActiveCfg = Debug|iPhoneSimulator
		{57515E51-CBF7-48F0-8F37-E80A4AA22317}.Debug|iPhoneSimulator.Build.0 = Debug|iPhoneSimulator
		{57515E51-CBF7-48F0-8F37-E80A4AA22317}.Debug|iPhoneSimulator.Deploy.0 = Debug|iPhoneSimulator
		{57515E51-CBF7-48F0-8F37-E80A4AA22317}.Debug|x64.ActiveCfg = Debug|iPhone
		{57515E51-CBF7-48F0-8F37-E80A4AA22317}.Debug|x64.Build.0 = Debug|iPhone
		{57515E51-CBF7-48F0-8F37-E80A4AA22317}.Debug|x64.Deploy.0 = Debug|iPhone
		{57515E51-CBF7-48F0-8F37-E80A4AA22317}.Debug|x86.ActiveCfg = Debug|iPhone
		{57515E51-CBF7-48F0-8F37-E80A4AA22317}.Debug|x86.Build.0 = Debug|iPhone
		{57515E51-CBF7-48F0-8F37-E80A4AA22317}.Debug|x86.Deploy.0 = Debug|iPhone
		{57515E51-CBF7-48F0-8F37-E80A4AA22317}.Release|Any CPU.ActiveCfg = Release|iPhone
		{57515E51-CBF7-48F0-8F37-E80A4AA22317}.Release|Any CPU.Build.0 = Release|iPhone
		{57515E51-CBF7-48F0-8F37-E80A4AA22317}.Release|Any CPU.Deploy.0 = Release|iPhone
		{57515E51-CBF7-48F0-8F37-E80A4AA22317}.Release|ARM.ActiveCfg = Release|iPhone
		{57515E51-CBF7-48F0-8F37-E80A4AA22317}.Release|ARM.Build.0 = Release|iPhone
		{57515E51-CBF7-48F0-8F37-E80A4AA22317}.Release|ARM.Deploy.0 = Release|iPhone
		{57515E51-CBF7-48F0-8F37-E80A4AA22317}.Release|iPhone.ActiveCfg = Release|iPhone
		{57515E51-CBF7-48F0-8F37-E80A4AA22317}.Release|iPhone.Build.0 = Release|iPhone
		{57515E51-CBF7-48F0-8F37-E80A4AA22317}.Release|iPhone.Deploy.0 = Release|iPhone
		{57515E51-CBF7-48F0-8F37-E80A4AA22317}.Release|iPhoneSimulator.ActiveCfg = Release|iPhoneSimulator
		{57515E51-CBF7-48F0-8F37-E80A4AA22317}.Release|iPhoneSimulator.Build.0 = Release|iPhoneSimulator
		{57515E51-CBF7-48F0-8F37-E80A4AA22317}.Release|iPhoneSimulator.Deploy.0 = Release|iPhoneSimulator
		{57515E51-CBF7-48F0-8F37-E80A4AA22317}.Release|x64.ActiveCfg = Release|iPhone
		{57515E51-CBF7-48F0-8F37-E80A4AA22317}.Release|x64.Build.0 = Release|iPhone
		{57515E51-CBF7-48F0-8F37-E80A4AA22317}.Release|x64.Deploy.0 = Release|iPhone
		{57515E51-CBF7-48F0-8F37-E80A4AA22317}.Release|x86.ActiveCfg = Release|iPhone
		{57515E51-CBF7-48F0-8F37-E80A4AA22317}.Release|x86.Build.0 = Release|iPhone
		{57515E51-CBF7-48F0-8F37-E80A4AA22317}.Release|x86.Deploy.0 = Release|iPhone
		{BDA38871-62EA-4BEA-ABAB-C373DFCB3357}.Ad-Hoc|Any CPU.ActiveCfg = Release|x86
		{BDA38871-62EA-4BEA-ABAB-C373DFCB3357}.Ad-Hoc|Any CPU.Build.0 = Release|x86
		{BDA38871-62EA-4BEA-ABAB-C373DFCB3357}.Ad-Hoc|Any CPU.Deploy.0 = Release|x86
		{BDA38871-62EA-4BEA-ABAB-C373DFCB3357}.Ad-Hoc|ARM.ActiveCfg = Release|ARM
		{BDA38871-62EA-4BEA-ABAB-C373DFCB3357}.Ad-Hoc|ARM.Build.0 = Release|ARM
		{BDA38871-62EA-4BEA-ABAB-C373DFCB3357}.Ad-Hoc|ARM.Deploy.0 = Release|ARM
		{BDA38871-62EA-4BEA-ABAB-C373DFCB3357}.Ad-Hoc|iPhone.ActiveCfg = Release|x86
		{BDA38871-62EA-4BEA-ABAB-C373DFCB3357}.Ad-Hoc|iPhone.Build.0 = Release|x86
		{BDA38871-62EA-4BEA-ABAB-C373DFCB3357}.Ad-Hoc|iPhone.Deploy.0 = Release|x86
		{BDA38871-62EA-4BEA-ABAB-C373DFCB3357}.Ad-Hoc|iPhoneSimulator.ActiveCfg = Release|x86
		{BDA38871-62EA-4BEA-ABAB-C373DFCB3357}.Ad-Hoc|iPhoneSimulator.Build.0 = Release|x86
		{BDA38871-62EA-4BEA-ABAB-C373DFCB3357}.Ad-Hoc|iPhoneSimulator.Deploy.0 = Release|x86
		{BDA38871-62EA-4BEA-ABAB-C373DFCB3357}.Ad-Hoc|x64.ActiveCfg = Release|x64
		{BDA38871-62EA-4BEA-ABAB-C373DFCB3357}.Ad-Hoc|x64.Build.0 = Release|x64
		{BDA38871-62EA-4BEA-ABAB-C373DFCB3357}.Ad-Hoc|x64.Deploy.0 = Release|x64
		{BDA38871-62EA-4BEA-ABAB-C373DFCB3357}.Ad-Hoc|x86.ActiveCfg = Release|x86
		{BDA38871-62EA-4BEA-ABAB-C373DFCB3357}.Ad-Hoc|x86.Build.0 = Release|x86
		{BDA38871-62EA-4BEA-ABAB-C373DFCB3357}.Ad-Hoc|x86.Deploy.0 = Release|x86
		{BDA38871-62EA-4BEA-ABAB-C373DFCB3357}.AppStore|Any CPU.ActiveCfg = Release|x86
		{BDA38871-62EA-4BEA-ABAB-C373DFCB3357}.AppStore|Any CPU.Build.0 = Release|x86
		{BDA38871-62EA-4BEA-ABAB-C373DFCB3357}.AppStore|Any CPU.Deploy.0 = Release|x86
		{BDA38871-62EA-4BEA-ABAB-C373DFCB3357}.AppStore|ARM.ActiveCfg = Release|ARM
		{BDA38871-62EA-4BEA-ABAB-C373DFCB3357}.AppStore|ARM.Build.0 = Release|ARM
		{BDA38871-62EA-4BEA-ABAB-C373DFCB3357}.AppStore|ARM.Deploy.0 = Release|ARM
		{BDA38871-62EA-4BEA-ABAB-C373DFCB3357}.AppStore|iPhone.ActiveCfg = Release|x86
		{BDA38871-62EA-4BEA-ABAB-C373DFCB3357}.AppStore|iPhone.Build.0 = Release|x86
		{BDA38871-62EA-4BEA-ABAB-C373DFCB3357}.AppStore|iPhone.Deploy.0 = Release|x86
		{BDA38871-62EA-4BEA-ABAB-C373DFCB3357}.AppStore|iPhoneSimulator.ActiveCfg = Release|x86
		{BDA38871-62EA-4BEA-ABAB-C373DFCB3357}.AppStore|iPhoneSimulator.Build.0 = Release|x86
		{BDA38871-62EA-4BEA-ABAB-C373DFCB3357}.AppStore|iPhoneSimulator.Deploy.0 = Release|x86
		{BDA38871-62EA-4BEA-ABAB-C373DFCB3357}.AppStore|x64.ActiveCfg = Release|x64
		{BDA38871-62EA-4BEA-ABAB-C373DFCB3357}.AppStore|x64.Build.0 = Release|x64
		{BDA38871-62EA-4BEA-ABAB-C373DFCB3357}.AppStore|x64.Deploy.0 = Release|x64
		{BDA38871-62EA-4BEA-ABAB-C373DFCB3357}.AppStore|x86.ActiveCfg = Release|x86
		{BDA38871-62EA-4BEA-ABAB-C373DFCB3357}.AppStore|x86.Build.0 = Release|x86
		{BDA38871-62EA-4BEA-ABAB-C373DFCB3357}.AppStore|x86.Deploy.0 = Release|x86
		{BDA38871-62EA-4BEA-ABAB-C373DFCB3357}.Debug|Any CPU.ActiveCfg = Debug|x86
		{BDA38871-62EA-4BEA-ABAB-C373DFCB3357}.Debug|Any CPU.Build.0 = Debug|x86
		{BDA38871-62EA-4BEA-ABAB-C373DFCB3357}.Debug|Any CPU.Deploy.0 = Debug|x86
		{BDA38871-62EA-4BEA-ABAB-C373DFCB3357}.Debug|ARM.ActiveCfg = Debug|ARM
		{BDA38871-62EA-4BEA-ABAB-C373DFCB3357}.Debug|ARM.Build.0 = Debug|ARM
		{BDA38871-62EA-4BEA-ABAB-C373DFCB3357}.Debug|ARM.Deploy.0 = Debug|ARM
		{BDA38871-62EA-4BEA-ABAB-C373DFCB3357}.Debug|iPhone.ActiveCfg = Debug|x86
		{BDA38871-62EA-4BEA-ABAB-C373DFCB3357}.Debug|iPhone.Build.0 = Debug|x86
		{BDA38871-62EA-4BEA-ABAB-C373DFCB3357}.Debug|iPhone.Deploy.0 = Debug|x86
		{BDA38871-62EA-4BEA-ABAB-C373DFCB3357}.Debug|iPhoneSimulator.ActiveCfg = Debug|x86
		{BDA38871-62EA-4BEA-ABAB-C373DFCB3357}.Debug|iPhoneSimulator.Build.0 = Debug|x86
		{BDA38871-62EA-4BEA-ABAB-C373DFCB3357}.Debug|iPhoneSimulator.Deploy.0 = Debug|x86
		{BDA38871-62EA-4BEA-ABAB-C373DFCB3357}.Debug|x64.ActiveCfg = Debug|x64
		{BDA38871-62EA-4BEA-ABAB-C373DFCB3357}.Debug|x64.Build.0 = Debug|x64
		{BDA38871-62EA-4BEA-ABAB-C373DFCB3357}.Debug|x64.Deploy.0 = Debug|x64
		{BDA38871-62EA-4BEA-ABAB-C373DFCB3357}.Debug|x86.ActiveCfg = Debug|x86
		{BDA38871-62EA-4BEA-ABAB-C373DFCB3357}.Debug|x86.Build.0 = Debug|x86
		{BDA38871-62EA-4BEA-ABAB-C373DFCB3357}.Debug|x86.Deploy.0 = Debug|x86
		{BDA38871-62EA-4BEA-ABAB-C373DFCB3357}.Release|Any CPU.ActiveCfg = Release|x86
		{BDA38871-62EA-4BEA-ABAB-C373DFCB3357}.Release|Any CPU.Build.0 = Release|x86
		{BDA38871-62EA-4BEA-ABAB-C373DFCB3357}.Release|Any CPU.Deploy.0 = Release|x86
		{BDA38871-62EA-4BEA-ABAB-C373DFCB3357}.Release|ARM.ActiveCfg = Release|ARM
		{BDA38871-62EA-4BEA-ABAB-C373DFCB3357}.Release|ARM.Build.0 = Release|ARM
		{BDA38871-62EA-4BEA-ABAB-C373DFCB3357}.Release|ARM.Deploy.0 = Release|ARM
		{BDA38871-62EA-4BEA-ABAB-C373DFCB3357}.Release|iPhone.ActiveCfg = Release|x86
		{BDA38871-62EA-4BEA-ABAB-C373DFCB3357}.Release|iPhone.Build.0 = Release|x86
		{BDA38871-62EA-4BEA-ABAB-C373DFCB3357}.Release|iPhone.Deploy.0 = Release|x86
		{BDA38871-62EA-4BEA-ABAB-C373DFCB3357}.Release|iPhoneSimulator.ActiveCfg = Release|x86
		{BDA38871-62EA-4BEA-ABAB-C373DFCB3357}.Release|iPhoneSimulator.Build.0 = Release|x86
		{BDA38871-62EA-4BEA-ABAB-C373DFCB3357}.Release|iPhoneSimulator.Deploy.0 = Release|x86
		{BDA38871-62EA-4BEA-ABAB-C373DFCB3357}.Release|x64.ActiveCfg = Release|x64
		{BDA38871-62EA-4BEA-ABAB-C373DFCB3357}.Release|x64.Build.0 = Release|x64
		{BDA38871-62EA-4BEA-ABAB-C373DFCB3357}.Release|x64.Deploy.0 = Release|x64
		{BDA38871-62EA-4BEA-ABAB-C373DFCB3357}.Release|x86.ActiveCfg = Release|x86
		{BDA38871-62EA-4BEA-ABAB-C373DFCB3357}.Release|x86.Build.0 = Release|x86
		{BDA38871-62EA-4BEA-ABAB-C373DFCB3357}.Release|x86.Deploy.0 = Release|x86
		{C0EBFB19-6AF4-47F2-93E3-DA06968F12FC}.Ad-Hoc|Any CPU.ActiveCfg = Debug|Any CPU
		{C0EBFB19-6AF4-47F2-93E3-DA06968F12FC}.Ad-Hoc|Any CPU.Build.0 = Debug|Any CPU
		{C0EBFB19-6AF4-47F2-93E3-DA06968F12FC}.Ad-Hoc|Any CPU.Deploy.0 = Debug|Any CPU
		{C0EBFB19-6AF4-47F2-93E3-DA06968F12FC}.Ad-Hoc|ARM.ActiveCfg = Debug|Any CPU
		{C0EBFB19-6AF4-47F2-93E3-DA06968F12FC}.Ad-Hoc|ARM.Build.0 = Debug|Any CPU
		{C0EBFB19-6AF4-47F2-93E3-DA06968F12FC}.Ad-Hoc|ARM.Deploy.0 = Debug|Any CPU
		{C0EBFB19-6AF4-47F2-93E3-DA06968F12FC}.Ad-Hoc|iPhone.ActiveCfg = Debug|Any CPU
		{C0EBFB19-6AF4-47F2-93E3-DA06968F12FC}.Ad-Hoc|iPhone.Build.0 = Debug|Any CPU
		{C0EBFB19-6AF4-47F2-93E3-DA06968F12FC}.Ad-Hoc|iPhone.Deploy.0 = Debug|Any CPU
		{C0EBFB19-6AF4-47F2-93E3-DA06968F12FC}.Ad-Hoc|iPhoneSimulator.ActiveCfg = Debug|Any CPU
		{C0EBFB19-6AF4-47F2-93E3-DA06968F12FC}.Ad-Hoc|iPhoneSimulator.Build.0 = Debug|Any CPU
		{C0EBFB19-6AF4-47F2-93E3-DA06968F12FC}.Ad-Hoc|iPhoneSimulator.Deploy.0 = Debug|Any CPU
		{C0EBFB19-6AF4-47F2-93E3-DA06968F12FC}.Ad-Hoc|x64.ActiveCfg = Debug|Any CPU
		{C0EBFB19-6AF4-47F2-93E3-DA06968F12FC}.Ad-Hoc|x64.Build.0 = Debug|Any CPU
		{C0EBFB19-6AF4-47F2-93E3-DA06968F12FC}.Ad-Hoc|x64.Deploy.0 = Debug|Any CPU
		{C0EBFB19-6AF4-47F2-93E3-DA06968F12FC}.Ad-Hoc|x86.ActiveCfg = Debug|Any CPU
		{C0EBFB19-6AF4-47F2-93E3-DA06968F12FC}.Ad-Hoc|x86.Build.0 = Debug|Any CPU
		{C0EBFB19-6AF4-47F2-93E3-DA06968F12FC}.Ad-Hoc|x86.Deploy.0 = Debug|Any CPU
		{C0EBFB19-6AF4-47F2-93E3-DA06968F12FC}.AppStore|Any CPU.ActiveCfg = Debug|Any CPU
		{C0EBFB19-6AF4-47F2-93E3-DA06968F12FC}.AppStore|Any CPU.Build.0 = Debug|Any CPU
		{C0EBFB19-6AF4-47F2-93E3-DA06968F12FC}.AppStore|Any CPU.Deploy.0 = Debug|Any CPU
		{C0EBFB19-6AF4-47F2-93E3-DA06968F12FC}.AppStore|ARM.ActiveCfg = Debug|Any CPU
		{C0EBFB19-6AF4-47F2-93E3-DA06968F12FC}.AppStore|ARM.Build.0 = Debug|Any CPU
		{C0EBFB19-6AF4-47F2-93E3-DA06968F12FC}.AppStore|ARM.Deploy.0 = Debug|Any CPU
		{C0EBFB19-6AF4-47F2-93E3-DA06968F12FC}.AppStore|iPhone.ActiveCfg = Debug|Any CPU
		{C0EBFB19-6AF4-47F2-93E3-DA06968F12FC}.AppStore|iPhone.Build.0 = Debug|Any CPU
		{C0EBFB19-6AF4-47F2-93E3-DA06968F12FC}.AppStore|iPhone.Deploy.0 = Debug|Any CPU
		{C0EBFB19-6AF4-47F2-93E3-DA06968F12FC}.AppStore|iPhoneSimulator.ActiveCfg = Debug|Any CPU
		{C0EBFB19-6AF4-47F2-93E3-DA06968F12FC}.AppStore|iPhoneSimulator.Build.0 = Debug|Any CPU
		{C0EBFB19-6AF4-47F2-93E3-DA06968F12FC}.AppStore|iPhoneSimulator.Deploy.0 = Debug|Any CPU
		{C0EBFB19-6AF4-47F2-93E3-DA06968F12FC}.AppStore|x64.ActiveCfg = Debug|Any CPU
		{C0EBFB19-6AF4-47F2-93E3-DA06968F12FC}.AppStore|x64.Build.0 = Debug|Any CPU
		{C0EBFB19-6AF4-47F2-93E3-DA06968F12FC}.AppStore|x64.Deploy.0 = Debug|Any CPU
		{C0EBFB19-6AF4-47F2-93E3-DA06968F12FC}.AppStore|x86.ActiveCfg = Debug|Any CPU
		{C0EBFB19-6AF4-47F2-93E3-DA06968F12FC}.AppStore|x86.Build.0 = Debug|Any CPU
		{C0EBFB19-6AF4-47F2-93E3-DA06968F12FC}.AppStore|x86.Deploy.0 = Debug|Any CPU
		{C0EBFB19-6AF4-47F2-93E3-DA06968F12FC}.Debug|Any CPU.ActiveCfg = Debug|Any CPU
		{C0EBFB19-6AF4-47F2-93E3-DA06968F12FC}.Debug|Any CPU.Build.0 = Debug|Any CPU
		{C0EBFB19-6AF4-47F2-93E3-DA06968F12FC}.Debug|Any CPU.Deploy.0 = Debug|Any CPU
		{C0EBFB19-6AF4-47F2-93E3-DA06968F12FC}.Debug|ARM.ActiveCfg = Debug|Any CPU
		{C0EBFB19-6AF4-47F2-93E3-DA06968F12FC}.Debug|ARM.Build.0 = Debug|Any CPU
		{C0EBFB19-6AF4-47F2-93E3-DA06968F12FC}.Debug|ARM.Deploy.0 = Debug|Any CPU
		{C0EBFB19-6AF4-47F2-93E3-DA06968F12FC}.Debug|iPhone.ActiveCfg = Debug|Any CPU
		{C0EBFB19-6AF4-47F2-93E3-DA06968F12FC}.Debug|iPhone.Build.0 = Debug|Any CPU
		{C0EBFB19-6AF4-47F2-93E3-DA06968F12FC}.Debug|iPhone.Deploy.0 = Debug|Any CPU
		{C0EBFB19-6AF4-47F2-93E3-DA06968F12FC}.Debug|iPhoneSimulator.ActiveCfg = Debug|Any CPU
		{C0EBFB19-6AF4-47F2-93E3-DA06968F12FC}.Debug|iPhoneSimulator.Build.0 = Debug|Any CPU
		{C0EBFB19-6AF4-47F2-93E3-DA06968F12FC}.Debug|iPhoneSimulator.Deploy.0 = Debug|Any CPU
		{C0EBFB19-6AF4-47F2-93E3-DA06968F12FC}.Debug|x64.ActiveCfg = Debug|Any CPU
		{C0EBFB19-6AF4-47F2-93E3-DA06968F12FC}.Debug|x64.Build.0 = Debug|Any CPU
		{C0EBFB19-6AF4-47F2-93E3-DA06968F12FC}.Debug|x64.Deploy.0 = Debug|Any CPU
		{C0EBFB19-6AF4-47F2-93E3-DA06968F12FC}.Debug|x86.ActiveCfg = Debug|Any CPU
		{C0EBFB19-6AF4-47F2-93E3-DA06968F12FC}.Debug|x86.Build.0 = Debug|Any CPU
		{C0EBFB19-6AF4-47F2-93E3-DA06968F12FC}.Debug|x86.Deploy.0 = Debug|Any CPU
		{C0EBFB19-6AF4-47F2-93E3-DA06968F12FC}.Release|Any CPU.ActiveCfg = Release|Any CPU
		{C0EBFB19-6AF4-47F2-93E3-DA06968F12FC}.Release|Any CPU.Build.0 = Release|Any CPU
		{C0EBFB19-6AF4-47F2-93E3-DA06968F12FC}.Release|Any CPU.Deploy.0 = Release|Any CPU
		{C0EBFB19-6AF4-47F2-93E3-DA06968F12FC}.Release|ARM.ActiveCfg = Release|Any CPU
		{C0EBFB19-6AF4-47F2-93E3-DA06968F12FC}.Release|ARM.Build.0 = Release|Any CPU
		{C0EBFB19-6AF4-47F2-93E3-DA06968F12FC}.Release|ARM.Deploy.0 = Release|Any CPU
		{C0EBFB19-6AF4-47F2-93E3-DA06968F12FC}.Release|iPhone.ActiveCfg = Release|Any CPU
		{C0EBFB19-6AF4-47F2-93E3-DA06968F12FC}.Release|iPhone.Build.0 = Release|Any CPU
		{C0EBFB19-6AF4-47F2-93E3-DA06968F12FC}.Release|iPhone.Deploy.0 = Release|Any CPU
		{C0EBFB19-6AF4-47F2-93E3-DA06968F12FC}.Release|iPhoneSimulator.ActiveCfg = Release|Any CPU
		{C0EBFB19-6AF4-47F2-93E3-DA06968F12FC}.Release|iPhoneSimulator.Build.0 = Release|Any CPU
		{C0EBFB19-6AF4-47F2-93E3-DA06968F12FC}.Release|iPhoneSimulator.Deploy.0 = Release|Any CPU
		{C0EBFB19-6AF4-47F2-93E3-DA06968F12FC}.Release|x64.ActiveCfg = Release|Any CPU
		{C0EBFB19-6AF4-47F2-93E3-DA06968F12FC}.Release|x64.Build.0 = Release|Any CPU
		{C0EBFB19-6AF4-47F2-93E3-DA06968F12FC}.Release|x64.Deploy.0 = Release|Any CPU
		{C0EBFB19-6AF4-47F2-93E3-DA06968F12FC}.Release|x86.ActiveCfg = Release|Any CPU
		{C0EBFB19-6AF4-47F2-93E3-DA06968F12FC}.Release|x86.Build.0 = Release|Any CPU
		{C0EBFB19-6AF4-47F2-93E3-DA06968F12FC}.Release|x86.Deploy.0 = Release|Any CPU
	EndGlobalSection
	GlobalSection(SolutionProperties) = preSolution
		HideSolutionNode = FALSE
	EndGlobalSection
	GlobalSection(ExtensibilityGlobals) = postSolution
		SolutionGuid = {E676D8BD-5DBD-4DE7-87E7-A60866023017}
	EndGlobalSection
EndGlobal
