
Microsoft Visual Studio Solution File, Format Version 12.00
# Visual Studio 15
VisualStudioVersion = 15.0.28307.572
MinimumVisualStudioVersion = 10.0.40219.1
Project("{FAE04EC0-301F-11D3-BF4B-00C04F79EFBC}") = "IoCPerformance.Android", "IoCPerformance\IoCPerformance.Android\IoCPerformance.Android.csproj", "{6C60C978-6808-45F2-A832-8F623580A81B}"
EndProject
Project("{FAE04EC0-301F-11D3-BF4B-00C04F79EFBC}") = "IoCPerformance.iOS", "IoCPerformance\IoCPerformance.iOS\IoCPerformance.iOS.csproj", "{1DB33963-41BD-47C8-B6CD-EAA3E95318CF}"
EndProject
Project("{FAE04EC0-301F-11D3-BF4B-00C04F79EFBC}") = "IoCPerformance.UWP", "IoCPerformance\IoCPerformance.UWP\IoCPerformance.UWP.csproj", "{69636D5F-0B68-4895-BC1F-ED8B3B78EC5F}"
EndProject
Project("{FAE04EC0-301F-11D3-BF4B-00C04F79EFBC}") = "IoCPerformance", "IoCPerformance\IoCPerformance\IoCPerformance.csproj", "{D051D8A5-0A59-48B5-85D2-9F7AB8522493}"
EndProject
Global
	GlobalSection(SolutionConfigurationPlatforms) = preSolution
		Ad-Hoc|Any CPU = Ad-Hoc|Any CPU
		Ad-Hoc|ARM = Ad-Hoc|ARM
		Ad-Hoc|iPhone = Ad-Hoc|iPhone
		Ad-Hoc|iPhoneSimulator = Ad-Hoc|iPhoneSimulator
		Ad-Hoc|x64 = Ad-Hoc|x64
		Ad-Hoc|x86 = Ad-Hoc|x86
		AppStore|Any CPU = AppStore|Any CPU
		AppStore|ARM = AppStore|ARM
		AppStore|iPhone = AppStore|iPhone
		AppStore|iPhoneSimulator = AppStore|iPhoneSimulator
		AppStore|x64 = AppStore|x64
		AppStore|x86 = AppStore|x86
		Debug|Any CPU = Debug|Any CPU
		Debug|ARM = Debug|ARM
		Debug|iPhone = Debug|iPhone
		Debug|iPhoneSimulator = Debug|iPhoneSimulator
		Debug|x64 = Debug|x64
		Debug|x86 = Debug|x86
		Release|Any CPU = Release|Any CPU
		Release|ARM = Release|ARM
		Release|iPhone = Release|iPhone
		Release|iPhoneSimulator = Release|iPhoneSimulator
		Release|x64 = Release|x64
		Release|x86 = Release|x86
	EndGlobalSection
	GlobalSection(ProjectConfigurationPlatforms) = postSolution
		{6C60C978-6808-45F2-A832-8F623580A81B}.Ad-Hoc|Any CPU.ActiveCfg = Release|Any CPU
		{6C60C978-6808-45F2-A832-8F623580A81B}.Ad-Hoc|Any CPU.Build.0 = Release|Any CPU
		{6C60C978-6808-45F2-A832-8F623580A81B}.Ad-Hoc|Any CPU.Deploy.0 = Release|Any CPU
		{6C60C978-6808-45F2-A832-8F623580A81B}.Ad-Hoc|ARM.ActiveCfg = Release|Any CPU
		{6C60C978-6808-45F2-A832-8F623580A81B}.Ad-Hoc|ARM.Build.0 = Release|Any CPU
		{6C60C978-6808-45F2-A832-8F623580A81B}.Ad-Hoc|ARM.Deploy.0 = Release|Any CPU
		{6C60C978-6808-45F2-A832-8F623580A81B}.Ad-Hoc|iPhone.ActiveCfg = Release|Any CPU
		{6C60C978-6808-45F2-A832-8F623580A81B}.Ad-Hoc|iPhone.Build.0 = Release|Any CPU
		{6C60C978-6808-45F2-A832-8F623580A81B}.Ad-Hoc|iPhone.Deploy.0 = Release|Any CPU
		{6C60C978-6808-45F2-A832-8F623580A81B}.Ad-Hoc|iPhoneSimulator.ActiveCfg = Release|Any CPU
		{6C60C978-6808-45F2-A832-8F623580A81B}.Ad-Hoc|iPhoneSimulator.Build.0 = Release|Any CPU
		{6C60C978-6808-45F2-A832-8F623580A81B}.Ad-Hoc|iPhoneSimulator.Deploy.0 = Release|Any CPU
		{6C60C978-6808-45F2-A832-8F623580A81B}.Ad-Hoc|x64.ActiveCfg = Release|Any CPU
		{6C60C978-6808-45F2-A832-8F623580A81B}.Ad-Hoc|x64.Build.0 = Release|Any CPU
		{6C60C978-6808-45F2-A832-8F623580A81B}.Ad-Hoc|x64.Deploy.0 = Release|Any CPU
		{6C60C978-6808-45F2-A832-8F623580A81B}.Ad-Hoc|x86.ActiveCfg = Release|Any CPU
		{6C60C978-6808-45F2-A832-8F623580A81B}.Ad-Hoc|x86.Build.0 = Release|Any CPU
		{6C60C978-6808-45F2-A832-8F623580A81B}.Ad-Hoc|x86.Deploy.0 = Release|Any CPU
		{6C60C978-6808-45F2-A832-8F623580A81B}.AppStore|Any CPU.ActiveCfg = Release|Any CPU
		{6C60C978-6808-45F2-A832-8F623580A81B}.AppStore|Any CPU.Build.0 = Release|Any CPU
		{6C60C978-6808-45F2-A832-8F623580A81B}.AppStore|Any CPU.Deploy.0 = Release|Any CPU
		{6C60C978-6808-45F2-A832-8F623580A81B}.AppStore|ARM.ActiveCfg = Release|Any CPU
		{6C60C978-6808-45F2-A832-8F623580A81B}.AppStore|ARM.Build.0 = Release|Any CPU
		{6C60C978-6808-45F2-A832-8F623580A81B}.AppStore|ARM.Deploy.0 = Release|Any CPU
		{6C60C978-6808-45F2-A832-8F623580A81B}.AppStore|iPhone.ActiveCfg = Release|Any CPU
		{6C60C978-6808-45F2-A832-8F623580A81B}.AppStore|iPhone.Build.0 = Release|Any CPU
		{6C60C978-6808-45F2-A832-8F623580A81B}.AppStore|iPhone.Deploy.0 = Release|Any CPU
		{6C60C978-6808-45F2-A832-8F623580A81B}.AppStore|iPhoneSimulator.ActiveCfg = Release|Any CPU
		{6C60C978-6808-45F2-A832-8F623580A81B}.AppStore|iPhoneSimulator.Build.0 = Release|Any CPU
		{6C60C978-6808-45F2-A832-8F623580A81B}.AppStore|iPhoneSimulator.Deploy.0 = Release|Any CPU
		{6C60C978-6808-45F2-A832-8F623580A81B}.AppStore|x64.ActiveCfg = Release|Any CPU
		{6C60C978-6808-45F2-A832-8F623580A81B}.AppStore|x64.Build.0 = Release|Any CPU
		{6C60C978-6808-45F2-A832-8F623580A81B}.AppStore|x64.Deploy.0 = Release|Any CPU
		{6C60C978-6808-45F2-A832-8F623580A81B}.AppStore|x86.ActiveCfg = Release|Any CPU
		{6C60C978-6808-45F2-A832-8F623580A81B}.AppStore|x86.Build.0 = Release|Any CPU
		{6C60C978-6808-45F2-A832-8F623580A81B}.AppStore|x86.Deploy.0 = Release|Any CPU
		{6C60C978-6808-45F2-A832-8F623580A81B}.Debug|Any CPU.ActiveCfg = Debug|Any CPU
		{6C60C978-6808-45F2-A832-8F623580A81B}.Debug|Any CPU.Build.0 = Debug|Any CPU
		{6C60C978-6808-45F2-A832-8F623580A81B}.Debug|Any CPU.Deploy.0 = Debug|Any CPU
		{6C60C978-6808-45F2-A832-8F623580A81B}.Debug|ARM.ActiveCfg = Debug|Any CPU
		{6C60C978-6808-45F2-A832-8F623580A81B}.Debug|ARM.Build.0 = Debug|Any CPU
		{6C60C978-6808-45F2-A832-8F623580A81B}.Debug|ARM.Deploy.0 = Debug|Any CPU
		{6C60C978-6808-45F2-A832-8F623580A81B}.Debug|iPhone.ActiveCfg = Debug|Any CPU
		{6C60C978-6808-45F2-A832-8F623580A81B}.Debug|iPhone.Build.0 = Debug|Any CPU
		{6C60C978-6808-45F2-A832-8F623580A81B}.Debug|iPhone.Deploy.0 = Debug|Any CPU
		{6C60C978-6808-45F2-A832-8F623580A81B}.Debug|iPhoneSimulator.ActiveCfg = Debug|Any CPU
		{6C60C978-6808-45F2-A832-8F623580A81B}.Debug|iPhoneSimulator.Build.0 = Debug|Any CPU
		{6C60C978-6808-45F2-A832-8F623580A81B}.Debug|iPhoneSimulator.Deploy.0 = Debug|Any CPU
		{6C60C978-6808-45F2-A832-8F623580A81B}.Debug|x64.ActiveCfg = Debug|Any CPU
		{6C60C978-6808-45F2-A832-8F623580A81B}.Debug|x64.Build.0 = Debug|Any CPU
		{6C60C978-6808-45F2-A832-8F623580A81B}.Debug|x64.Deploy.0 = Debug|Any CPU
		{6C60C978-6808-45F2-A832-8F623580A81B}.Debug|x86.ActiveCfg = Debug|Any CPU
		{6C60C978-6808-45F2-A832-8F623580A81B}.Debug|x86.Build.0 = Debug|Any CPU
		{6C60C978-6808-45F2-A832-8F623580A81B}.Debug|x86.Deploy.0 = Debug|Any CPU
		{6C60C978-6808-45F2-A832-8F623580A81B}.Release|Any CPU.ActiveCfg = Release|Any CPU
		{6C60C978-6808-45F2-A832-8F623580A81B}.Release|Any CPU.Build.0 = Release|Any CPU
		{6C60C978-6808-45F2-A832-8F623580A81B}.Release|Any CPU.Deploy.0 = Release|Any CPU
		{6C60C978-6808-45F2-A832-8F623580A81B}.Release|ARM.ActiveCfg = Release|Any CPU
		{6C60C978-6808-45F2-A832-8F623580A81B}.Release|ARM.Build.0 = Release|Any CPU
		{6C60C978-6808-45F2-A832-8F623580A81B}.Release|ARM.Deploy.0 = Release|Any CPU
		{6C60C978-6808-45F2-A832-8F623580A81B}.Release|iPhone.ActiveCfg = Release|Any CPU
		{6C60C978-6808-45F2-A832-8F623580A81B}.Release|iPhone.Build.0 = Release|Any CPU
		{6C60C978-6808-45F2-A832-8F623580A81B}.Release|iPhone.Deploy.0 = Release|Any CPU
		{6C60C978-6808-45F2-A832-8F623580A81B}.Release|iPhoneSimulator.ActiveCfg = Release|Any CPU
		{6C60C978-6808-45F2-A832-8F623580A81B}.Release|iPhoneSimulator.Build.0 = Release|Any CPU
		{6C60C978-6808-45F2-A832-8F623580A81B}.Release|iPhoneSimulator.Deploy.0 = Release|Any CPU
		{6C60C978-6808-45F2-A832-8F623580A81B}.Release|x64.ActiveCfg = Release|Any CPU
		{6C60C978-6808-45F2-A832-8F623580A81B}.Release|x64.Build.0 = Release|Any CPU
		{6C60C978-6808-45F2-A832-8F623580A81B}.Release|x64.Deploy.0 = Release|Any CPU
		{6C60C978-6808-45F2-A832-8F623580A81B}.Release|x86.ActiveCfg = Release|Any CPU
		{6C60C978-6808-45F2-A832-8F623580A81B}.Release|x86.Build.0 = Release|Any CPU
		{6C60C978-6808-45F2-A832-8F623580A81B}.Release|x86.Deploy.0 = Release|Any CPU
		{1DB33963-41BD-47C8-B6CD-EAA3E95318CF}.Ad-Hoc|Any CPU.ActiveCfg = Ad-Hoc|iPhone
		{1DB33963-41BD-47C8-B6CD-EAA3E95318CF}.Ad-Hoc|Any CPU.Build.0 = Ad-Hoc|iPhone
		{1DB33963-41BD-47C8-B6CD-EAA3E95318CF}.Ad-Hoc|Any CPU.Deploy.0 = Ad-Hoc|iPhone
		{1DB33963-41BD-47C8-B6CD-EAA3E95318CF}.Ad-Hoc|ARM.ActiveCfg = Ad-Hoc|iPhone
		{1DB33963-41BD-47C8-B6CD-EAA3E95318CF}.Ad-Hoc|ARM.Build.0 = Ad-Hoc|iPhone
		{1DB33963-41BD-47C8-B6CD-EAA3E95318CF}.Ad-Hoc|ARM.Deploy.0 = Ad-Hoc|iPhone
		{1DB33963-41BD-47C8-B6CD-EAA3E95318CF}.Ad-Hoc|iPhone.ActiveCfg = Ad-Hoc|iPhone
		{1DB33963-41BD-47C8-B6CD-EAA3E95318CF}.Ad-Hoc|iPhone.Build.0 = Ad-Hoc|iPhone
		{1DB33963-41BD-47C8-B6CD-EAA3E95318CF}.Ad-Hoc|iPhone.Deploy.0 = Ad-Hoc|iPhone
		{1DB33963-41BD-47C8-B6CD-EAA3E95318CF}.Ad-Hoc|iPhoneSimulator.ActiveCfg = Ad-Hoc|iPhoneSimulator
		{1DB33963-41BD-47C8-B6CD-EAA3E95318CF}.Ad-Hoc|iPhoneSimulator.Build.0 = Ad-Hoc|iPhoneSimulator
		{1DB33963-41BD-47C8-B6CD-EAA3E95318CF}.Ad-Hoc|iPhoneSimulator.Deploy.0 = Ad-Hoc|iPhoneSimulator
		{1DB33963-41BD-47C8-B6CD-EAA3E95318CF}.Ad-Hoc|x64.ActiveCfg = Ad-Hoc|iPhone
		{1DB33963-41BD-47C8-B6CD-EAA3E95318CF}.Ad-Hoc|x64.Build.0 = Ad-Hoc|iPhone
		{1DB33963-41BD-47C8-B6CD-EAA3E95318CF}.Ad-Hoc|x64.Deploy.0 = Ad-Hoc|iPhone
		{1DB33963-41BD-47C8-B6CD-EAA3E95318CF}.Ad-Hoc|x86.ActiveCfg = Ad-Hoc|iPhone
		{1DB33963-41BD-47C8-B6CD-EAA3E95318CF}.Ad-Hoc|x86.Build.0 = Ad-Hoc|iPhone
		{1DB33963-41BD-47C8-B6CD-EAA3E95318CF}.Ad-Hoc|x86.Deploy.0 = Ad-Hoc|iPhone
		{1DB33963-41BD-47C8-B6CD-EAA3E95318CF}.AppStore|Any CPU.ActiveCfg = AppStore|iPhone
		{1DB33963-41BD-47C8-B6CD-EAA3E95318CF}.AppStore|Any CPU.Build.0 = AppStore|iPhone
		{1DB33963-41BD-47C8-B6CD-EAA3E95318CF}.AppStore|Any CPU.Deploy.0 = AppStore|iPhone
		{1DB33963-41BD-47C8-B6CD-EAA3E95318CF}.AppStore|ARM.ActiveCfg = AppStore|iPhone
		{1DB33963-41BD-47C8-B6CD-EAA3E95318CF}.AppStore|ARM.Build.0 = AppStore|iPhone
		{1DB33963-41BD-47C8-B6CD-EAA3E95318CF}.AppStore|ARM.Deploy.0 = AppStore|iPhone
		{1DB33963-41BD-47C8-B6CD-EAA3E95318CF}.AppStore|iPhone.ActiveCfg = AppStore|iPhone
		{1DB33963-41BD-47C8-B6CD-EAA3E95318CF}.AppStore|iPhone.Build.0 = AppStore|iPhone
		{1DB33963-41BD-47C8-B6CD-EAA3E95318CF}.AppStore|iPhone.Deploy.0 = AppStore|iPhone
		{1DB33963-41BD-47C8-B6CD-EAA3E95318CF}.AppStore|iPhoneSimulator.ActiveCfg = AppStore|iPhoneSimulator
		{1DB33963-41BD-47C8-B6CD-EAA3E95318CF}.AppStore|iPhoneSimulator.Build.0 = AppStore|iPhoneSimulator
		{1DB33963-41BD-47C8-B6CD-EAA3E95318CF}.AppStore|iPhoneSimulator.Deploy.0 = AppStore|iPhoneSimulator
		{1DB33963-41BD-47C8-B6CD-EAA3E95318CF}.AppStore|x64.ActiveCfg = AppStore|iPhone
		{1DB33963-41BD-47C8-B6CD-EAA3E95318CF}.AppStore|x64.Build.0 = AppStore|iPhone
		{1DB33963-41BD-47C8-B6CD-EAA3E95318CF}.AppStore|x64.Deploy.0 = AppStore|iPhone
		{1DB33963-41BD-47C8-B6CD-EAA3E95318CF}.AppStore|x86.ActiveCfg = AppStore|iPhone
		{1DB33963-41BD-47C8-B6CD-EAA3E95318CF}.AppStore|x86.Build.0 = AppStore|iPhone
		{1DB33963-41BD-47C8-B6CD-EAA3E95318CF}.AppStore|x86.Deploy.0 = AppStore|iPhone
		{1DB33963-41BD-47C8-B6CD-EAA3E95318CF}.Debug|Any CPU.ActiveCfg = Debug|iPhoneSimulator
		{1DB33963-41BD-47C8-B6CD-EAA3E95318CF}.Debug|Any CPU.Build.0 = Debug|iPhoneSimulator
		{1DB33963-41BD-47C8-B6CD-EAA3E95318CF}.Debug|Any CPU.Deploy.0 = Debug|iPhoneSimulator
		{1DB33963-41BD-47C8-B6CD-EAA3E95318CF}.Debug|ARM.ActiveCfg = Debug|iPhone
		{1DB33963-41BD-47C8-B6CD-EAA3E95318CF}.Debug|ARM.Build.0 = Debug|iPhone
		{1DB33963-41BD-47C8-B6CD-EAA3E95318CF}.Debug|ARM.Deploy.0 = Debug|iPhone
		{1DB33963-41BD-47C8-B6CD-EAA3E95318CF}.Debug|iPhone.ActiveCfg = Debug|iPhone
		{1DB33963-41BD-47C8-B6CD-EAA3E95318CF}.Debug|iPhone.Build.0 = Debug|iPhone
		{1DB33963-41BD-47C8-B6CD-EAA3E95318CF}.Debug|iPhone.Deploy.0 = Debug|iPhone
		{1DB33963-41BD-47C8-B6CD-EAA3E95318CF}.Debug|iPhoneSimulator.ActiveCfg = Debug|iPhoneSimulator
		{1DB33963-41BD-47C8-B6CD-EAA3E95318CF}.Debug|iPhoneSimulator.Build.0 = Debug|iPhoneSimulator
		{1DB33963-41BD-47C8-B6CD-EAA3E95318CF}.Debug|iPhoneSimulator.Deploy.0 = Debug|iPhoneSimulator
		{1DB33963-41BD-47C8-B6CD-EAA3E95318CF}.Debug|x64.ActiveCfg = Debug|iPhone
		{1DB33963-41BD-47C8-B6CD-EAA3E95318CF}.Debug|x64.Build.0 = Debug|iPhone
		{1DB33963-41BD-47C8-B6CD-EAA3E95318CF}.Debug|x64.Deploy.0 = Debug|iPhone
		{1DB33963-41BD-47C8-B6CD-EAA3E95318CF}.Debug|x86.ActiveCfg = Debug|iPhone
		{1DB33963-41BD-47C8-B6CD-EAA3E95318CF}.Debug|x86.Build.0 = Debug|iPhone
		{1DB33963-41BD-47C8-B6CD-EAA3E95318CF}.Debug|x86.Deploy.0 = Debug|iPhone
		{1DB33963-41BD-47C8-B6CD-EAA3E95318CF}.Release|Any CPU.ActiveCfg = Release|iPhone
		{1DB33963-41BD-47C8-B6CD-EAA3E95318CF}.Release|Any CPU.Build.0 = Release|iPhone
		{1DB33963-41BD-47C8-B6CD-EAA3E95318CF}.Release|Any CPU.Deploy.0 = Release|iPhone
		{1DB33963-41BD-47C8-B6CD-EAA3E95318CF}.Release|ARM.ActiveCfg = Release|iPhone
		{1DB33963-41BD-47C8-B6CD-EAA3E95318CF}.Release|ARM.Build.0 = Release|iPhone
		{1DB33963-41BD-47C8-B6CD-EAA3E95318CF}.Release|ARM.Deploy.0 = Release|iPhone
		{1DB33963-41BD-47C8-B6CD-EAA3E95318CF}.Release|iPhone.ActiveCfg = Release|iPhone
		{1DB33963-41BD-47C8-B6CD-EAA3E95318CF}.Release|iPhone.Build.0 = Release|iPhone
		{1DB33963-41BD-47C8-B6CD-EAA3E95318CF}.Release|iPhone.Deploy.0 = Release|iPhone
		{1DB33963-41BD-47C8-B6CD-EAA3E95318CF}.Release|iPhoneSimulator.ActiveCfg = Release|iPhoneSimulator
		{1DB33963-41BD-47C8-B6CD-EAA3E95318CF}.Release|iPhoneSimulator.Build.0 = Release|iPhoneSimulator
		{1DB33963-41BD-47C8-B6CD-EAA3E95318CF}.Release|iPhoneSimulator.Deploy.0 = Release|iPhoneSimulator
		{1DB33963-41BD-47C8-B6CD-EAA3E95318CF}.Release|x64.ActiveCfg = Release|iPhone
		{1DB33963-41BD-47C8-B6CD-EAA3E95318CF}.Release|x64.Build.0 = Release|iPhone
		{1DB33963-41BD-47C8-B6CD-EAA3E95318CF}.Release|x64.Deploy.0 = Release|iPhone
		{1DB33963-41BD-47C8-B6CD-EAA3E95318CF}.Release|x86.ActiveCfg = Release|iPhone
		{1DB33963-41BD-47C8-B6CD-EAA3E95318CF}.Release|x86.Build.0 = Release|iPhone
		{1DB33963-41BD-47C8-B6CD-EAA3E95318CF}.Release|x86.Deploy.0 = Release|iPhone
		{69636D5F-0B68-4895-BC1F-ED8B3B78EC5F}.Ad-Hoc|Any CPU.ActiveCfg = Release|x86
		{69636D5F-0B68-4895-BC1F-ED8B3B78EC5F}.Ad-Hoc|Any CPU.Build.0 = Release|x86
		{69636D5F-0B68-4895-BC1F-ED8B3B78EC5F}.Ad-Hoc|Any CPU.Deploy.0 = Release|x86
		{69636D5F-0B68-4895-BC1F-ED8B3B78EC5F}.Ad-Hoc|ARM.ActiveCfg = Release|ARM
		{69636D5F-0B68-4895-BC1F-ED8B3B78EC5F}.Ad-Hoc|ARM.Build.0 = Release|ARM
		{69636D5F-0B68-4895-BC1F-ED8B3B78EC5F}.Ad-Hoc|ARM.Deploy.0 = Release|ARM
		{69636D5F-0B68-4895-BC1F-ED8B3B78EC5F}.Ad-Hoc|iPhone.ActiveCfg = Release|x86
		{69636D5F-0B68-4895-BC1F-ED8B3B78EC5F}.Ad-Hoc|iPhone.Build.0 = Release|x86
		{69636D5F-0B68-4895-BC1F-ED8B3B78EC5F}.Ad-Hoc|iPhone.Deploy.0 = Release|x86
		{69636D5F-0B68-4895-BC1F-ED8B3B78EC5F}.Ad-Hoc|iPhoneSimulator.ActiveCfg = Release|x86
		{69636D5F-0B68-4895-BC1F-ED8B3B78EC5F}.Ad-Hoc|iPhoneSimulator.Build.0 = Release|x86
		{69636D5F-0B68-4895-BC1F-ED8B3B78EC5F}.Ad-Hoc|iPhoneSimulator.Deploy.0 = Release|x86
		{69636D5F-0B68-4895-BC1F-ED8B3B78EC5F}.Ad-Hoc|x64.ActiveCfg = Release|x64
		{69636D5F-0B68-4895-BC1F-ED8B3B78EC5F}.Ad-Hoc|x64.Build.0 = Release|x64
		{69636D5F-0B68-4895-BC1F-ED8B3B78EC5F}.Ad-Hoc|x64.Deploy.0 = Release|x64
		{69636D5F-0B68-4895-BC1F-ED8B3B78EC5F}.Ad-Hoc|x86.ActiveCfg = Release|x86
		{69636D5F-0B68-4895-BC1F-ED8B3B78EC5F}.Ad-Hoc|x86.Build.0 = Release|x86
		{69636D5F-0B68-4895-BC1F-ED8B3B78EC5F}.Ad-Hoc|x86.Deploy.0 = Release|x86
		{69636D5F-0B68-4895-BC1F-ED8B3B78EC5F}.AppStore|Any CPU.ActiveCfg = Release|x86
		{69636D5F-0B68-4895-BC1F-ED8B3B78EC5F}.AppStore|Any CPU.Build.0 = Release|x86
		{69636D5F-0B68-4895-BC1F-ED8B3B78EC5F}.AppStore|Any CPU.Deploy.0 = Release|x86
		{69636D5F-0B68-4895-BC1F-ED8B3B78EC5F}.AppStore|ARM.ActiveCfg = Release|ARM
		{69636D5F-0B68-4895-BC1F-ED8B3B78EC5F}.AppStore|ARM.Build.0 = Release|ARM
		{69636D5F-0B68-4895-BC1F-ED8B3B78EC5F}.AppStore|ARM.Deploy.0 = Release|ARM
		{69636D5F-0B68-4895-BC1F-ED8B3B78EC5F}.AppStore|iPhone.ActiveCfg = Release|x86
		{69636D5F-0B68-4895-BC1F-ED8B3B78EC5F}.AppStore|iPhone.Build.0 = Release|x86
		{69636D5F-0B68-4895-BC1F-ED8B3B78EC5F}.AppStore|iPhone.Deploy.0 = Release|x86
		{69636D5F-0B68-4895-BC1F-ED8B3B78EC5F}.AppStore|iPhoneSimulator.ActiveCfg = Release|x86
		{69636D5F-0B68-4895-BC1F-ED8B3B78EC5F}.AppStore|iPhoneSimulator.Build.0 = Release|x86
		{69636D5F-0B68-4895-BC1F-ED8B3B78EC5F}.AppStore|iPhoneSimulator.Deploy.0 = Release|x86
		{69636D5F-0B68-4895-BC1F-ED8B3B78EC5F}.AppStore|x64.ActiveCfg = Release|x64
		{69636D5F-0B68-4895-BC1F-ED8B3B78EC5F}.AppStore|x64.Build.0 = Release|x64
		{69636D5F-0B68-4895-BC1F-ED8B3B78EC5F}.AppStore|x64.Deploy.0 = Release|x64
		{69636D5F-0B68-4895-BC1F-ED8B3B78EC5F}.AppStore|x86.ActiveCfg = Release|x86
		{69636D5F-0B68-4895-BC1F-ED8B3B78EC5F}.AppStore|x86.Build.0 = Release|x86
		{69636D5F-0B68-4895-BC1F-ED8B3B78EC5F}.AppStore|x86.Deploy.0 = Release|x86
		{69636D5F-0B68-4895-BC1F-ED8B3B78EC5F}.Debug|Any CPU.ActiveCfg = Debug|x86
		{69636D5F-0B68-4895-BC1F-ED8B3B78EC5F}.Debug|Any CPU.Build.0 = Debug|x86
		{69636D5F-0B68-4895-BC1F-ED8B3B78EC5F}.Debug|Any CPU.Deploy.0 = Debug|x86
		{69636D5F-0B68-4895-BC1F-ED8B3B78EC5F}.Debug|ARM.ActiveCfg = Debug|ARM
		{69636D5F-0B68-4895-BC1F-ED8B3B78EC5F}.Debug|ARM.Build.0 = Debug|ARM
		{69636D5F-0B68-4895-BC1F-ED8B3B78EC5F}.Debug|ARM.Deploy.0 = Debug|ARM
		{69636D5F-0B68-4895-BC1F-ED8B3B78EC5F}.Debug|iPhone.ActiveCfg = Debug|x86
		{69636D5F-0B68-4895-BC1F-ED8B3B78EC5F}.Debug|iPhone.Build.0 = Debug|x86
		{69636D5F-0B68-4895-BC1F-ED8B3B78EC5F}.Debug|iPhone.Deploy.0 = Debug|x86
		{69636D5F-0B68-4895-BC1F-ED8B3B78EC5F}.Debug|iPhoneSimulator.ActiveCfg = Debug|x86
		{69636D5F-0B68-4895-BC1F-ED8B3B78EC5F}.Debug|iPhoneSimulator.Build.0 = Debug|x86
		{69636D5F-0B68-4895-BC1F-ED8B3B78EC5F}.Debug|iPhoneSimulator.Deploy.0 = Debug|x86
		{69636D5F-0B68-4895-BC1F-ED8B3B78EC5F}.Debug|x64.ActiveCfg = Debug|x64
		{69636D5F-0B68-4895-BC1F-ED8B3B78EC5F}.Debug|x64.Build.0 = Debug|x64
		{69636D5F-0B68-4895-BC1F-ED8B3B78EC5F}.Debug|x64.Deploy.0 = Debug|x64
		{69636D5F-0B68-4895-BC1F-ED8B3B78EC5F}.Debug|x86.ActiveCfg = Debug|x86
		{69636D5F-0B68-4895-BC1F-ED8B3B78EC5F}.Debug|x86.Build.0 = Debug|x86
		{69636D5F-0B68-4895-BC1F-ED8B3B78EC5F}.Debug|x86.Deploy.0 = Debug|x86
		{69636D5F-0B68-4895-BC1F-ED8B3B78EC5F}.Release|Any CPU.ActiveCfg = Release|x86
		{69636D5F-0B68-4895-BC1F-ED8B3B78EC5F}.Release|Any CPU.Build.0 = Release|x86
		{69636D5F-0B68-4895-BC1F-ED8B3B78EC5F}.Release|Any CPU.Deploy.0 = Release|x86
		{69636D5F-0B68-4895-BC1F-ED8B3B78EC5F}.Release|ARM.ActiveCfg = Release|ARM
		{69636D5F-0B68-4895-BC1F-ED8B3B78EC5F}.Release|ARM.Build.0 = Release|ARM
		{69636D5F-0B68-4895-BC1F-ED8B3B78EC5F}.Release|ARM.Deploy.0 = Release|ARM
		{69636D5F-0B68-4895-BC1F-ED8B3B78EC5F}.Release|iPhone.ActiveCfg = Release|x86
		{69636D5F-0B68-4895-BC1F-ED8B3B78EC5F}.Release|iPhone.Build.0 = Release|x86
		{69636D5F-0B68-4895-BC1F-ED8B3B78EC5F}.Release|iPhone.Deploy.0 = Release|x86
		{69636D5F-0B68-4895-BC1F-ED8B3B78EC5F}.Release|iPhoneSimulator.ActiveCfg = Release|x86
		{69636D5F-0B68-4895-BC1F-ED8B3B78EC5F}.Release|iPhoneSimulator.Build.0 = Release|x86
		{69636D5F-0B68-4895-BC1F-ED8B3B78EC5F}.Release|iPhoneSimulator.Deploy.0 = Release|x86
		{69636D5F-0B68-4895-BC1F-ED8B3B78EC5F}.Release|x64.ActiveCfg = Release|x64
		{69636D5F-0B68-4895-BC1F-ED8B3B78EC5F}.Release|x64.Build.0 = Release|x64
		{69636D5F-0B68-4895-BC1F-ED8B3B78EC5F}.Release|x64.Deploy.0 = Release|x64
		{69636D5F-0B68-4895-BC1F-ED8B3B78EC5F}.Release|x86.ActiveCfg = Release|x86
		{69636D5F-0B68-4895-BC1F-ED8B3B78EC5F}.Release|x86.Build.0 = Release|x86
		{69636D5F-0B68-4895-BC1F-ED8B3B78EC5F}.Release|x86.Deploy.0 = Release|x86
		{D051D8A5-0A59-48B5-85D2-9F7AB8522493}.Ad-Hoc|Any CPU.ActiveCfg = Debug|Any CPU
		{D051D8A5-0A59-48B5-85D2-9F7AB8522493}.Ad-Hoc|Any CPU.Build.0 = Debug|Any CPU
		{D051D8A5-0A59-48B5-85D2-9F7AB8522493}.Ad-Hoc|Any CPU.Deploy.0 = Debug|Any CPU
		{D051D8A5-0A59-48B5-85D2-9F7AB8522493}.Ad-Hoc|ARM.ActiveCfg = Debug|Any CPU
		{D051D8A5-0A59-48B5-85D2-9F7AB8522493}.Ad-Hoc|ARM.Build.0 = Debug|Any CPU
		{D051D8A5-0A59-48B5-85D2-9F7AB8522493}.Ad-Hoc|ARM.Deploy.0 = Debug|Any CPU
		{D051D8A5-0A59-48B5-85D2-9F7AB8522493}.Ad-Hoc|iPhone.ActiveCfg = Debug|Any CPU
		{D051D8A5-0A59-48B5-85D2-9F7AB8522493}.Ad-Hoc|iPhone.Build.0 = Debug|Any CPU
		{D051D8A5-0A59-48B5-85D2-9F7AB8522493}.Ad-Hoc|iPhone.Deploy.0 = Debug|Any CPU
		{D051D8A5-0A59-48B5-85D2-9F7AB8522493}.Ad-Hoc|iPhoneSimulator.ActiveCfg = Debug|Any CPU
		{D051D8A5-0A59-48B5-85D2-9F7AB8522493}.Ad-Hoc|iPhoneSimulator.Build.0 = Debug|Any CPU
		{D051D8A5-0A59-48B5-85D2-9F7AB8522493}.Ad-Hoc|iPhoneSimulator.Deploy.0 = Debug|Any CPU
		{D051D8A5-0A59-48B5-85D2-9F7AB8522493}.Ad-Hoc|x64.ActiveCfg = Debug|Any CPU
		{D051D8A5-0A59-48B5-85D2-9F7AB8522493}.Ad-Hoc|x64.Build.0 = Debug|Any CPU
		{D051D8A5-0A59-48B5-85D2-9F7AB8522493}.Ad-Hoc|x64.Deploy.0 = Debug|Any CPU
		{D051D8A5-0A59-48B5-85D2-9F7AB8522493}.Ad-Hoc|x86.ActiveCfg = Debug|Any CPU
		{D051D8A5-0A59-48B5-85D2-9F7AB8522493}.Ad-Hoc|x86.Build.0 = Debug|Any CPU
		{D051D8A5-0A59-48B5-85D2-9F7AB8522493}.Ad-Hoc|x86.Deploy.0 = Debug|Any CPU
		{D051D8A5-0A59-48B5-85D2-9F7AB8522493}.AppStore|Any CPU.ActiveCfg = Debug|Any CPU
		{D051D8A5-0A59-48B5-85D2-9F7AB8522493}.AppStore|Any CPU.Build.0 = Debug|Any CPU
		{D051D8A5-0A59-48B5-85D2-9F7AB8522493}.AppStore|Any CPU.Deploy.0 = Debug|Any CPU
		{D051D8A5-0A59-48B5-85D2-9F7AB8522493}.AppStore|ARM.ActiveCfg = Debug|Any CPU
		{D051D8A5-0A59-48B5-85D2-9F7AB8522493}.AppStore|ARM.Build.0 = Debug|Any CPU
		{D051D8A5-0A59-48B5-85D2-9F7AB8522493}.AppStore|ARM.Deploy.0 = Debug|Any CPU
		{D051D8A5-0A59-48B5-85D2-9F7AB8522493}.AppStore|iPhone.ActiveCfg = Debug|Any CPU
		{D051D8A5-0A59-48B5-85D2-9F7AB8522493}.AppStore|iPhone.Build.0 = Debug|Any CPU
		{D051D8A5-0A59-48B5-85D2-9F7AB8522493}.AppStore|iPhone.Deploy.0 = Debug|Any CPU
		{D051D8A5-0A59-48B5-85D2-9F7AB8522493}.AppStore|iPhoneSimulator.ActiveCfg = Debug|Any CPU
		{D051D8A5-0A59-48B5-85D2-9F7AB8522493}.AppStore|iPhoneSimulator.Build.0 = Debug|Any CPU
		{D051D8A5-0A59-48B5-85D2-9F7AB8522493}.AppStore|iPhoneSimulator.Deploy.0 = Debug|Any CPU
		{D051D8A5-0A59-48B5-85D2-9F7AB8522493}.AppStore|x64.ActiveCfg = Debug|Any CPU
		{D051D8A5-0A59-48B5-85D2-9F7AB8522493}.AppStore|x64.Build.0 = Debug|Any CPU
		{D051D8A5-0A59-48B5-85D2-9F7AB8522493}.AppStore|x64.Deploy.0 = Debug|Any CPU
		{D051D8A5-0A59-48B5-85D2-9F7AB8522493}.AppStore|x86.ActiveCfg = Debug|Any CPU
		{D051D8A5-0A59-48B5-85D2-9F7AB8522493}.AppStore|x86.Build.0 = Debug|Any CPU
		{D051D8A5-0A59-48B5-85D2-9F7AB8522493}.AppStore|x86.Deploy.0 = Debug|Any CPU
		{D051D8A5-0A59-48B5-85D2-9F7AB8522493}.Debug|Any CPU.ActiveCfg = Debug|Any CPU
		{D051D8A5-0A59-48B5-85D2-9F7AB8522493}.Debug|Any CPU.Build.0 = Debug|Any CPU
		{D051D8A5-0A59-48B5-85D2-9F7AB8522493}.Debug|Any CPU.Deploy.0 = Debug|Any CPU
		{D051D8A5-0A59-48B5-85D2-9F7AB8522493}.Debug|ARM.ActiveCfg = Debug|Any CPU
		{D051D8A5-0A59-48B5-85D2-9F7AB8522493}.Debug|ARM.Build.0 = Debug|Any CPU
		{D051D8A5-0A59-48B5-85D2-9F7AB8522493}.Debug|ARM.Deploy.0 = Debug|Any CPU
		{D051D8A5-0A59-48B5-85D2-9F7AB8522493}.Debug|iPhone.ActiveCfg = Debug|Any CPU
		{D051D8A5-0A59-48B5-85D2-9F7AB8522493}.Debug|iPhone.Build.0 = Debug|Any CPU
		{D051D8A5-0A59-48B5-85D2-9F7AB8522493}.Debug|iPhone.Deploy.0 = Debug|Any CPU
		{D051D8A5-0A59-48B5-85D2-9F7AB8522493}.Debug|iPhoneSimulator.ActiveCfg = Debug|Any CPU
		{D051D8A5-0A59-48B5-85D2-9F7AB8522493}.Debug|iPhoneSimulator.Build.0 = Debug|Any CPU
		{D051D8A5-0A59-48B5-85D2-9F7AB8522493}.Debug|iPhoneSimulator.Deploy.0 = Debug|Any CPU
		{D051D8A5-0A59-48B5-85D2-9F7AB8522493}.Debug|x64.ActiveCfg = Debug|Any CPU
		{D051D8A5-0A59-48B5-85D2-9F7AB8522493}.Debug|x64.Build.0 = Debug|Any CPU
		{D051D8A5-0A59-48B5-85D2-9F7AB8522493}.Debug|x64.Deploy.0 = Debug|Any CPU
		{D051D8A5-0A59-48B5-85D2-9F7AB8522493}.Debug|x86.ActiveCfg = Debug|Any CPU
		{D051D8A5-0A59-48B5-85D2-9F7AB8522493}.Debug|x86.Build.0 = Debug|Any CPU
		{D051D8A5-0A59-48B5-85D2-9F7AB8522493}.Debug|x86.Deploy.0 = Debug|Any CPU
		{D051D8A5-0A59-48B5-85D2-9F7AB8522493}.Release|Any CPU.ActiveCfg = Release|Any CPU
		{D051D8A5-0A59-48B5-85D2-9F7AB8522493}.Release|Any CPU.Build.0 = Release|Any CPU
		{D051D8A5-0A59-48B5-85D2-9F7AB8522493}.Release|Any CPU.Deploy.0 = Release|Any CPU
		{D051D8A5-0A59-48B5-85D2-9F7AB8522493}.Release|ARM.ActiveCfg = Release|Any CPU
		{D051D8A5-0A59-48B5-85D2-9F7AB8522493}.Release|ARM.Build.0 = Release|Any CPU
		{D051D8A5-0A59-48B5-85D2-9F7AB8522493}.Release|ARM.Deploy.0 = Release|Any CPU
		{D051D8A5-0A59-48B5-85D2-9F7AB8522493}.Release|iPhone.ActiveCfg = Release|Any CPU
		{D051D8A5-0A59-48B5-85D2-9F7AB8522493}.Release|iPhone.Build.0 = Release|Any CPU
		{D051D8A5-0A59-48B5-85D2-9F7AB8522493}.Release|iPhone.Deploy.0 = Release|Any CPU
		{D051D8A5-0A59-48B5-85D2-9F7AB8522493}.Release|iPhoneSimulator.ActiveCfg = Release|Any CPU
		{D051D8A5-0A59-48B5-85D2-9F7AB8522493}.Release|iPhoneSimulator.Build.0 = Release|Any CPU
		{D051D8A5-0A59-48B5-85D2-9F7AB8522493}.Release|iPhoneSimulator.Deploy.0 = Release|Any CPU
		{D051D8A5-0A59-48B5-85D2-9F7AB8522493}.Release|x64.ActiveCfg = Release|Any CPU
		{D051D8A5-0A59-48B5-85D2-9F7AB8522493}.Release|x64.Build.0 = Release|Any CPU
		{D051D8A5-0A59-48B5-85D2-9F7AB8522493}.Release|x64.Deploy.0 = Release|Any CPU
		{D051D8A5-0A59-48B5-85D2-9F7AB8522493}.Release|x86.ActiveCfg = Release|Any CPU
		{D051D8A5-0A59-48B5-85D2-9F7AB8522493}.Release|x86.Build.0 = Release|Any CPU
		{D051D8A5-0A59-48B5-85D2-9F7AB8522493}.Release|x86.Deploy.0 = Release|Any CPU
	EndGlobalSection
	GlobalSection(SolutionProperties) = preSolution
		HideSolutionNode = FALSE
	EndGlobalSection
	GlobalSection(ExtensibilityGlobals) = postSolution
		SolutionGuid = {7F69A364-342E-4713-A081-7783AB5B2C43}
	EndGlobalSection
EndGlobal
