
Microsoft Visual Studio Solution File, Format Version 12.00
# Visual Studio 15
VisualStudioVersion = 15.0.28307.572
MinimumVisualStudioVersion = 10.0.40219.1
Project("{FAE04EC0-301F-11D3-BF4B-00C04F79EFBC}") = "FastRenderersPerformance.Android", "FastRenderersPerformance\FastRenderersPerformance.Android\FastRenderersPerformance.Android.csproj", "{4FC57032-071A-4E3B-B162-2919FA886BA4}"
EndProject
Project("{FAE04EC0-301F-11D3-BF4B-00C04F79EFBC}") = "FastRenderersPerformance", "FastRenderersPerformance\FastRenderersPerformance\FastRenderersPerformance.csproj", "{5E12F4DE-3FB6-4E88-902A-ADC3AEBB2D33}"
EndProject
Global
	GlobalSection(SolutionConfigurationPlatforms) = preSolution
		Ad-Hoc|Any CPU = Ad-Hoc|Any CPU
		Ad-Hoc|ARM = Ad-Hoc|ARM
		Ad-Hoc|iPhone = Ad-Hoc|iPhone
		Ad-Hoc|iPhoneSimulator = Ad-Hoc|iPhoneSimulator
		Ad-Hoc|x64 = Ad-Hoc|x64
		Ad-Hoc|x86 = Ad-Hoc|x86
		AppStore|Any CPU = AppStore|Any CPU
		AppStore|ARM = AppStore|ARM
		AppStore|iPhone = AppStore|iPhone
		AppStore|iPhoneSimulator = AppStore|iPhoneSimulator
		AppStore|x64 = AppStore|x64
		AppStore|x86 = AppStore|x86
		Debug|Any CPU = Debug|Any CPU
		Debug|ARM = Debug|ARM
		Debug|iPhone = Debug|iPhone
		Debug|iPhoneSimulator = Debug|iPhoneSimulator
		Debug|x64 = Debug|x64
		Debug|x86 = Debug|x86
		Release|Any CPU = Release|Any CPU
		Release|ARM = Release|ARM
		Release|iPhone = Release|iPhone
		Release|iPhoneSimulator = Release|iPhoneSimulator
		Release|x64 = Release|x64
		Release|x86 = Release|x86
	EndGlobalSection
	GlobalSection(ProjectConfigurationPlatforms) = postSolution
		{4FC57032-071A-4E3B-B162-2919FA886BA4}.Ad-Hoc|Any CPU.ActiveCfg = Release|Any CPU
		{4FC57032-071A-4E3B-B162-2919FA886BA4}.Ad-Hoc|Any CPU.Build.0 = Release|Any CPU
		{4FC57032-071A-4E3B-B162-2919FA886BA4}.Ad-Hoc|Any CPU.Deploy.0 = Release|Any CPU
		{4FC57032-071A-4E3B-B162-2919FA886BA4}.Ad-Hoc|ARM.ActiveCfg = Release|Any CPU
		{4FC57032-071A-4E3B-B162-2919FA886BA4}.Ad-Hoc|ARM.Build.0 = Release|Any CPU
		{4FC57032-071A-4E3B-B162-2919FA886BA4}.Ad-Hoc|ARM.Deploy.0 = Release|Any CPU
		{4FC57032-071A-4E3B-B162-2919FA886BA4}.Ad-Hoc|iPhone.ActiveCfg = Release|Any CPU
		{4FC57032-071A-4E3B-B162-2919FA886BA4}.Ad-Hoc|iPhone.Build.0 = Release|Any CPU
		{4FC57032-071A-4E3B-B162-2919FA886BA4}.Ad-Hoc|iPhone.Deploy.0 = Release|Any CPU
		{4FC57032-071A-4E3B-B162-2919FA886BA4}.Ad-Hoc|iPhoneSimulator.ActiveCfg = Release|Any CPU
		{4FC57032-071A-4E3B-B162-2919FA886BA4}.Ad-Hoc|iPhoneSimulator.Build.0 = Release|Any CPU
		{4FC57032-071A-4E3B-B162-2919FA886BA4}.Ad-Hoc|iPhoneSimulator.Deploy.0 = Release|Any CPU
		{4FC57032-071A-4E3B-B162-2919FA886BA4}.Ad-Hoc|x64.ActiveCfg = Release|Any CPU
		{4FC57032-071A-4E3B-B162-2919FA886BA4}.Ad-Hoc|x64.Build.0 = Release|Any CPU
		{4FC57032-071A-4E3B-B162-2919FA886BA4}.Ad-Hoc|x64.Deploy.0 = Release|Any CPU
		{4FC57032-071A-4E3B-B162-2919FA886BA4}.Ad-Hoc|x86.ActiveCfg = Release|Any CPU
		{4FC57032-071A-4E3B-B162-2919FA886BA4}.Ad-Hoc|x86.Build.0 = Release|Any CPU
		{4FC57032-071A-4E3B-B162-2919FA886BA4}.Ad-Hoc|x86.Deploy.0 = Release|Any CPU
		{4FC57032-071A-4E3B-B162-2919FA886BA4}.AppStore|Any CPU.ActiveCfg = Release|Any CPU
		{4FC57032-071A-4E3B-B162-2919FA886BA4}.AppStore|Any CPU.Build.0 = Release|Any CPU
		{4FC57032-071A-4E3B-B162-2919FA886BA4}.AppStore|Any CPU.Deploy.0 = Release|Any CPU
		{4FC57032-071A-4E3B-B162-2919FA886BA4}.AppStore|ARM.ActiveCfg = Release|Any CPU
		{4FC57032-071A-4E3B-B162-2919FA886BA4}.AppStore|ARM.Build.0 = Release|Any CPU
		{4FC57032-071A-4E3B-B162-2919FA886BA4}.AppStore|ARM.Deploy.0 = Release|Any CPU
		{4FC57032-071A-4E3B-B162-2919FA886BA4}.AppStore|iPhone.ActiveCfg = Release|Any CPU
		{4FC57032-071A-4E3B-B162-2919FA886BA4}.AppStore|iPhone.Build.0 = Release|Any CPU
		{4FC57032-071A-4E3B-B162-2919FA886BA4}.AppStore|iPhone.Deploy.0 = Release|Any CPU
		{4FC57032-071A-4E3B-B162-2919FA886BA4}.AppStore|iPhoneSimulator.ActiveCfg = Release|Any CPU
		{4FC57032-071A-4E3B-B162-2919FA886BA4}.AppStore|iPhoneSimulator.Build.0 = Release|Any CPU
		{4FC57032-071A-4E3B-B162-2919FA886BA4}.AppStore|iPhoneSimulator.Deploy.0 = Release|Any CPU
		{4FC57032-071A-4E3B-B162-2919FA886BA4}.AppStore|x64.ActiveCfg = Release|Any CPU
		{4FC57032-071A-4E3B-B162-2919FA886BA4}.AppStore|x64.Build.0 = Release|Any CPU
		{4FC57032-071A-4E3B-B162-2919FA886BA4}.AppStore|x64.Deploy.0 = Release|Any CPU
		{4FC57032-071A-4E3B-B162-2919FA886BA4}.AppStore|x86.ActiveCfg = Release|Any CPU
		{4FC57032-071A-4E3B-B162-2919FA886BA4}.AppStore|x86.Build.0 = Release|Any CPU
		{4FC57032-071A-4E3B-B162-2919FA886BA4}.AppStore|x86.Deploy.0 = Release|Any CPU
		{4FC57032-071A-4E3B-B162-2919FA886BA4}.Debug|Any CPU.ActiveCfg = Debug|Any CPU
		{4FC57032-071A-4E3B-B162-2919FA886BA4}.Debug|Any CPU.Build.0 = Debug|Any CPU
		{4FC57032-071A-4E3B-B162-2919FA886BA4}.Debug|Any CPU.Deploy.0 = Debug|Any CPU
		{4FC57032-071A-4E3B-B162-2919FA886BA4}.Debug|ARM.ActiveCfg = Debug|Any CPU
		{4FC57032-071A-4E3B-B162-2919FA886BA4}.Debug|ARM.Build.0 = Debug|Any CPU
		{4FC57032-071A-4E3B-B162-2919FA886BA4}.Debug|ARM.Deploy.0 = Debug|Any CPU
		{4FC57032-071A-4E3B-B162-2919FA886BA4}.Debug|iPhone.ActiveCfg = Debug|Any CPU
		{4FC57032-071A-4E3B-B162-2919FA886BA4}.Debug|iPhone.Build.0 = Debug|Any CPU
		{4FC57032-071A-4E3B-B162-2919FA886BA4}.Debug|iPhone.Deploy.0 = Debug|Any CPU
		{4FC57032-071A-4E3B-B162-2919FA886BA4}.Debug|iPhoneSimulator.ActiveCfg = Debug|Any CPU
		{4FC57032-071A-4E3B-B162-2919FA886BA4}.Debug|iPhoneSimulator.Build.0 = Debug|Any CPU
		{4FC57032-071A-4E3B-B162-2919FA886BA4}.Debug|iPhoneSimulator.Deploy.0 = Debug|Any CPU
		{4FC57032-071A-4E3B-B162-2919FA886BA4}.Debug|x64.ActiveCfg = Debug|Any CPU
		{4FC57032-071A-4E3B-B162-2919FA886BA4}.Debug|x64.Build.0 = Debug|Any CPU
		{4FC57032-071A-4E3B-B162-2919FA886BA4}.Debug|x64.Deploy.0 = Debug|Any CPU
		{4FC57032-071A-4E3B-B162-2919FA886BA4}.Debug|x86.ActiveCfg = Debug|Any CPU
		{4FC57032-071A-4E3B-B162-2919FA886BA4}.Debug|x86.Build.0 = Debug|Any CPU
		{4FC57032-071A-4E3B-B162-2919FA886BA4}.Debug|x86.Deploy.0 = Debug|Any CPU
		{4FC57032-071A-4E3B-B162-2919FA886BA4}.Release|Any CPU.ActiveCfg = Release|Any CPU
		{4FC57032-071A-4E3B-B162-2919FA886BA4}.Release|Any CPU.Build.0 = Release|Any CPU
		{4FC57032-071A-4E3B-B162-2919FA886BA4}.Release|Any CPU.Deploy.0 = Release|Any CPU
		{4FC57032-071A-4E3B-B162-2919FA886BA4}.Release|ARM.ActiveCfg = Release|Any CPU
		{4FC57032-071A-4E3B-B162-2919FA886BA4}.Release|ARM.Build.0 = Release|Any CPU
		{4FC57032-071A-4E3B-B162-2919FA886BA4}.Release|ARM.Deploy.0 = Release|Any CPU
		{4FC57032-071A-4E3B-B162-2919FA886BA4}.Release|iPhone.ActiveCfg = Release|Any CPU
		{4FC57032-071A-4E3B-B162-2919FA886BA4}.Release|iPhone.Build.0 = Release|Any CPU
		{4FC57032-071A-4E3B-B162-2919FA886BA4}.Release|iPhone.Deploy.0 = Release|Any CPU
		{4FC57032-071A-4E3B-B162-2919FA886BA4}.Release|iPhoneSimulator.ActiveCfg = Release|Any CPU
		{4FC57032-071A-4E3B-B162-2919FA886BA4}.Release|iPhoneSimulator.Build.0 = Release|Any CPU
		{4FC57032-071A-4E3B-B162-2919FA886BA4}.Release|iPhoneSimulator.Deploy.0 = Release|Any CPU
		{4FC57032-071A-4E3B-B162-2919FA886BA4}.Release|x64.ActiveCfg = Release|Any CPU
		{4FC57032-071A-4E3B-B162-2919FA886BA4}.Release|x64.Build.0 = Release|Any CPU
		{4FC57032-071A-4E3B-B162-2919FA886BA4}.Release|x64.Deploy.0 = Release|Any CPU
		{4FC57032-071A-4E3B-B162-2919FA886BA4}.Release|x86.ActiveCfg = Release|Any CPU
		{4FC57032-071A-4E3B-B162-2919FA886BA4}.Release|x86.Build.0 = Release|Any CPU
		{4FC57032-071A-4E3B-B162-2919FA886BA4}.Release|x86.Deploy.0 = Release|Any CPU
		{5E12F4DE-3FB6-4E88-902A-ADC3AEBB2D33}.Ad-Hoc|Any CPU.ActiveCfg = Debug|Any CPU
		{5E12F4DE-3FB6-4E88-902A-ADC3AEBB2D33}.Ad-Hoc|Any CPU.Build.0 = Debug|Any CPU
		{5E12F4DE-3FB6-4E88-902A-ADC3AEBB2D33}.Ad-Hoc|Any CPU.Deploy.0 = Debug|Any CPU
		{5E12F4DE-3FB6-4E88-902A-ADC3AEBB2D33}.Ad-Hoc|ARM.ActiveCfg = Debug|Any CPU
		{5E12F4DE-3FB6-4E88-902A-ADC3AEBB2D33}.Ad-Hoc|ARM.Build.0 = Debug|Any CPU
		{5E12F4DE-3FB6-4E88-902A-ADC3AEBB2D33}.Ad-Hoc|ARM.Deploy.0 = Debug|Any CPU
		{5E12F4DE-3FB6-4E88-902A-ADC3AEBB2D33}.Ad-Hoc|iPhone.ActiveCfg = Debug|Any CPU
		{5E12F4DE-3FB6-4E88-902A-ADC3AEBB2D33}.Ad-Hoc|iPhone.Build.0 = Debug|Any CPU
		{5E12F4DE-3FB6-4E88-902A-ADC3AEBB2D33}.Ad-Hoc|iPhone.Deploy.0 = Debug|Any CPU
		{5E12F4DE-3FB6-4E88-902A-ADC3AEBB2D33}.Ad-Hoc|iPhoneSimulator.ActiveCfg = Debug|Any CPU
		{5E12F4DE-3FB6-4E88-902A-ADC3AEBB2D33}.Ad-Hoc|iPhoneSimulator.Build.0 = Debug|Any CPU
		{5E12F4DE-3FB6-4E88-902A-ADC3AEBB2D33}.Ad-Hoc|iPhoneSimulator.Deploy.0 = Debug|Any CPU
		{5E12F4DE-3FB6-4E88-902A-ADC3AEBB2D33}.Ad-Hoc|x64.ActiveCfg = Debug|Any CPU
		{5E12F4DE-3FB6-4E88-902A-ADC3AEBB2D33}.Ad-Hoc|x64.Build.0 = Debug|Any CPU
		{5E12F4DE-3FB6-4E88-902A-ADC3AEBB2D33}.Ad-Hoc|x64.Deploy.0 = Debug|Any CPU
		{5E12F4DE-3FB6-4E88-902A-ADC3AEBB2D33}.Ad-Hoc|x86.ActiveCfg = Debug|Any CPU
		{5E12F4DE-3FB6-4E88-902A-ADC3AEBB2D33}.Ad-Hoc|x86.Build.0 = Debug|Any CPU
		{5E12F4DE-3FB6-4E88-902A-ADC3AEBB2D33}.Ad-Hoc|x86.Deploy.0 = Debug|Any CPU
		{5E12F4DE-3FB6-4E88-902A-ADC3AEBB2D33}.AppStore|Any CPU.ActiveCfg = Debug|Any CPU
		{5E12F4DE-3FB6-4E88-902A-ADC3AEBB2D33}.AppStore|Any CPU.Build.0 = Debug|Any CPU
		{5E12F4DE-3FB6-4E88-902A-ADC3AEBB2D33}.AppStore|Any CPU.Deploy.0 = Debug|Any CPU
		{5E12F4DE-3FB6-4E88-902A-ADC3AEBB2D33}.AppStore|ARM.ActiveCfg = Debug|Any CPU
		{5E12F4DE-3FB6-4E88-902A-ADC3AEBB2D33}.AppStore|ARM.Build.0 = Debug|Any CPU
		{5E12F4DE-3FB6-4E88-902A-ADC3AEBB2D33}.AppStore|ARM.Deploy.0 = Debug|Any CPU
		{5E12F4DE-3FB6-4E88-902A-ADC3AEBB2D33}.AppStore|iPhone.ActiveCfg = Debug|Any CPU
		{5E12F4DE-3FB6-4E88-902A-ADC3AEBB2D33}.AppStore|iPhone.Build.0 = Debug|Any CPU
		{5E12F4DE-3FB6-4E88-902A-ADC3AEBB2D33}.AppStore|iPhone.Deploy.0 = Debug|Any CPU
		{5E12F4DE-3FB6-4E88-902A-ADC3AEBB2D33}.AppStore|iPhoneSimulator.ActiveCfg = Debug|Any CPU
		{5E12F4DE-3FB6-4E88-902A-ADC3AEBB2D33}.AppStore|iPhoneSimulator.Build.0 = Debug|Any CPU
		{5E12F4DE-3FB6-4E88-902A-ADC3AEBB2D33}.AppStore|iPhoneSimulator.Deploy.0 = Debug|Any CPU
		{5E12F4DE-3FB6-4E88-902A-ADC3AEBB2D33}.AppStore|x64.ActiveCfg = Debug|Any CPU
		{5E12F4DE-3FB6-4E88-902A-ADC3AEBB2D33}.AppStore|x64.Build.0 = Debug|Any CPU
		{5E12F4DE-3FB6-4E88-902A-ADC3AEBB2D33}.AppStore|x64.Deploy.0 = Debug|Any CPU
		{5E12F4DE-3FB6-4E88-902A-ADC3AEBB2D33}.AppStore|x86.ActiveCfg = Debug|Any CPU
		{5E12F4DE-3FB6-4E88-902A-ADC3AEBB2D33}.AppStore|x86.Build.0 = Debug|Any CPU
		{5E12F4DE-3FB6-4E88-902A-ADC3AEBB2D33}.AppStore|x86.Deploy.0 = Debug|Any CPU
		{5E12F4DE-3FB6-4E88-902A-ADC3AEBB2D33}.Debug|Any CPU.ActiveCfg = Debug|Any CPU
		{5E12F4DE-3FB6-4E88-902A-ADC3AEBB2D33}.Debug|Any CPU.Build.0 = Debug|Any CPU
		{5E12F4DE-3FB6-4E88-902A-ADC3AEBB2D33}.Debug|Any CPU.Deploy.0 = Debug|Any CPU
		{5E12F4DE-3FB6-4E88-902A-ADC3AEBB2D33}.Debug|ARM.ActiveCfg = Debug|Any CPU
		{5E12F4DE-3FB6-4E88-902A-ADC3AEBB2D33}.Debug|ARM.Build.0 = Debug|Any CPU
		{5E12F4DE-3FB6-4E88-902A-ADC3AEBB2D33}.Debug|ARM.Deploy.0 = Debug|Any CPU
		{5E12F4DE-3FB6-4E88-902A-ADC3AEBB2D33}.Debug|iPhone.ActiveCfg = Debug|Any CPU
		{5E12F4DE-3FB6-4E88-902A-ADC3AEBB2D33}.Debug|iPhone.Build.0 = Debug|Any CPU
		{5E12F4DE-3FB6-4E88-902A-ADC3AEBB2D33}.Debug|iPhone.Deploy.0 = Debug|Any CPU
		{5E12F4DE-3FB6-4E88-902A-ADC3AEBB2D33}.Debug|iPhoneSimulator.ActiveCfg = Debug|Any CPU
		{5E12F4DE-3FB6-4E88-902A-ADC3AEBB2D33}.Debug|iPhoneSimulator.Build.0 = Debug|Any CPU
		{5E12F4DE-3FB6-4E88-902A-ADC3AEBB2D33}.Debug|iPhoneSimulator.Deploy.0 = Debug|Any CPU
		{5E12F4DE-3FB6-4E88-902A-ADC3AEBB2D33}.Debug|x64.ActiveCfg = Debug|Any CPU
		{5E12F4DE-3FB6-4E88-902A-ADC3AEBB2D33}.Debug|x64.Build.0 = Debug|Any CPU
		{5E12F4DE-3FB6-4E88-902A-ADC3AEBB2D33}.Debug|x64.Deploy.0 = Debug|Any CPU
		{5E12F4DE-3FB6-4E88-902A-ADC3AEBB2D33}.Debug|x86.ActiveCfg = Debug|Any CPU
		{5E12F4DE-3FB6-4E88-902A-ADC3AEBB2D33}.Debug|x86.Build.0 = Debug|Any CPU
		{5E12F4DE-3FB6-4E88-902A-ADC3AEBB2D33}.Debug|x86.Deploy.0 = Debug|Any CPU
		{5E12F4DE-3FB6-4E88-902A-ADC3AEBB2D33}.Release|Any CPU.ActiveCfg = Release|Any CPU
		{5E12F4DE-3FB6-4E88-902A-ADC3AEBB2D33}.Release|Any CPU.Build.0 = Release|Any CPU
		{5E12F4DE-3FB6-4E88-902A-ADC3AEBB2D33}.Release|Any CPU.Deploy.0 = Release|Any CPU
		{5E12F4DE-3FB6-4E88-902A-ADC3AEBB2D33}.Release|ARM.ActiveCfg = Release|Any CPU
		{5E12F4DE-3FB6-4E88-902A-ADC3AEBB2D33}.Release|ARM.Build.0 = Release|Any CPU
		{5E12F4DE-3FB6-4E88-902A-ADC3AEBB2D33}.Release|ARM.Deploy.0 = Release|Any CPU
		{5E12F4DE-3FB6-4E88-902A-ADC3AEBB2D33}.Release|iPhone.ActiveCfg = Release|Any CPU
		{5E12F4DE-3FB6-4E88-902A-ADC3AEBB2D33}.Release|iPhone.Build.0 = Release|Any CPU
		{5E12F4DE-3FB6-4E88-902A-ADC3AEBB2D33}.Release|iPhone.Deploy.0 = Release|Any CPU
		{5E12F4DE-3FB6-4E88-902A-ADC3AEBB2D33}.Release|iPhoneSimulator.ActiveCfg = Release|Any CPU
		{5E12F4DE-3FB6-4E88-902A-ADC3AEBB2D33}.Release|iPhoneSimulator.Build.0 = Release|Any CPU
		{5E12F4DE-3FB6-4E88-902A-ADC3AEBB2D33}.Release|iPhoneSimulator.Deploy.0 = Release|Any CPU
		{5E12F4DE-3FB6-4E88-902A-ADC3AEBB2D33}.Release|x64.ActiveCfg = Release|Any CPU
		{5E12F4DE-3FB6-4E88-902A-ADC3AEBB2D33}.Release|x64.Build.0 = Release|Any CPU
		{5E12F4DE-3FB6-4E88-902A-ADC3AEBB2D33}.Release|x64.Deploy.0 = Release|Any CPU
		{5E12F4DE-3FB6-4E88-902A-ADC3AEBB2D33}.Release|x86.ActiveCfg = Release|Any CPU
		{5E12F4DE-3FB6-4E88-902A-ADC3AEBB2D33}.Release|x86.Build.0 = Release|Any CPU
		{5E12F4DE-3FB6-4E88-902A-ADC3AEBB2D33}.Release|x86.Deploy.0 = Release|Any CPU
	EndGlobalSection
	GlobalSection(SolutionProperties) = preSolution
		HideSolutionNode = FALSE
	EndGlobalSection
	GlobalSection(ExtensibilityGlobals) = postSolution
		SolutionGuid = {5C19AFE9-EF1A-4BC3-9EEB-4189F95D713C}
	EndGlobalSection
EndGlobal
