
Microsoft Visual Studio Solution File, Format Version 12.00
# Visual Studio Version 16
VisualStudioVersion = 16.0.28917.182
MinimumVisualStudioVersion = 10.0.40219.1
Project("{FAE04EC0-301F-11D3-BF4B-00C04F79EFBC}") = "NoShellPerformance.Android", "NoShellPerformance\NoShellPerformance.Android\NoShellPerformance.Android.csproj", "{08F2E514-33F1-47FA-BF28-756EB13856F2}"
EndProject
Project("{FAE04EC0-301F-11D3-BF4B-00C04F79EFBC}") = "NoShellPerformance.iOS", "NoShellPerformance\NoShellPerformance.iOS\NoShellPerformance.iOS.csproj", "{71F206F6-33B4-4FEA-8FEC-577B723A1DBB}"
EndProject
Project("{FAE04EC0-301F-11D3-BF4B-00C04F79EFBC}") = "NoShellPerformance", "NoShellPerformance\NoShellPerformance\NoShellPerformance.csproj", "{1646EFFA-2DEF-4ED7-97E5-A0F19CC64A7B}"
EndProject
Global
	GlobalSection(SolutionConfigurationPlatforms) = preSolution
		Debug|Any CPU = Debug|Any CPU
		Debug|iPhone = Debug|iPhone
		Debug|iPhoneSimulator = Debug|iPhoneSimulator
		Release|Any CPU = Release|Any CPU
		Release|iPhone = Release|iPhone
		Release|iPhoneSimulator = Release|iPhoneSimulator
	EndGlobalSection
	GlobalSection(ProjectConfigurationPlatforms) = postSolution
		{08F2E514-33F1-47FA-BF28-756EB13856F2}.Debug|Any CPU.ActiveCfg = Debug|Any CPU
		{08F2E514-33F1-47FA-BF28-756EB13856F2}.Debug|Any CPU.Build.0 = Debug|Any CPU
		{08F2E514-33F1-47FA-BF28-756EB13856F2}.Debug|Any CPU.Deploy.0 = Debug|Any CPU
		{08F2E514-33F1-47FA-BF28-756EB13856F2}.Debug|iPhone.ActiveCfg = Debug|Any CPU
		{08F2E514-33F1-47FA-BF28-756EB13856F2}.Debug|iPhone.Build.0 = Debug|Any CPU
		{08F2E514-33F1-47FA-BF28-756EB13856F2}.Debug|iPhone.Deploy.0 = Debug|Any CPU
		{08F2E514-33F1-47FA-BF28-756EB13856F2}.Debug|iPhoneSimulator.ActiveCfg = Debug|Any CPU
		{08F2E514-33F1-47FA-BF28-756EB13856F2}.Debug|iPhoneSimulator.Build.0 = Debug|Any CPU
		{08F2E514-33F1-47FA-BF28-756EB13856F2}.Debug|iPhoneSimulator.Deploy.0 = Debug|Any CPU
		{08F2E514-33F1-47FA-BF28-756EB13856F2}.Release|Any CPU.ActiveCfg = Release|Any CPU
		{08F2E514-33F1-47FA-BF28-756EB13856F2}.Release|Any CPU.Build.0 = Release|Any CPU
		{08F2E514-33F1-47FA-BF28-756EB13856F2}.Release|Any CPU.Deploy.0 = Release|Any CPU
		{08F2E514-33F1-47FA-BF28-756EB13856F2}.Release|iPhone.ActiveCfg = Release|Any CPU
		{08F2E514-33F1-47FA-BF28-756EB13856F2}.Release|iPhone.Build.0 = Release|Any CPU
		{08F2E514-33F1-47FA-BF28-756EB13856F2}.Release|iPhone.Deploy.0 = Release|Any CPU
		{08F2E514-33F1-47FA-BF28-756EB13856F2}.Release|iPhoneSimulator.ActiveCfg = Release|Any CPU
		{08F2E514-33F1-47FA-BF28-756EB13856F2}.Release|iPhoneSimulator.Build.0 = Release|Any CPU
		{08F2E514-33F1-47FA-BF28-756EB13856F2}.Release|iPhoneSimulator.Deploy.0 = Release|Any CPU
		{71F206F6-33B4-4FEA-8FEC-577B723A1DBB}.Debug|Any CPU.ActiveCfg = Debug|iPhoneSimulator
		{71F206F6-33B4-4FEA-8FEC-577B723A1DBB}.Debug|Any CPU.Build.0 = Debug|iPhoneSimulator
		{71F206F6-33B4-4FEA-8FEC-577B723A1DBB}.Debug|Any CPU.Deploy.0 = Debug|iPhoneSimulator
		{71F206F6-33B4-4FEA-8FEC-577B723A1DBB}.Debug|iPhone.ActiveCfg = Debug|iPhone
		{71F206F6-33B4-4FEA-8FEC-577B723A1DBB}.Debug|iPhone.Build.0 = Debug|iPhone
		{71F206F6-33B4-4FEA-8FEC-577B723A1DBB}.Debug|iPhone.Deploy.0 = Debug|iPhone
		{71F206F6-33B4-4FEA-8FEC-577B723A1DBB}.Debug|iPhoneSimulator.ActiveCfg = Debug|iPhoneSimulator
		{71F206F6-33B4-4FEA-8FEC-577B723A1DBB}.Debug|iPhoneSimulator.Build.0 = Debug|iPhoneSimulator
		{71F206F6-33B4-4FEA-8FEC-577B723A1DBB}.Debug|iPhoneSimulator.Deploy.0 = Debug|iPhoneSimulator
		{71F206F6-33B4-4FEA-8FEC-577B723A1DBB}.Release|Any CPU.ActiveCfg = Release|iPhone
		{71F206F6-33B4-4FEA-8FEC-577B723A1DBB}.Release|Any CPU.Build.0 = Release|iPhone
		{71F206F6-33B4-4FEA-8FEC-577B723A1DBB}.Release|Any CPU.Deploy.0 = Release|iPhone
		{71F206F6-33B4-4FEA-8FEC-577B723A1DBB}.Release|iPhone.ActiveCfg = Release|iPhone
		{71F206F6-33B4-4FEA-8FEC-577B723A1DBB}.Release|iPhone.Build.0 = Release|iPhone
		{71F206F6-33B4-4FEA-8FEC-577B723A1DBB}.Release|iPhone.Deploy.0 = Release|iPhone
		{71F206F6-33B4-4FEA-8FEC-577B723A1DBB}.Release|iPhoneSimulator.ActiveCfg = Release|iPhoneSimulator
		{71F206F6-33B4-4FEA-8FEC-577B723A1DBB}.Release|iPhoneSimulator.Build.0 = Release|iPhoneSimulator
		{71F206F6-33B4-4FEA-8FEC-577B723A1DBB}.Release|iPhoneSimulator.Deploy.0 = Release|iPhoneSimulator
		{1646EFFA-2DEF-4ED7-97E5-A0F19CC64A7B}.Debug|Any CPU.ActiveCfg = Debug|Any CPU
		{1646EFFA-2DEF-4ED7-97E5-A0F19CC64A7B}.Debug|Any CPU.Build.0 = Debug|Any CPU
		{1646EFFA-2DEF-4ED7-97E5-A0F19CC64A7B}.Debug|Any CPU.Deploy.0 = Debug|Any CPU
		{1646EFFA-2DEF-4ED7-97E5-A0F19CC64A7B}.Debug|iPhone.ActiveCfg = Debug|Any CPU
		{1646EFFA-2DEF-4ED7-97E5-A0F19CC64A7B}.Debug|iPhone.Build.0 = Debug|Any CPU
		{1646EFFA-2DEF-4ED7-97E5-A0F19CC64A7B}.Debug|iPhone.Deploy.0 = Debug|Any CPU
		{1646EFFA-2DEF-4ED7-97E5-A0F19CC64A7B}.Debug|iPhoneSimulator.ActiveCfg = Debug|Any CPU
		{1646EFFA-2DEF-4ED7-97E5-A0F19CC64A7B}.Debug|iPhoneSimulator.Build.0 = Debug|Any CPU
		{1646EFFA-2DEF-4ED7-97E5-A0F19CC64A7B}.Debug|iPhoneSimulator.Deploy.0 = Debug|Any CPU
		{1646EFFA-2DEF-4ED7-97E5-A0F19CC64A7B}.Release|Any CPU.ActiveCfg = Release|Any CPU
		{1646EFFA-2DEF-4ED7-97E5-A0F19CC64A7B}.Release|Any CPU.Build.0 = Release|Any CPU
		{1646EFFA-2DEF-4ED7-97E5-A0F19CC64A7B}.Release|Any CPU.Deploy.0 = Release|Any CPU
		{1646EFFA-2DEF-4ED7-97E5-A0F19CC64A7B}.Release|iPhone.ActiveCfg = Release|Any CPU
		{1646EFFA-2DEF-4ED7-97E5-A0F19CC64A7B}.Release|iPhone.Build.0 = Release|Any CPU
		{1646EFFA-2DEF-4ED7-97E5-A0F19CC64A7B}.Release|iPhone.Deploy.0 = Release|Any CPU
		{1646EFFA-2DEF-4ED7-97E5-A0F19CC64A7B}.Release|iPhoneSimulator.ActiveCfg = Release|Any CPU
		{1646EFFA-2DEF-4ED7-97E5-A0F19CC64A7B}.Release|iPhoneSimulator.Build.0 = Release|Any CPU
		{1646EFFA-2DEF-4ED7-97E5-A0F19CC64A7B}.Release|iPhoneSimulator.Deploy.0 = Release|Any CPU
	EndGlobalSection
	GlobalSection(SolutionProperties) = preSolution
		HideSolutionNode = FALSE
	EndGlobalSection
	GlobalSection(ExtensibilityGlobals) = postSolution
		SolutionGuid = {8EFABB83-53C9-4481-9E23-4822548EAF09}
	EndGlobalSection
EndGlobal
