
Microsoft Visual Studio Solution File, Format Version 12.00
# Visual Studio 15
VisualStudioVersion = 15.0.28307.645
MinimumVisualStudioVersion = 10.0.40219.1
Project("{FAE04EC0-301F-11D3-BF4B-00C04F79EFBC}") = "VisualPerformance.Android", "VisualPerformance\VisualPerformance.Android\VisualPerformance.Android.csproj", "{0EA8A4FF-69BD-4CD0-A793-04DFE6A9486B}"
EndProject
Project("{FAE04EC0-301F-11D3-BF4B-00C04F79EFBC}") = "VisualPerformance.iOS", "VisualPerformance\VisualPerformance.iOS\VisualPerformance.iOS.csproj", "{85F1A158-375C-4F07-9C3A-C8FEC9DE0384}"
EndProject
Project("{FAE04EC0-301F-11D3-BF4B-00C04F79EFBC}") = "VisualPerformance", "VisualPerformance\VisualPerformance\VisualPerformance.csproj", "{5AA03230-5C60-4743-9D77-A97146F56090}"
EndProject
Global
	GlobalSection(SolutionConfigurationPlatforms) = preSolution
		Ad-Hoc|Any CPU = Ad-Hoc|Any CPU
		Ad-Hoc|iPhone = Ad-Hoc|iPhone
		Ad-Hoc|iPhoneSimulator = Ad-Hoc|iPhoneSimulator
		AppStore|Any CPU = AppStore|Any CPU
		AppStore|iPhone = AppStore|iPhone
		AppStore|iPhoneSimulator = AppStore|iPhoneSimulator
		Debug|Any CPU = Debug|Any CPU
		Debug|iPhone = Debug|iPhone
		Debug|iPhoneSimulator = Debug|iPhoneSimulator
		Release|Any CPU = Release|Any CPU
		Release|iPhone = Release|iPhone
		Release|iPhoneSimulator = Release|iPhoneSimulator
	EndGlobalSection
	GlobalSection(ProjectConfigurationPlatforms) = postSolution
		{0EA8A4FF-69BD-4CD0-A793-04DFE6A9486B}.Ad-Hoc|Any CPU.ActiveCfg = Release|Any CPU
		{0EA8A4FF-69BD-4CD0-A793-04DFE6A9486B}.Ad-Hoc|Any CPU.Build.0 = Release|Any CPU
		{0EA8A4FF-69BD-4CD0-A793-04DFE6A9486B}.Ad-Hoc|Any CPU.Deploy.0 = Release|Any CPU
		{0EA8A4FF-69BD-4CD0-A793-04DFE6A9486B}.Ad-Hoc|iPhone.ActiveCfg = Release|Any CPU
		{0EA8A4FF-69BD-4CD0-A793-04DFE6A9486B}.Ad-Hoc|iPhone.Build.0 = Release|Any CPU
		{0EA8A4FF-69BD-4CD0-A793-04DFE6A9486B}.Ad-Hoc|iPhone.Deploy.0 = Release|Any CPU
		{0EA8A4FF-69BD-4CD0-A793-04DFE6A9486B}.Ad-Hoc|iPhoneSimulator.ActiveCfg = Release|Any CPU
		{0EA8A4FF-69BD-4CD0-A793-04DFE6A9486B}.Ad-Hoc|iPhoneSimulator.Build.0 = Release|Any CPU
		{0EA8A4FF-69BD-4CD0-A793-04DFE6A9486B}.Ad-Hoc|iPhoneSimulator.Deploy.0 = Release|Any CPU
		{0EA8A4FF-69BD-4CD0-A793-04DFE6A9486B}.AppStore|Any CPU.ActiveCfg = Release|Any CPU
		{0EA8A4FF-69BD-4CD0-A793-04DFE6A9486B}.AppStore|Any CPU.Build.0 = Release|Any CPU
		{0EA8A4FF-69BD-4CD0-A793-04DFE6A9486B}.AppStore|Any CPU.Deploy.0 = Release|Any CPU
		{0EA8A4FF-69BD-4CD0-A793-04DFE6A9486B}.AppStore|iPhone.ActiveCfg = Release|Any CPU
		{0EA8A4FF-69BD-4CD0-A793-04DFE6A9486B}.AppStore|iPhone.Build.0 = Release|Any CPU
		{0EA8A4FF-69BD-4CD0-A793-04DFE6A9486B}.AppStore|iPhone.Deploy.0 = Release|Any CPU
		{0EA8A4FF-69BD-4CD0-A793-04DFE6A9486B}.AppStore|iPhoneSimulator.ActiveCfg = Release|Any CPU
		{0EA8A4FF-69BD-4CD0-A793-04DFE6A9486B}.AppStore|iPhoneSimulator.Build.0 = Release|Any CPU
		{0EA8A4FF-69BD-4CD0-A793-04DFE6A9486B}.AppStore|iPhoneSimulator.Deploy.0 = Release|Any CPU
		{0EA8A4FF-69BD-4CD0-A793-04DFE6A9486B}.Debug|Any CPU.ActiveCfg = Debug|Any CPU
		{0EA8A4FF-69BD-4CD0-A793-04DFE6A9486B}.Debug|Any CPU.Build.0 = Debug|Any CPU
		{0EA8A4FF-69BD-4CD0-A793-04DFE6A9486B}.Debug|Any CPU.Deploy.0 = Debug|Any CPU
		{0EA8A4FF-69BD-4CD0-A793-04DFE6A9486B}.Debug|iPhone.ActiveCfg = Debug|Any CPU
		{0EA8A4FF-69BD-4CD0-A793-04DFE6A9486B}.Debug|iPhone.Build.0 = Debug|Any CPU
		{0EA8A4FF-69BD-4CD0-A793-04DFE6A9486B}.Debug|iPhone.Deploy.0 = Debug|Any CPU
		{0EA8A4FF-69BD-4CD0-A793-04DFE6A9486B}.Debug|iPhoneSimulator.ActiveCfg = Debug|Any CPU
		{0EA8A4FF-69BD-4CD0-A793-04DFE6A9486B}.Debug|iPhoneSimulator.Build.0 = Debug|Any CPU
		{0EA8A4FF-69BD-4CD0-A793-04DFE6A9486B}.Debug|iPhoneSimulator.Deploy.0 = Debug|Any CPU
		{0EA8A4FF-69BD-4CD0-A793-04DFE6A9486B}.Release|Any CPU.ActiveCfg = Release|Any CPU
		{0EA8A4FF-69BD-4CD0-A793-04DFE6A9486B}.Release|Any CPU.Build.0 = Release|Any CPU
		{0EA8A4FF-69BD-4CD0-A793-04DFE6A9486B}.Release|Any CPU.Deploy.0 = Release|Any CPU
		{0EA8A4FF-69BD-4CD0-A793-04DFE6A9486B}.Release|iPhone.ActiveCfg = Release|Any CPU
		{0EA8A4FF-69BD-4CD0-A793-04DFE6A9486B}.Release|iPhone.Build.0 = Release|Any CPU
		{0EA8A4FF-69BD-4CD0-A793-04DFE6A9486B}.Release|iPhone.Deploy.0 = Release|Any CPU
		{0EA8A4FF-69BD-4CD0-A793-04DFE6A9486B}.Release|iPhoneSimulator.ActiveCfg = Release|Any CPU
		{0EA8A4FF-69BD-4CD0-A793-04DFE6A9486B}.Release|iPhoneSimulator.Build.0 = Release|Any CPU
		{0EA8A4FF-69BD-4CD0-A793-04DFE6A9486B}.Release|iPhoneSimulator.Deploy.0 = Release|Any CPU
		{85F1A158-375C-4F07-9C3A-C8FEC9DE0384}.Ad-Hoc|Any CPU.ActiveCfg = Ad-Hoc|iPhone
		{85F1A158-375C-4F07-9C3A-C8FEC9DE0384}.Ad-Hoc|Any CPU.Build.0 = Ad-Hoc|iPhone
		{85F1A158-375C-4F07-9C3A-C8FEC9DE0384}.Ad-Hoc|Any CPU.Deploy.0 = Ad-Hoc|iPhone
		{85F1A158-375C-4F07-9C3A-C8FEC9DE0384}.Ad-Hoc|iPhone.ActiveCfg = Ad-Hoc|iPhone
		{85F1A158-375C-4F07-9C3A-C8FEC9DE0384}.Ad-Hoc|iPhone.Build.0 = Ad-Hoc|iPhone
		{85F1A158-375C-4F07-9C3A-C8FEC9DE0384}.Ad-Hoc|iPhone.Deploy.0 = Ad-Hoc|iPhone
		{85F1A158-375C-4F07-9C3A-C8FEC9DE0384}.Ad-Hoc|iPhoneSimulator.ActiveCfg = Ad-Hoc|iPhoneSimulator
		{85F1A158-375C-4F07-9C3A-C8FEC9DE0384}.Ad-Hoc|iPhoneSimulator.Build.0 = Ad-Hoc|iPhoneSimulator
		{85F1A158-375C-4F07-9C3A-C8FEC9DE0384}.Ad-Hoc|iPhoneSimulator.Deploy.0 = Ad-Hoc|iPhoneSimulator
		{85F1A158-375C-4F07-9C3A-C8FEC9DE0384}.AppStore|Any CPU.ActiveCfg = AppStore|iPhone
		{85F1A158-375C-4F07-9C3A-C8FEC9DE0384}.AppStore|Any CPU.Build.0 = AppStore|iPhone
		{85F1A158-375C-4F07-9C3A-C8FEC9DE0384}.AppStore|Any CPU.Deploy.0 = AppStore|iPhone
		{85F1A158-375C-4F07-9C3A-C8FEC9DE0384}.AppStore|iPhone.ActiveCfg = AppStore|iPhone
		{85F1A158-375C-4F07-9C3A-C8FEC9DE0384}.AppStore|iPhone.Build.0 = AppStore|iPhone
		{85F1A158-375C-4F07-9C3A-C8FEC9DE0384}.AppStore|iPhone.Deploy.0 = AppStore|iPhone
		{85F1A158-375C-4F07-9C3A-C8FEC9DE0384}.AppStore|iPhoneSimulator.ActiveCfg = AppStore|iPhoneSimulator
		{85F1A158-375C-4F07-9C3A-C8FEC9DE0384}.AppStore|iPhoneSimulator.Build.0 = AppStore|iPhoneSimulator
		{85F1A158-375C-4F07-9C3A-C8FEC9DE0384}.AppStore|iPhoneSimulator.Deploy.0 = AppStore|iPhoneSimulator
		{85F1A158-375C-4F07-9C3A-C8FEC9DE0384}.Debug|Any CPU.ActiveCfg = Debug|iPhoneSimulator
		{85F1A158-375C-4F07-9C3A-C8FEC9DE0384}.Debug|Any CPU.Build.0 = Debug|iPhoneSimulator
		{85F1A158-375C-4F07-9C3A-C8FEC9DE0384}.Debug|Any CPU.Deploy.0 = Debug|iPhoneSimulator
		{85F1A158-375C-4F07-9C3A-C8FEC9DE0384}.Debug|iPhone.ActiveCfg = Debug|iPhone
		{85F1A158-375C-4F07-9C3A-C8FEC9DE0384}.Debug|iPhone.Build.0 = Debug|iPhone
		{85F1A158-375C-4F07-9C3A-C8FEC9DE0384}.Debug|iPhone.Deploy.0 = Debug|iPhone
		{85F1A158-375C-4F07-9C3A-C8FEC9DE0384}.Debug|iPhoneSimulator.ActiveCfg = Debug|iPhoneSimulator
		{85F1A158-375C-4F07-9C3A-C8FEC9DE0384}.Debug|iPhoneSimulator.Build.0 = Debug|iPhoneSimulator
		{85F1A158-375C-4F07-9C3A-C8FEC9DE0384}.Debug|iPhoneSimulator.Deploy.0 = Debug|iPhoneSimulator
		{85F1A158-375C-4F07-9C3A-C8FEC9DE0384}.Release|Any CPU.ActiveCfg = Release|iPhone
		{85F1A158-375C-4F07-9C3A-C8FEC9DE0384}.Release|Any CPU.Build.0 = Release|iPhone
		{85F1A158-375C-4F07-9C3A-C8FEC9DE0384}.Release|Any CPU.Deploy.0 = Release|iPhone
		{85F1A158-375C-4F07-9C3A-C8FEC9DE0384}.Release|iPhone.ActiveCfg = Release|iPhone
		{85F1A158-375C-4F07-9C3A-C8FEC9DE0384}.Release|iPhone.Build.0 = Release|iPhone
		{85F1A158-375C-4F07-9C3A-C8FEC9DE0384}.Release|iPhone.Deploy.0 = Release|iPhone
		{85F1A158-375C-4F07-9C3A-C8FEC9DE0384}.Release|iPhoneSimulator.ActiveCfg = Release|iPhoneSimulator
		{85F1A158-375C-4F07-9C3A-C8FEC9DE0384}.Release|iPhoneSimulator.Build.0 = Release|iPhoneSimulator
		{85F1A158-375C-4F07-9C3A-C8FEC9DE0384}.Release|iPhoneSimulator.Deploy.0 = Release|iPhoneSimulator
		{5AA03230-5C60-4743-9D77-A97146F56090}.Ad-Hoc|Any CPU.ActiveCfg = Debug|Any CPU
		{5AA03230-5C60-4743-9D77-A97146F56090}.Ad-Hoc|Any CPU.Build.0 = Debug|Any CPU
		{5AA03230-5C60-4743-9D77-A97146F56090}.Ad-Hoc|Any CPU.Deploy.0 = Debug|Any CPU
		{5AA03230-5C60-4743-9D77-A97146F56090}.Ad-Hoc|iPhone.ActiveCfg = Debug|Any CPU
		{5AA03230-5C60-4743-9D77-A97146F56090}.Ad-Hoc|iPhone.Build.0 = Debug|Any CPU
		{5AA03230-5C60-4743-9D77-A97146F56090}.Ad-Hoc|iPhone.Deploy.0 = Debug|Any CPU
		{5AA03230-5C60-4743-9D77-A97146F56090}.Ad-Hoc|iPhoneSimulator.ActiveCfg = Debug|Any CPU
		{5AA03230-5C60-4743-9D77-A97146F56090}.Ad-Hoc|iPhoneSimulator.Build.0 = Debug|Any CPU
		{5AA03230-5C60-4743-9D77-A97146F56090}.Ad-Hoc|iPhoneSimulator.Deploy.0 = Debug|Any CPU
		{5AA03230-5C60-4743-9D77-A97146F56090}.AppStore|Any CPU.ActiveCfg = Debug|Any CPU
		{5AA03230-5C60-4743-9D77-A97146F56090}.AppStore|Any CPU.Build.0 = Debug|Any CPU
		{5AA03230-5C60-4743-9D77-A97146F56090}.AppStore|Any CPU.Deploy.0 = Debug|Any CPU
		{5AA03230-5C60-4743-9D77-A97146F56090}.AppStore|iPhone.ActiveCfg = Debug|Any CPU
		{5AA03230-5C60-4743-9D77-A97146F56090}.AppStore|iPhone.Build.0 = Debug|Any CPU
		{5AA03230-5C60-4743-9D77-A97146F56090}.AppStore|iPhone.Deploy.0 = Debug|Any CPU
		{5AA03230-5C60-4743-9D77-A97146F56090}.AppStore|iPhoneSimulator.ActiveCfg = Debug|Any CPU
		{5AA03230-5C60-4743-9D77-A97146F56090}.AppStore|iPhoneSimulator.Build.0 = Debug|Any CPU
		{5AA03230-5C60-4743-9D77-A97146F56090}.AppStore|iPhoneSimulator.Deploy.0 = Debug|Any CPU
		{5AA03230-5C60-4743-9D77-A97146F56090}.Debug|Any CPU.ActiveCfg = Debug|Any CPU
		{5AA03230-5C60-4743-9D77-A97146F56090}.Debug|Any CPU.Build.0 = Debug|Any CPU
		{5AA03230-5C60-4743-9D77-A97146F56090}.Debug|Any CPU.Deploy.0 = Debug|Any CPU
		{5AA03230-5C60-4743-9D77-A97146F56090}.Debug|iPhone.ActiveCfg = Debug|Any CPU
		{5AA03230-5C60-4743-9D77-A97146F56090}.Debug|iPhone.Build.0 = Debug|Any CPU
		{5AA03230-5C60-4743-9D77-A97146F56090}.Debug|iPhone.Deploy.0 = Debug|Any CPU
		{5AA03230-5C60-4743-9D77-A97146F56090}.Debug|iPhoneSimulator.ActiveCfg = Debug|Any CPU
		{5AA03230-5C60-4743-9D77-A97146F56090}.Debug|iPhoneSimulator.Build.0 = Debug|Any CPU
		{5AA03230-5C60-4743-9D77-A97146F56090}.Debug|iPhoneSimulator.Deploy.0 = Debug|Any CPU
		{5AA03230-5C60-4743-9D77-A97146F56090}.Release|Any CPU.ActiveCfg = Release|Any CPU
		{5AA03230-5C60-4743-9D77-A97146F56090}.Release|Any CPU.Build.0 = Release|Any CPU
		{5AA03230-5C60-4743-9D77-A97146F56090}.Release|Any CPU.Deploy.0 = Release|Any CPU
		{5AA03230-5C60-4743-9D77-A97146F56090}.Release|iPhone.ActiveCfg = Release|Any CPU
		{5AA03230-5C60-4743-9D77-A97146F56090}.Release|iPhone.Build.0 = Release|Any CPU
		{5AA03230-5C60-4743-9D77-A97146F56090}.Release|iPhone.Deploy.0 = Release|Any CPU
		{5AA03230-5C60-4743-9D77-A97146F56090}.Release|iPhoneSimulator.ActiveCfg = Release|Any CPU
		{5AA03230-5C60-4743-9D77-A97146F56090}.Release|iPhoneSimulator.Build.0 = Release|Any CPU
		{5AA03230-5C60-4743-9D77-A97146F56090}.Release|iPhoneSimulator.Deploy.0 = Release|Any CPU
	EndGlobalSection
	GlobalSection(SolutionProperties) = preSolution
		HideSolutionNode = FALSE
	EndGlobalSection
	GlobalSection(ExtensibilityGlobals) = postSolution
		SolutionGuid = {FD376A8F-4236-453E-AA32-669E5F261379}
	EndGlobalSection
EndGlobal
