
Microsoft Visual Studio Solution File, Format Version 12.00
# Visual Studio 15
VisualStudioVersion = 15.0.28307.572
MinimumVisualStudioVersion = 10.0.40219.1
Project("{FAE04EC0-301F-11D3-BF4B-00C04F79EFBC}") = "ImagePerformance02.Android", "ImagePerformance02\ImagePerformance02.Android\ImagePerformance02.Android.csproj", "{1906BCAB-0362-4901-9B11-BD6F4208CB91}"
EndProject
Project("{FAE04EC0-301F-11D3-BF4B-00C04F79EFBC}") = "ImagePerformance02.iOS", "ImagePerformance02\ImagePerformance02.iOS\ImagePerformance02.iOS.csproj", "{712D37B4-86CF-4BA0-B055-54B1F6738534}"
EndProject
Project("{FAE04EC0-301F-11D3-BF4B-00C04F79EFBC}") = "ImagePerformance02.UWP", "ImagePerformance02\ImagePerformance02.UWP\ImagePerformance02.UWP.csproj", "{1F630B08-4157-4620-91B9-0C810074E77D}"
EndProject
Project("{FAE04EC0-301F-11D3-BF4B-00C04F79EFBC}") = "ImagePerformance02", "ImagePerformance02\ImagePerformance02\ImagePerformance02.csproj", "{2F07A9EA-2E98-4360-BD62-9469406BDE63}"
EndProject
Global
	GlobalSection(SolutionConfigurationPlatforms) = preSolution
		Ad-Hoc|Any CPU = Ad-Hoc|Any CPU
		Ad-Hoc|ARM = Ad-Hoc|ARM
		Ad-Hoc|iPhone = Ad-Hoc|iPhone
		Ad-Hoc|iPhoneSimulator = Ad-Hoc|iPhoneSimulator
		Ad-Hoc|x64 = Ad-Hoc|x64
		Ad-Hoc|x86 = Ad-Hoc|x86
		AppStore|Any CPU = AppStore|Any CPU
		AppStore|ARM = AppStore|ARM
		AppStore|iPhone = AppStore|iPhone
		AppStore|iPhoneSimulator = AppStore|iPhoneSimulator
		AppStore|x64 = AppStore|x64
		AppStore|x86 = AppStore|x86
		Debug|Any CPU = Debug|Any CPU
		Debug|ARM = Debug|ARM
		Debug|iPhone = Debug|iPhone
		Debug|iPhoneSimulator = Debug|iPhoneSimulator
		Debug|x64 = Debug|x64
		Debug|x86 = Debug|x86
		Release|Any CPU = Release|Any CPU
		Release|ARM = Release|ARM
		Release|iPhone = Release|iPhone
		Release|iPhoneSimulator = Release|iPhoneSimulator
		Release|x64 = Release|x64
		Release|x86 = Release|x86
	EndGlobalSection
	GlobalSection(ProjectConfigurationPlatforms) = postSolution
		{1906BCAB-0362-4901-9B11-BD6F4208CB91}.Ad-Hoc|Any CPU.ActiveCfg = Release|Any CPU
		{1906BCAB-0362-4901-9B11-BD6F4208CB91}.Ad-Hoc|Any CPU.Build.0 = Release|Any CPU
		{1906BCAB-0362-4901-9B11-BD6F4208CB91}.Ad-Hoc|Any CPU.Deploy.0 = Release|Any CPU
		{1906BCAB-0362-4901-9B11-BD6F4208CB91}.Ad-Hoc|ARM.ActiveCfg = Release|Any CPU
		{1906BCAB-0362-4901-9B11-BD6F4208CB91}.Ad-Hoc|ARM.Build.0 = Release|Any CPU
		{1906BCAB-0362-4901-9B11-BD6F4208CB91}.Ad-Hoc|ARM.Deploy.0 = Release|Any CPU
		{1906BCAB-0362-4901-9B11-BD6F4208CB91}.Ad-Hoc|iPhone.ActiveCfg = Release|Any CPU
		{1906BCAB-0362-4901-9B11-BD6F4208CB91}.Ad-Hoc|iPhone.Build.0 = Release|Any CPU
		{1906BCAB-0362-4901-9B11-BD6F4208CB91}.Ad-Hoc|iPhone.Deploy.0 = Release|Any CPU
		{1906BCAB-0362-4901-9B11-BD6F4208CB91}.Ad-Hoc|iPhoneSimulator.ActiveCfg = Release|Any CPU
		{1906BCAB-0362-4901-9B11-BD6F4208CB91}.Ad-Hoc|iPhoneSimulator.Build.0 = Release|Any CPU
		{1906BCAB-0362-4901-9B11-BD6F4208CB91}.Ad-Hoc|iPhoneSimulator.Deploy.0 = Release|Any CPU
		{1906BCAB-0362-4901-9B11-BD6F4208CB91}.Ad-Hoc|x64.ActiveCfg = Release|Any CPU
		{1906BCAB-0362-4901-9B11-BD6F4208CB91}.Ad-Hoc|x64.Build.0 = Release|Any CPU
		{1906BCAB-0362-4901-9B11-BD6F4208CB91}.Ad-Hoc|x64.Deploy.0 = Release|Any CPU
		{1906BCAB-0362-4901-9B11-BD6F4208CB91}.Ad-Hoc|x86.ActiveCfg = Release|Any CPU
		{1906BCAB-0362-4901-9B11-BD6F4208CB91}.Ad-Hoc|x86.Build.0 = Release|Any CPU
		{1906BCAB-0362-4901-9B11-BD6F4208CB91}.Ad-Hoc|x86.Deploy.0 = Release|Any CPU
		{1906BCAB-0362-4901-9B11-BD6F4208CB91}.AppStore|Any CPU.ActiveCfg = Release|Any CPU
		{1906BCAB-0362-4901-9B11-BD6F4208CB91}.AppStore|Any CPU.Build.0 = Release|Any CPU
		{1906BCAB-0362-4901-9B11-BD6F4208CB91}.AppStore|Any CPU.Deploy.0 = Release|Any CPU
		{1906BCAB-0362-4901-9B11-BD6F4208CB91}.AppStore|ARM.ActiveCfg = Release|Any CPU
		{1906BCAB-0362-4901-9B11-BD6F4208CB91}.AppStore|ARM.Build.0 = Release|Any CPU
		{1906BCAB-0362-4901-9B11-BD6F4208CB91}.AppStore|ARM.Deploy.0 = Release|Any CPU
		{1906BCAB-0362-4901-9B11-BD6F4208CB91}.AppStore|iPhone.ActiveCfg = Release|Any CPU
		{1906BCAB-0362-4901-9B11-BD6F4208CB91}.AppStore|iPhone.Build.0 = Release|Any CPU
		{1906BCAB-0362-4901-9B11-BD6F4208CB91}.AppStore|iPhone.Deploy.0 = Release|Any CPU
		{1906BCAB-0362-4901-9B11-BD6F4208CB91}.AppStore|iPhoneSimulator.ActiveCfg = Release|Any CPU
		{1906BCAB-0362-4901-9B11-BD6F4208CB91}.AppStore|iPhoneSimulator.Build.0 = Release|Any CPU
		{1906BCAB-0362-4901-9B11-BD6F4208CB91}.AppStore|iPhoneSimulator.Deploy.0 = Release|Any CPU
		{1906BCAB-0362-4901-9B11-BD6F4208CB91}.AppStore|x64.ActiveCfg = Release|Any CPU
		{1906BCAB-0362-4901-9B11-BD6F4208CB91}.AppStore|x64.Build.0 = Release|Any CPU
		{1906BCAB-0362-4901-9B11-BD6F4208CB91}.AppStore|x64.Deploy.0 = Release|Any CPU
		{1906BCAB-0362-4901-9B11-BD6F4208CB91}.AppStore|x86.ActiveCfg = Release|Any CPU
		{1906BCAB-0362-4901-9B11-BD6F4208CB91}.AppStore|x86.Build.0 = Release|Any CPU
		{1906BCAB-0362-4901-9B11-BD6F4208CB91}.AppStore|x86.Deploy.0 = Release|Any CPU
		{1906BCAB-0362-4901-9B11-BD6F4208CB91}.Debug|Any CPU.ActiveCfg = Debug|Any CPU
		{1906BCAB-0362-4901-9B11-BD6F4208CB91}.Debug|Any CPU.Build.0 = Debug|Any CPU
		{1906BCAB-0362-4901-9B11-BD6F4208CB91}.Debug|Any CPU.Deploy.0 = Debug|Any CPU
		{1906BCAB-0362-4901-9B11-BD6F4208CB91}.Debug|ARM.ActiveCfg = Debug|Any CPU
		{1906BCAB-0362-4901-9B11-BD6F4208CB91}.Debug|ARM.Build.0 = Debug|Any CPU
		{1906BCAB-0362-4901-9B11-BD6F4208CB91}.Debug|ARM.Deploy.0 = Debug|Any CPU
		{1906BCAB-0362-4901-9B11-BD6F4208CB91}.Debug|iPhone.ActiveCfg = Debug|Any CPU
		{1906BCAB-0362-4901-9B11-BD6F4208CB91}.Debug|iPhone.Build.0 = Debug|Any CPU
		{1906BCAB-0362-4901-9B11-BD6F4208CB91}.Debug|iPhone.Deploy.0 = Debug|Any CPU
		{1906BCAB-0362-4901-9B11-BD6F4208CB91}.Debug|iPhoneSimulator.ActiveCfg = Debug|Any CPU
		{1906BCAB-0362-4901-9B11-BD6F4208CB91}.Debug|iPhoneSimulator.Build.0 = Debug|Any CPU
		{1906BCAB-0362-4901-9B11-BD6F4208CB91}.Debug|iPhoneSimulator.Deploy.0 = Debug|Any CPU
		{1906BCAB-0362-4901-9B11-BD6F4208CB91}.Debug|x64.ActiveCfg = Debug|Any CPU
		{1906BCAB-0362-4901-9B11-BD6F4208CB91}.Debug|x64.Build.0 = Debug|Any CPU
		{1906BCAB-0362-4901-9B11-BD6F4208CB91}.Debug|x64.Deploy.0 = Debug|Any CPU
		{1906BCAB-0362-4901-9B11-BD6F4208CB91}.Debug|x86.ActiveCfg = Debug|Any CPU
		{1906BCAB-0362-4901-9B11-BD6F4208CB91}.Debug|x86.Build.0 = Debug|Any CPU
		{1906BCAB-0362-4901-9B11-BD6F4208CB91}.Debug|x86.Deploy.0 = Debug|Any CPU
		{1906BCAB-0362-4901-9B11-BD6F4208CB91}.Release|Any CPU.ActiveCfg = Release|Any CPU
		{1906BCAB-0362-4901-9B11-BD6F4208CB91}.Release|Any CPU.Build.0 = Release|Any CPU
		{1906BCAB-0362-4901-9B11-BD6F4208CB91}.Release|Any CPU.Deploy.0 = Release|Any CPU
		{1906BCAB-0362-4901-9B11-BD6F4208CB91}.Release|ARM.ActiveCfg = Release|Any CPU
		{1906BCAB-0362-4901-9B11-BD6F4208CB91}.Release|ARM.Build.0 = Release|Any CPU
		{1906BCAB-0362-4901-9B11-BD6F4208CB91}.Release|ARM.Deploy.0 = Release|Any CPU
		{1906BCAB-0362-4901-9B11-BD6F4208CB91}.Release|iPhone.ActiveCfg = Release|Any CPU
		{1906BCAB-0362-4901-9B11-BD6F4208CB91}.Release|iPhone.Build.0 = Release|Any CPU
		{1906BCAB-0362-4901-9B11-BD6F4208CB91}.Release|iPhone.Deploy.0 = Release|Any CPU
		{1906BCAB-0362-4901-9B11-BD6F4208CB91}.Release|iPhoneSimulator.ActiveCfg = Release|Any CPU
		{1906BCAB-0362-4901-9B11-BD6F4208CB91}.Release|iPhoneSimulator.Build.0 = Release|Any CPU
		{1906BCAB-0362-4901-9B11-BD6F4208CB91}.Release|iPhoneSimulator.Deploy.0 = Release|Any CPU
		{1906BCAB-0362-4901-9B11-BD6F4208CB91}.Release|x64.ActiveCfg = Release|Any CPU
		{1906BCAB-0362-4901-9B11-BD6F4208CB91}.Release|x64.Build.0 = Release|Any CPU
		{1906BCAB-0362-4901-9B11-BD6F4208CB91}.Release|x64.Deploy.0 = Release|Any CPU
		{1906BCAB-0362-4901-9B11-BD6F4208CB91}.Release|x86.ActiveCfg = Release|Any CPU
		{1906BCAB-0362-4901-9B11-BD6F4208CB91}.Release|x86.Build.0 = Release|Any CPU
		{1906BCAB-0362-4901-9B11-BD6F4208CB91}.Release|x86.Deploy.0 = Release|Any CPU
		{712D37B4-86CF-4BA0-B055-54B1F6738534}.Ad-Hoc|Any CPU.ActiveCfg = Ad-Hoc|iPhone
		{712D37B4-86CF-4BA0-B055-54B1F6738534}.Ad-Hoc|Any CPU.Build.0 = Ad-Hoc|iPhone
		{712D37B4-86CF-4BA0-B055-54B1F6738534}.Ad-Hoc|Any CPU.Deploy.0 = Ad-Hoc|iPhone
		{712D37B4-86CF-4BA0-B055-54B1F6738534}.Ad-Hoc|ARM.ActiveCfg = Ad-Hoc|iPhone
		{712D37B4-86CF-4BA0-B055-54B1F6738534}.Ad-Hoc|ARM.Build.0 = Ad-Hoc|iPhone
		{712D37B4-86CF-4BA0-B055-54B1F6738534}.Ad-Hoc|ARM.Deploy.0 = Ad-Hoc|iPhone
		{712D37B4-86CF-4BA0-B055-54B1F6738534}.Ad-Hoc|iPhone.ActiveCfg = Ad-Hoc|iPhone
		{712D37B4-86CF-4BA0-B055-54B1F6738534}.Ad-Hoc|iPhone.Build.0 = Ad-Hoc|iPhone
		{712D37B4-86CF-4BA0-B055-54B1F6738534}.Ad-Hoc|iPhone.Deploy.0 = Ad-Hoc|iPhone
		{712D37B4-86CF-4BA0-B055-54B1F6738534}.Ad-Hoc|iPhoneSimulator.ActiveCfg = Ad-Hoc|iPhoneSimulator
		{712D37B4-86CF-4BA0-B055-54B1F6738534}.Ad-Hoc|iPhoneSimulator.Build.0 = Ad-Hoc|iPhoneSimulator
		{712D37B4-86CF-4BA0-B055-54B1F6738534}.Ad-Hoc|iPhoneSimulator.Deploy.0 = Ad-Hoc|iPhoneSimulator
		{712D37B4-86CF-4BA0-B055-54B1F6738534}.Ad-Hoc|x64.ActiveCfg = Ad-Hoc|iPhone
		{712D37B4-86CF-4BA0-B055-54B1F6738534}.Ad-Hoc|x64.Build.0 = Ad-Hoc|iPhone
		{712D37B4-86CF-4BA0-B055-54B1F6738534}.Ad-Hoc|x64.Deploy.0 = Ad-Hoc|iPhone
		{712D37B4-86CF-4BA0-B055-54B1F6738534}.Ad-Hoc|x86.ActiveCfg = Ad-Hoc|iPhone
		{712D37B4-86CF-4BA0-B055-54B1F6738534}.Ad-Hoc|x86.Build.0 = Ad-Hoc|iPhone
		{712D37B4-86CF-4BA0-B055-54B1F6738534}.Ad-Hoc|x86.Deploy.0 = Ad-Hoc|iPhone
		{712D37B4-86CF-4BA0-B055-54B1F6738534}.AppStore|Any CPU.ActiveCfg = AppStore|iPhone
		{712D37B4-86CF-4BA0-B055-54B1F6738534}.AppStore|Any CPU.Build.0 = AppStore|iPhone
		{712D37B4-86CF-4BA0-B055-54B1F6738534}.AppStore|Any CPU.Deploy.0 = AppStore|iPhone
		{712D37B4-86CF-4BA0-B055-54B1F6738534}.AppStore|ARM.ActiveCfg = AppStore|iPhone
		{712D37B4-86CF-4BA0-B055-54B1F6738534}.AppStore|ARM.Build.0 = AppStore|iPhone
		{712D37B4-86CF-4BA0-B055-54B1F6738534}.AppStore|ARM.Deploy.0 = AppStore|iPhone
		{712D37B4-86CF-4BA0-B055-54B1F6738534}.AppStore|iPhone.ActiveCfg = AppStore|iPhone
		{712D37B4-86CF-4BA0-B055-54B1F6738534}.AppStore|iPhone.Build.0 = AppStore|iPhone
		{712D37B4-86CF-4BA0-B055-54B1F6738534}.AppStore|iPhone.Deploy.0 = AppStore|iPhone
		{712D37B4-86CF-4BA0-B055-54B1F6738534}.AppStore|iPhoneSimulator.ActiveCfg = AppStore|iPhoneSimulator
		{712D37B4-86CF-4BA0-B055-54B1F6738534}.AppStore|iPhoneSimulator.Build.0 = AppStore|iPhoneSimulator
		{712D37B4-86CF-4BA0-B055-54B1F6738534}.AppStore|iPhoneSimulator.Deploy.0 = AppStore|iPhoneSimulator
		{712D37B4-86CF-4BA0-B055-54B1F6738534}.AppStore|x64.ActiveCfg = AppStore|iPhone
		{712D37B4-86CF-4BA0-B055-54B1F6738534}.AppStore|x64.Build.0 = AppStore|iPhone
		{712D37B4-86CF-4BA0-B055-54B1F6738534}.AppStore|x64.Deploy.0 = AppStore|iPhone
		{712D37B4-86CF-4BA0-B055-54B1F6738534}.AppStore|x86.ActiveCfg = AppStore|iPhone
		{712D37B4-86CF-4BA0-B055-54B1F6738534}.AppStore|x86.Build.0 = AppStore|iPhone
		{712D37B4-86CF-4BA0-B055-54B1F6738534}.AppStore|x86.Deploy.0 = AppStore|iPhone
		{712D37B4-86CF-4BA0-B055-54B1F6738534}.Debug|Any CPU.ActiveCfg = Debug|iPhoneSimulator
		{712D37B4-86CF-4BA0-B055-54B1F6738534}.Debug|Any CPU.Build.0 = Debug|iPhoneSimulator
		{712D37B4-86CF-4BA0-B055-54B1F6738534}.Debug|Any CPU.Deploy.0 = Debug|iPhoneSimulator
		{712D37B4-86CF-4BA0-B055-54B1F6738534}.Debug|ARM.ActiveCfg = Debug|iPhone
		{712D37B4-86CF-4BA0-B055-54B1F6738534}.Debug|ARM.Build.0 = Debug|iPhone
		{712D37B4-86CF-4BA0-B055-54B1F6738534}.Debug|ARM.Deploy.0 = Debug|iPhone
		{712D37B4-86CF-4BA0-B055-54B1F6738534}.Debug|iPhone.ActiveCfg = Debug|iPhone
		{712D37B4-86CF-4BA0-B055-54B1F6738534}.Debug|iPhone.Build.0 = Debug|iPhone
		{712D37B4-86CF-4BA0-B055-54B1F6738534}.Debug|iPhone.Deploy.0 = Debug|iPhone
		{712D37B4-86CF-4BA0-B055-54B1F6738534}.Debug|iPhoneSimulator.ActiveCfg = Debug|iPhoneSimulator
		{712D37B4-86CF-4BA0-B055-54B1F6738534}.Debug|iPhoneSimulator.Build.0 = Debug|iPhoneSimulator
		{712D37B4-86CF-4BA0-B055-54B1F6738534}.Debug|iPhoneSimulator.Deploy.0 = Debug|iPhoneSimulator
		{712D37B4-86CF-4BA0-B055-54B1F6738534}.Debug|x64.ActiveCfg = Debug|iPhone
		{712D37B4-86CF-4BA0-B055-54B1F6738534}.Debug|x64.Build.0 = Debug|iPhone
		{712D37B4-86CF-4BA0-B055-54B1F6738534}.Debug|x64.Deploy.0 = Debug|iPhone
		{712D37B4-86CF-4BA0-B055-54B1F6738534}.Debug|x86.ActiveCfg = Debug|iPhone
		{712D37B4-86CF-4BA0-B055-54B1F6738534}.Debug|x86.Build.0 = Debug|iPhone
		{712D37B4-86CF-4BA0-B055-54B1F6738534}.Debug|x86.Deploy.0 = Debug|iPhone
		{712D37B4-86CF-4BA0-B055-54B1F6738534}.Release|Any CPU.ActiveCfg = Release|iPhone
		{712D37B4-86CF-4BA0-B055-54B1F6738534}.Release|Any CPU.Build.0 = Release|iPhone
		{712D37B4-86CF-4BA0-B055-54B1F6738534}.Release|Any CPU.Deploy.0 = Release|iPhone
		{712D37B4-86CF-4BA0-B055-54B1F6738534}.Release|ARM.ActiveCfg = Release|iPhone
		{712D37B4-86CF-4BA0-B055-54B1F6738534}.Release|ARM.Build.0 = Release|iPhone
		{712D37B4-86CF-4BA0-B055-54B1F6738534}.Release|ARM.Deploy.0 = Release|iPhone
		{712D37B4-86CF-4BA0-B055-54B1F6738534}.Release|iPhone.ActiveCfg = Release|iPhone
		{712D37B4-86CF-4BA0-B055-54B1F6738534}.Release|iPhone.Build.0 = Release|iPhone
		{712D37B4-86CF-4BA0-B055-54B1F6738534}.Release|iPhone.Deploy.0 = Release|iPhone
		{712D37B4-86CF-4BA0-B055-54B1F6738534}.Release|iPhoneSimulator.ActiveCfg = Release|iPhoneSimulator
		{712D37B4-86CF-4BA0-B055-54B1F6738534}.Release|iPhoneSimulator.Build.0 = Release|iPhoneSimulator
		{712D37B4-86CF-4BA0-B055-54B1F6738534}.Release|iPhoneSimulator.Deploy.0 = Release|iPhoneSimulator
		{712D37B4-86CF-4BA0-B055-54B1F6738534}.Release|x64.ActiveCfg = Release|iPhone
		{712D37B4-86CF-4BA0-B055-54B1F6738534}.Release|x64.Build.0 = Release|iPhone
		{712D37B4-86CF-4BA0-B055-54B1F6738534}.Release|x64.Deploy.0 = Release|iPhone
		{712D37B4-86CF-4BA0-B055-54B1F6738534}.Release|x86.ActiveCfg = Release|iPhone
		{712D37B4-86CF-4BA0-B055-54B1F6738534}.Release|x86.Build.0 = Release|iPhone
		{712D37B4-86CF-4BA0-B055-54B1F6738534}.Release|x86.Deploy.0 = Release|iPhone
		{1F630B08-4157-4620-91B9-0C810074E77D}.Ad-Hoc|Any CPU.ActiveCfg = Release|x86
		{1F630B08-4157-4620-91B9-0C810074E77D}.Ad-Hoc|Any CPU.Build.0 = Release|x86
		{1F630B08-4157-4620-91B9-0C810074E77D}.Ad-Hoc|Any CPU.Deploy.0 = Release|x86
		{1F630B08-4157-4620-91B9-0C810074E77D}.Ad-Hoc|ARM.ActiveCfg = Release|ARM
		{1F630B08-4157-4620-91B9-0C810074E77D}.Ad-Hoc|ARM.Build.0 = Release|ARM
		{1F630B08-4157-4620-91B9-0C810074E77D}.Ad-Hoc|ARM.Deploy.0 = Release|ARM
		{1F630B08-4157-4620-91B9-0C810074E77D}.Ad-Hoc|iPhone.ActiveCfg = Release|x86
		{1F630B08-4157-4620-91B9-0C810074E77D}.Ad-Hoc|iPhone.Build.0 = Release|x86
		{1F630B08-4157-4620-91B9-0C810074E77D}.Ad-Hoc|iPhone.Deploy.0 = Release|x86
		{1F630B08-4157-4620-91B9-0C810074E77D}.Ad-Hoc|iPhoneSimulator.ActiveCfg = Release|x86
		{1F630B08-4157-4620-91B9-0C810074E77D}.Ad-Hoc|iPhoneSimulator.Build.0 = Release|x86
		{1F630B08-4157-4620-91B9-0C810074E77D}.Ad-Hoc|iPhoneSimulator.Deploy.0 = Release|x86
		{1F630B08-4157-4620-91B9-0C810074E77D}.Ad-Hoc|x64.ActiveCfg = Release|x64
		{1F630B08-4157-4620-91B9-0C810074E77D}.Ad-Hoc|x64.Build.0 = Release|x64
		{1F630B08-4157-4620-91B9-0C810074E77D}.Ad-Hoc|x64.Deploy.0 = Release|x64
		{1F630B08-4157-4620-91B9-0C810074E77D}.Ad-Hoc|x86.ActiveCfg = Release|x86
		{1F630B08-4157-4620-91B9-0C810074E77D}.Ad-Hoc|x86.Build.0 = Release|x86
		{1F630B08-4157-4620-91B9-0C810074E77D}.Ad-Hoc|x86.Deploy.0 = Release|x86
		{1F630B08-4157-4620-91B9-0C810074E77D}.AppStore|Any CPU.ActiveCfg = Release|x86
		{1F630B08-4157-4620-91B9-0C810074E77D}.AppStore|Any CPU.Build.0 = Release|x86
		{1F630B08-4157-4620-91B9-0C810074E77D}.AppStore|Any CPU.Deploy.0 = Release|x86
		{1F630B08-4157-4620-91B9-0C810074E77D}.AppStore|ARM.ActiveCfg = Release|ARM
		{1F630B08-4157-4620-91B9-0C810074E77D}.AppStore|ARM.Build.0 = Release|ARM
		{1F630B08-4157-4620-91B9-0C810074E77D}.AppStore|ARM.Deploy.0 = Release|ARM
		{1F630B08-4157-4620-91B9-0C810074E77D}.AppStore|iPhone.ActiveCfg = Release|x86
		{1F630B08-4157-4620-91B9-0C810074E77D}.AppStore|iPhone.Build.0 = Release|x86
		{1F630B08-4157-4620-91B9-0C810074E77D}.AppStore|iPhone.Deploy.0 = Release|x86
		{1F630B08-4157-4620-91B9-0C810074E77D}.AppStore|iPhoneSimulator.ActiveCfg = Release|x86
		{1F630B08-4157-4620-91B9-0C810074E77D}.AppStore|iPhoneSimulator.Build.0 = Release|x86
		{1F630B08-4157-4620-91B9-0C810074E77D}.AppStore|iPhoneSimulator.Deploy.0 = Release|x86
		{1F630B08-4157-4620-91B9-0C810074E77D}.AppStore|x64.ActiveCfg = Release|x64
		{1F630B08-4157-4620-91B9-0C810074E77D}.AppStore|x64.Build.0 = Release|x64
		{1F630B08-4157-4620-91B9-0C810074E77D}.AppStore|x64.Deploy.0 = Release|x64
		{1F630B08-4157-4620-91B9-0C810074E77D}.AppStore|x86.ActiveCfg = Release|x86
		{1F630B08-4157-4620-91B9-0C810074E77D}.AppStore|x86.Build.0 = Release|x86
		{1F630B08-4157-4620-91B9-0C810074E77D}.AppStore|x86.Deploy.0 = Release|x86
		{1F630B08-4157-4620-91B9-0C810074E77D}.Debug|Any CPU.ActiveCfg = Debug|x86
		{1F630B08-4157-4620-91B9-0C810074E77D}.Debug|Any CPU.Build.0 = Debug|x86
		{1F630B08-4157-4620-91B9-0C810074E77D}.Debug|Any CPU.Deploy.0 = Debug|x86
		{1F630B08-4157-4620-91B9-0C810074E77D}.Debug|ARM.ActiveCfg = Debug|ARM
		{1F630B08-4157-4620-91B9-0C810074E77D}.Debug|ARM.Build.0 = Debug|ARM
		{1F630B08-4157-4620-91B9-0C810074E77D}.Debug|ARM.Deploy.0 = Debug|ARM
		{1F630B08-4157-4620-91B9-0C810074E77D}.Debug|iPhone.ActiveCfg = Debug|x86
		{1F630B08-4157-4620-91B9-0C810074E77D}.Debug|iPhone.Build.0 = Debug|x86
		{1F630B08-4157-4620-91B9-0C810074E77D}.Debug|iPhone.Deploy.0 = Debug|x86
		{1F630B08-4157-4620-91B9-0C810074E77D}.Debug|iPhoneSimulator.ActiveCfg = Debug|x86
		{1F630B08-4157-4620-91B9-0C810074E77D}.Debug|iPhoneSimulator.Build.0 = Debug|x86
		{1F630B08-4157-4620-91B9-0C810074E77D}.Debug|iPhoneSimulator.Deploy.0 = Debug|x86
		{1F630B08-4157-4620-91B9-0C810074E77D}.Debug|x64.ActiveCfg = Debug|x64
		{1F630B08-4157-4620-91B9-0C810074E77D}.Debug|x64.Build.0 = Debug|x64
		{1F630B08-4157-4620-91B9-0C810074E77D}.Debug|x64.Deploy.0 = Debug|x64
		{1F630B08-4157-4620-91B9-0C810074E77D}.Debug|x86.ActiveCfg = Debug|x86
		{1F630B08-4157-4620-91B9-0C810074E77D}.Debug|x86.Build.0 = Debug|x86
		{1F630B08-4157-4620-91B9-0C810074E77D}.Debug|x86.Deploy.0 = Debug|x86
		{1F630B08-4157-4620-91B9-0C810074E77D}.Release|Any CPU.ActiveCfg = Release|x86
		{1F630B08-4157-4620-91B9-0C810074E77D}.Release|Any CPU.Build.0 = Release|x86
		{1F630B08-4157-4620-91B9-0C810074E77D}.Release|Any CPU.Deploy.0 = Release|x86
		{1F630B08-4157-4620-91B9-0C810074E77D}.Release|ARM.ActiveCfg = Release|ARM
		{1F630B08-4157-4620-91B9-0C810074E77D}.Release|ARM.Build.0 = Release|ARM
		{1F630B08-4157-4620-91B9-0C810074E77D}.Release|ARM.Deploy.0 = Release|ARM
		{1F630B08-4157-4620-91B9-0C810074E77D}.Release|iPhone.ActiveCfg = Release|x86
		{1F630B08-4157-4620-91B9-0C810074E77D}.Release|iPhone.Build.0 = Release|x86
		{1F630B08-4157-4620-91B9-0C810074E77D}.Release|iPhone.Deploy.0 = Release|x86
		{1F630B08-4157-4620-91B9-0C810074E77D}.Release|iPhoneSimulator.ActiveCfg = Release|x86
		{1F630B08-4157-4620-91B9-0C810074E77D}.Release|iPhoneSimulator.Build.0 = Release|x86
		{1F630B08-4157-4620-91B9-0C810074E77D}.Release|iPhoneSimulator.Deploy.0 = Release|x86
		{1F630B08-4157-4620-91B9-0C810074E77D}.Release|x64.ActiveCfg = Release|x64
		{1F630B08-4157-4620-91B9-0C810074E77D}.Release|x64.Build.0 = Release|x64
		{1F630B08-4157-4620-91B9-0C810074E77D}.Release|x64.Deploy.0 = Release|x64
		{1F630B08-4157-4620-91B9-0C810074E77D}.Release|x86.ActiveCfg = Release|x86
		{1F630B08-4157-4620-91B9-0C810074E77D}.Release|x86.Build.0 = Release|x86
		{1F630B08-4157-4620-91B9-0C810074E77D}.Release|x86.Deploy.0 = Release|x86
		{2F07A9EA-2E98-4360-BD62-9469406BDE63}.Ad-Hoc|Any CPU.ActiveCfg = Debug|Any CPU
		{2F07A9EA-2E98-4360-BD62-9469406BDE63}.Ad-Hoc|Any CPU.Build.0 = Debug|Any CPU
		{2F07A9EA-2E98-4360-BD62-9469406BDE63}.Ad-Hoc|Any CPU.Deploy.0 = Debug|Any CPU
		{2F07A9EA-2E98-4360-BD62-9469406BDE63}.Ad-Hoc|ARM.ActiveCfg = Debug|Any CPU
		{2F07A9EA-2E98-4360-BD62-9469406BDE63}.Ad-Hoc|ARM.Build.0 = Debug|Any CPU
		{2F07A9EA-2E98-4360-BD62-9469406BDE63}.Ad-Hoc|ARM.Deploy.0 = Debug|Any CPU
		{2F07A9EA-2E98-4360-BD62-9469406BDE63}.Ad-Hoc|iPhone.ActiveCfg = Debug|Any CPU
		{2F07A9EA-2E98-4360-BD62-9469406BDE63}.Ad-Hoc|iPhone.Build.0 = Debug|Any CPU
		{2F07A9EA-2E98-4360-BD62-9469406BDE63}.Ad-Hoc|iPhone.Deploy.0 = Debug|Any CPU
		{2F07A9EA-2E98-4360-BD62-9469406BDE63}.Ad-Hoc|iPhoneSimulator.ActiveCfg = Debug|Any CPU
		{2F07A9EA-2E98-4360-BD62-9469406BDE63}.Ad-Hoc|iPhoneSimulator.Build.0 = Debug|Any CPU
		{2F07A9EA-2E98-4360-BD62-9469406BDE63}.Ad-Hoc|iPhoneSimulator.Deploy.0 = Debug|Any CPU
		{2F07A9EA-2E98-4360-BD62-9469406BDE63}.Ad-Hoc|x64.ActiveCfg = Debug|Any CPU
		{2F07A9EA-2E98-4360-BD62-9469406BDE63}.Ad-Hoc|x64.Build.0 = Debug|Any CPU
		{2F07A9EA-2E98-4360-BD62-9469406BDE63}.Ad-Hoc|x64.Deploy.0 = Debug|Any CPU
		{2F07A9EA-2E98-4360-BD62-9469406BDE63}.Ad-Hoc|x86.ActiveCfg = Debug|Any CPU
		{2F07A9EA-2E98-4360-BD62-9469406BDE63}.Ad-Hoc|x86.Build.0 = Debug|Any CPU
		{2F07A9EA-2E98-4360-BD62-9469406BDE63}.Ad-Hoc|x86.Deploy.0 = Debug|Any CPU
		{2F07A9EA-2E98-4360-BD62-9469406BDE63}.AppStore|Any CPU.ActiveCfg = Debug|Any CPU
		{2F07A9EA-2E98-4360-BD62-9469406BDE63}.AppStore|Any CPU.Build.0 = Debug|Any CPU
		{2F07A9EA-2E98-4360-BD62-9469406BDE63}.AppStore|Any CPU.Deploy.0 = Debug|Any CPU
		{2F07A9EA-2E98-4360-BD62-9469406BDE63}.AppStore|ARM.ActiveCfg = Debug|Any CPU
		{2F07A9EA-2E98-4360-BD62-9469406BDE63}.AppStore|ARM.Build.0 = Debug|Any CPU
		{2F07A9EA-2E98-4360-BD62-9469406BDE63}.AppStore|ARM.Deploy.0 = Debug|Any CPU
		{2F07A9EA-2E98-4360-BD62-9469406BDE63}.AppStore|iPhone.ActiveCfg = Debug|Any CPU
		{2F07A9EA-2E98-4360-BD62-9469406BDE63}.AppStore|iPhone.Build.0 = Debug|Any CPU
		{2F07A9EA-2E98-4360-BD62-9469406BDE63}.AppStore|iPhone.Deploy.0 = Debug|Any CPU
		{2F07A9EA-2E98-4360-BD62-9469406BDE63}.AppStore|iPhoneSimulator.ActiveCfg = Debug|Any CPU
		{2F07A9EA-2E98-4360-BD62-9469406BDE63}.AppStore|iPhoneSimulator.Build.0 = Debug|Any CPU
		{2F07A9EA-2E98-4360-BD62-9469406BDE63}.AppStore|iPhoneSimulator.Deploy.0 = Debug|Any CPU
		{2F07A9EA-2E98-4360-BD62-9469406BDE63}.AppStore|x64.ActiveCfg = Debug|Any CPU
		{2F07A9EA-2E98-4360-BD62-9469406BDE63}.AppStore|x64.Build.0 = Debug|Any CPU
		{2F07A9EA-2E98-4360-BD62-9469406BDE63}.AppStore|x64.Deploy.0 = Debug|Any CPU
		{2F07A9EA-2E98-4360-BD62-9469406BDE63}.AppStore|x86.ActiveCfg = Debug|Any CPU
		{2F07A9EA-2E98-4360-BD62-9469406BDE63}.AppStore|x86.Build.0 = Debug|Any CPU
		{2F07A9EA-2E98-4360-BD62-9469406BDE63}.AppStore|x86.Deploy.0 = Debug|Any CPU
		{2F07A9EA-2E98-4360-BD62-9469406BDE63}.Debug|Any CPU.ActiveCfg = Debug|Any CPU
		{2F07A9EA-2E98-4360-BD62-9469406BDE63}.Debug|Any CPU.Build.0 = Debug|Any CPU
		{2F07A9EA-2E98-4360-BD62-9469406BDE63}.Debug|Any CPU.Deploy.0 = Debug|Any CPU
		{2F07A9EA-2E98-4360-BD62-9469406BDE63}.Debug|ARM.ActiveCfg = Debug|Any CPU
		{2F07A9EA-2E98-4360-BD62-9469406BDE63}.Debug|ARM.Build.0 = Debug|Any CPU
		{2F07A9EA-2E98-4360-BD62-9469406BDE63}.Debug|ARM.Deploy.0 = Debug|Any CPU
		{2F07A9EA-2E98-4360-BD62-9469406BDE63}.Debug|iPhone.ActiveCfg = Debug|Any CPU
		{2F07A9EA-2E98-4360-BD62-9469406BDE63}.Debug|iPhone.Build.0 = Debug|Any CPU
		{2F07A9EA-2E98-4360-BD62-9469406BDE63}.Debug|iPhone.Deploy.0 = Debug|Any CPU
		{2F07A9EA-2E98-4360-BD62-9469406BDE63}.Debug|iPhoneSimulator.ActiveCfg = Debug|Any CPU
		{2F07A9EA-2E98-4360-BD62-9469406BDE63}.Debug|iPhoneSimulator.Build.0 = Debug|Any CPU
		{2F07A9EA-2E98-4360-BD62-9469406BDE63}.Debug|iPhoneSimulator.Deploy.0 = Debug|Any CPU
		{2F07A9EA-2E98-4360-BD62-9469406BDE63}.Debug|x64.ActiveCfg = Debug|Any CPU
		{2F07A9EA-2E98-4360-BD62-9469406BDE63}.Debug|x64.Build.0 = Debug|Any CPU
		{2F07A9EA-2E98-4360-BD62-9469406BDE63}.Debug|x64.Deploy.0 = Debug|Any CPU
		{2F07A9EA-2E98-4360-BD62-9469406BDE63}.Debug|x86.ActiveCfg = Debug|Any CPU
		{2F07A9EA-2E98-4360-BD62-9469406BDE63}.Debug|x86.Build.0 = Debug|Any CPU
		{2F07A9EA-2E98-4360-BD62-9469406BDE63}.Debug|x86.Deploy.0 = Debug|Any CPU
		{2F07A9EA-2E98-4360-BD62-9469406BDE63}.Release|Any CPU.ActiveCfg = Release|Any CPU
		{2F07A9EA-2E98-4360-BD62-9469406BDE63}.Release|Any CPU.Build.0 = Release|Any CPU
		{2F07A9EA-2E98-4360-BD62-9469406BDE63}.Release|Any CPU.Deploy.0 = Release|Any CPU
		{2F07A9EA-2E98-4360-BD62-9469406BDE63}.Release|ARM.ActiveCfg = Release|Any CPU
		{2F07A9EA-2E98-4360-BD62-9469406BDE63}.Release|ARM.Build.0 = Release|Any CPU
		{2F07A9EA-2E98-4360-BD62-9469406BDE63}.Release|ARM.Deploy.0 = Release|Any CPU
		{2F07A9EA-2E98-4360-BD62-9469406BDE63}.Release|iPhone.ActiveCfg = Release|Any CPU
		{2F07A9EA-2E98-4360-BD62-9469406BDE63}.Release|iPhone.Build.0 = Release|Any CPU
		{2F07A9EA-2E98-4360-BD62-9469406BDE63}.Release|iPhone.Deploy.0 = Release|Any CPU
		{2F07A9EA-2E98-4360-BD62-9469406BDE63}.Release|iPhoneSimulator.ActiveCfg = Release|Any CPU
		{2F07A9EA-2E98-4360-BD62-9469406BDE63}.Release|iPhoneSimulator.Build.0 = Release|Any CPU
		{2F07A9EA-2E98-4360-BD62-9469406BDE63}.Release|iPhoneSimulator.Deploy.0 = Release|Any CPU
		{2F07A9EA-2E98-4360-BD62-9469406BDE63}.Release|x64.ActiveCfg = Release|Any CPU
		{2F07A9EA-2E98-4360-BD62-9469406BDE63}.Release|x64.Build.0 = Release|Any CPU
		{2F07A9EA-2E98-4360-BD62-9469406BDE63}.Release|x64.Deploy.0 = Release|Any CPU
		{2F07A9EA-2E98-4360-BD62-9469406BDE63}.Release|x86.ActiveCfg = Release|Any CPU
		{2F07A9EA-2E98-4360-BD62-9469406BDE63}.Release|x86.Build.0 = Release|Any CPU
		{2F07A9EA-2E98-4360-BD62-9469406BDE63}.Release|x86.Deploy.0 = Release|Any CPU
	EndGlobalSection
	GlobalSection(SolutionProperties) = preSolution
		HideSolutionNode = FALSE
	EndGlobalSection
	GlobalSection(ExtensibilityGlobals) = postSolution
		SolutionGuid = {077A63C7-F80E-4B06-90FA-511FA7835996}
	EndGlobalSection
EndGlobal
