
Microsoft Visual Studio Solution File, Format Version 12.00
# Visual Studio 15
VisualStudioVersion = 15.0.28307.572
MinimumVisualStudioVersion = 10.0.40219.1
Project("{FAE04EC0-301F-11D3-BF4B-00C04F79EFBC}") = "XAMLCPerformance.Android", "XAMLCPerformance\XAMLCPerformance.Android\XAMLCPerformance.Android.csproj", "{5693F636-EC93-4E6A-9E5A-1AC5C719AB9C}"
EndProject
Project("{FAE04EC0-301F-11D3-BF4B-00C04F79EFBC}") = "XAMLCPerformance.iOS", "XAMLCPerformance\XAMLCPerformance.iOS\XAMLCPerformance.iOS.csproj", "{CAA95457-2F8E-4494-937E-BF068E434181}"
EndProject
Project("{FAE04EC0-301F-11D3-BF4B-00C04F79EFBC}") = "XAMLCPerformance.UWP", "XAMLCPerformance\XAMLCPerformance.UWP\XAMLCPerformance.UWP.csproj", "{5ECBED7B-100F-45B3-95AF-B930A6C3CBE4}"
EndProject
Project("{FAE04EC0-301F-11D3-BF4B-00C04F79EFBC}") = "XAMLCPerformance", "XAMLCPerformance\XAMLCPerformance\XAMLCPerformance.csproj", "{EB7D0C1A-91D5-472E-AC51-C41B1FDF782E}"
EndProject
Global
	GlobalSection(SolutionConfigurationPlatforms) = preSolution
		Ad-Hoc|Any CPU = Ad-Hoc|Any CPU
		Ad-Hoc|ARM = Ad-Hoc|ARM
		Ad-Hoc|iPhone = Ad-Hoc|iPhone
		Ad-Hoc|iPhoneSimulator = Ad-Hoc|iPhoneSimulator
		Ad-Hoc|x64 = Ad-Hoc|x64
		Ad-Hoc|x86 = Ad-Hoc|x86
		AppStore|Any CPU = AppStore|Any CPU
		AppStore|ARM = AppStore|ARM
		AppStore|iPhone = AppStore|iPhone
		AppStore|iPhoneSimulator = AppStore|iPhoneSimulator
		AppStore|x64 = AppStore|x64
		AppStore|x86 = AppStore|x86
		Debug|Any CPU = Debug|Any CPU
		Debug|ARM = Debug|ARM
		Debug|iPhone = Debug|iPhone
		Debug|iPhoneSimulator = Debug|iPhoneSimulator
		Debug|x64 = Debug|x64
		Debug|x86 = Debug|x86
		Release|Any CPU = Release|Any CPU
		Release|ARM = Release|ARM
		Release|iPhone = Release|iPhone
		Release|iPhoneSimulator = Release|iPhoneSimulator
		Release|x64 = Release|x64
		Release|x86 = Release|x86
	EndGlobalSection
	GlobalSection(ProjectConfigurationPlatforms) = postSolution
		{5693F636-EC93-4E6A-9E5A-1AC5C719AB9C}.Ad-Hoc|Any CPU.ActiveCfg = Release|Any CPU
		{5693F636-EC93-4E6A-9E5A-1AC5C719AB9C}.Ad-Hoc|Any CPU.Build.0 = Release|Any CPU
		{5693F636-EC93-4E6A-9E5A-1AC5C719AB9C}.Ad-Hoc|Any CPU.Deploy.0 = Release|Any CPU
		{5693F636-EC93-4E6A-9E5A-1AC5C719AB9C}.Ad-Hoc|ARM.ActiveCfg = Release|Any CPU
		{5693F636-EC93-4E6A-9E5A-1AC5C719AB9C}.Ad-Hoc|ARM.Build.0 = Release|Any CPU
		{5693F636-EC93-4E6A-9E5A-1AC5C719AB9C}.Ad-Hoc|ARM.Deploy.0 = Release|Any CPU
		{5693F636-EC93-4E6A-9E5A-1AC5C719AB9C}.Ad-Hoc|iPhone.ActiveCfg = Release|Any CPU
		{5693F636-EC93-4E6A-9E5A-1AC5C719AB9C}.Ad-Hoc|iPhone.Build.0 = Release|Any CPU
		{5693F636-EC93-4E6A-9E5A-1AC5C719AB9C}.Ad-Hoc|iPhone.Deploy.0 = Release|Any CPU
		{5693F636-EC93-4E6A-9E5A-1AC5C719AB9C}.Ad-Hoc|iPhoneSimulator.ActiveCfg = Release|Any CPU
		{5693F636-EC93-4E6A-9E5A-1AC5C719AB9C}.Ad-Hoc|iPhoneSimulator.Build.0 = Release|Any CPU
		{5693F636-EC93-4E6A-9E5A-1AC5C719AB9C}.Ad-Hoc|iPhoneSimulator.Deploy.0 = Release|Any CPU
		{5693F636-EC93-4E6A-9E5A-1AC5C719AB9C}.Ad-Hoc|x64.ActiveCfg = Release|Any CPU
		{5693F636-EC93-4E6A-9E5A-1AC5C719AB9C}.Ad-Hoc|x64.Build.0 = Release|Any CPU
		{5693F636-EC93-4E6A-9E5A-1AC5C719AB9C}.Ad-Hoc|x64.Deploy.0 = Release|Any CPU
		{5693F636-EC93-4E6A-9E5A-1AC5C719AB9C}.Ad-Hoc|x86.ActiveCfg = Release|Any CPU
		{5693F636-EC93-4E6A-9E5A-1AC5C719AB9C}.Ad-Hoc|x86.Build.0 = Release|Any CPU
		{5693F636-EC93-4E6A-9E5A-1AC5C719AB9C}.Ad-Hoc|x86.Deploy.0 = Release|Any CPU
		{5693F636-EC93-4E6A-9E5A-1AC5C719AB9C}.AppStore|Any CPU.ActiveCfg = Release|Any CPU
		{5693F636-EC93-4E6A-9E5A-1AC5C719AB9C}.AppStore|Any CPU.Build.0 = Release|Any CPU
		{5693F636-EC93-4E6A-9E5A-1AC5C719AB9C}.AppStore|Any CPU.Deploy.0 = Release|Any CPU
		{5693F636-EC93-4E6A-9E5A-1AC5C719AB9C}.AppStore|ARM.ActiveCfg = Release|Any CPU
		{5693F636-EC93-4E6A-9E5A-1AC5C719AB9C}.AppStore|ARM.Build.0 = Release|Any CPU
		{5693F636-EC93-4E6A-9E5A-1AC5C719AB9C}.AppStore|ARM.Deploy.0 = Release|Any CPU
		{5693F636-EC93-4E6A-9E5A-1AC5C719AB9C}.AppStore|iPhone.ActiveCfg = Release|Any CPU
		{5693F636-EC93-4E6A-9E5A-1AC5C719AB9C}.AppStore|iPhone.Build.0 = Release|Any CPU
		{5693F636-EC93-4E6A-9E5A-1AC5C719AB9C}.AppStore|iPhone.Deploy.0 = Release|Any CPU
		{5693F636-EC93-4E6A-9E5A-1AC5C719AB9C}.AppStore|iPhoneSimulator.ActiveCfg = Release|Any CPU
		{5693F636-EC93-4E6A-9E5A-1AC5C719AB9C}.AppStore|iPhoneSimulator.Build.0 = Release|Any CPU
		{5693F636-EC93-4E6A-9E5A-1AC5C719AB9C}.AppStore|iPhoneSimulator.Deploy.0 = Release|Any CPU
		{5693F636-EC93-4E6A-9E5A-1AC5C719AB9C}.AppStore|x64.ActiveCfg = Release|Any CPU
		{5693F636-EC93-4E6A-9E5A-1AC5C719AB9C}.AppStore|x64.Build.0 = Release|Any CPU
		{5693F636-EC93-4E6A-9E5A-1AC5C719AB9C}.AppStore|x64.Deploy.0 = Release|Any CPU
		{5693F636-EC93-4E6A-9E5A-1AC5C719AB9C}.AppStore|x86.ActiveCfg = Release|Any CPU
		{5693F636-EC93-4E6A-9E5A-1AC5C719AB9C}.AppStore|x86.Build.0 = Release|Any CPU
		{5693F636-EC93-4E6A-9E5A-1AC5C719AB9C}.AppStore|x86.Deploy.0 = Release|Any CPU
		{5693F636-EC93-4E6A-9E5A-1AC5C719AB9C}.Debug|Any CPU.ActiveCfg = Debug|Any CPU
		{5693F636-EC93-4E6A-9E5A-1AC5C719AB9C}.Debug|Any CPU.Build.0 = Debug|Any CPU
		{5693F636-EC93-4E6A-9E5A-1AC5C719AB9C}.Debug|Any CPU.Deploy.0 = Debug|Any CPU
		{5693F636-EC93-4E6A-9E5A-1AC5C719AB9C}.Debug|ARM.ActiveCfg = Debug|Any CPU
		{5693F636-EC93-4E6A-9E5A-1AC5C719AB9C}.Debug|ARM.Build.0 = Debug|Any CPU
		{5693F636-EC93-4E6A-9E5A-1AC5C719AB9C}.Debug|ARM.Deploy.0 = Debug|Any CPU
		{5693F636-EC93-4E6A-9E5A-1AC5C719AB9C}.Debug|iPhone.ActiveCfg = Debug|Any CPU
		{5693F636-EC93-4E6A-9E5A-1AC5C719AB9C}.Debug|iPhone.Build.0 = Debug|Any CPU
		{5693F636-EC93-4E6A-9E5A-1AC5C719AB9C}.Debug|iPhone.Deploy.0 = Debug|Any CPU
		{5693F636-EC93-4E6A-9E5A-1AC5C719AB9C}.Debug|iPhoneSimulator.ActiveCfg = Debug|Any CPU
		{5693F636-EC93-4E6A-9E5A-1AC5C719AB9C}.Debug|iPhoneSimulator.Build.0 = Debug|Any CPU
		{5693F636-EC93-4E6A-9E5A-1AC5C719AB9C}.Debug|iPhoneSimulator.Deploy.0 = Debug|Any CPU
		{5693F636-EC93-4E6A-9E5A-1AC5C719AB9C}.Debug|x64.ActiveCfg = Debug|Any CPU
		{5693F636-EC93-4E6A-9E5A-1AC5C719AB9C}.Debug|x64.Build.0 = Debug|Any CPU
		{5693F636-EC93-4E6A-9E5A-1AC5C719AB9C}.Debug|x64.Deploy.0 = Debug|Any CPU
		{5693F636-EC93-4E6A-9E5A-1AC5C719AB9C}.Debug|x86.ActiveCfg = Debug|Any CPU
		{5693F636-EC93-4E6A-9E5A-1AC5C719AB9C}.Debug|x86.Build.0 = Debug|Any CPU
		{5693F636-EC93-4E6A-9E5A-1AC5C719AB9C}.Debug|x86.Deploy.0 = Debug|Any CPU
		{5693F636-EC93-4E6A-9E5A-1AC5C719AB9C}.Release|Any CPU.ActiveCfg = Release|Any CPU
		{5693F636-EC93-4E6A-9E5A-1AC5C719AB9C}.Release|Any CPU.Build.0 = Release|Any CPU
		{5693F636-EC93-4E6A-9E5A-1AC5C719AB9C}.Release|Any CPU.Deploy.0 = Release|Any CPU
		{5693F636-EC93-4E6A-9E5A-1AC5C719AB9C}.Release|ARM.ActiveCfg = Release|Any CPU
		{5693F636-EC93-4E6A-9E5A-1AC5C719AB9C}.Release|ARM.Build.0 = Release|Any CPU
		{5693F636-EC93-4E6A-9E5A-1AC5C719AB9C}.Release|ARM.Deploy.0 = Release|Any CPU
		{5693F636-EC93-4E6A-9E5A-1AC5C719AB9C}.Release|iPhone.ActiveCfg = Release|Any CPU
		{5693F636-EC93-4E6A-9E5A-1AC5C719AB9C}.Release|iPhone.Build.0 = Release|Any CPU
		{5693F636-EC93-4E6A-9E5A-1AC5C719AB9C}.Release|iPhone.Deploy.0 = Release|Any CPU
		{5693F636-EC93-4E6A-9E5A-1AC5C719AB9C}.Release|iPhoneSimulator.ActiveCfg = Release|Any CPU
		{5693F636-EC93-4E6A-9E5A-1AC5C719AB9C}.Release|iPhoneSimulator.Build.0 = Release|Any CPU
		{5693F636-EC93-4E6A-9E5A-1AC5C719AB9C}.Release|iPhoneSimulator.Deploy.0 = Release|Any CPU
		{5693F636-EC93-4E6A-9E5A-1AC5C719AB9C}.Release|x64.ActiveCfg = Release|Any CPU
		{5693F636-EC93-4E6A-9E5A-1AC5C719AB9C}.Release|x64.Build.0 = Release|Any CPU
		{5693F636-EC93-4E6A-9E5A-1AC5C719AB9C}.Release|x64.Deploy.0 = Release|Any CPU
		{5693F636-EC93-4E6A-9E5A-1AC5C719AB9C}.Release|x86.ActiveCfg = Release|Any CPU
		{5693F636-EC93-4E6A-9E5A-1AC5C719AB9C}.Release|x86.Build.0 = Release|Any CPU
		{5693F636-EC93-4E6A-9E5A-1AC5C719AB9C}.Release|x86.Deploy.0 = Release|Any CPU
		{CAA95457-2F8E-4494-937E-BF068E434181}.Ad-Hoc|Any CPU.ActiveCfg = Ad-Hoc|iPhone
		{CAA95457-2F8E-4494-937E-BF068E434181}.Ad-Hoc|Any CPU.Build.0 = Ad-Hoc|iPhone
		{CAA95457-2F8E-4494-937E-BF068E434181}.Ad-Hoc|Any CPU.Deploy.0 = Ad-Hoc|iPhone
		{CAA95457-2F8E-4494-937E-BF068E434181}.Ad-Hoc|ARM.ActiveCfg = Ad-Hoc|iPhone
		{CAA95457-2F8E-4494-937E-BF068E434181}.Ad-Hoc|ARM.Build.0 = Ad-Hoc|iPhone
		{CAA95457-2F8E-4494-937E-BF068E434181}.Ad-Hoc|ARM.Deploy.0 = Ad-Hoc|iPhone
		{CAA95457-2F8E-4494-937E-BF068E434181}.Ad-Hoc|iPhone.ActiveCfg = Ad-Hoc|iPhone
		{CAA95457-2F8E-4494-937E-BF068E434181}.Ad-Hoc|iPhone.Build.0 = Ad-Hoc|iPhone
		{CAA95457-2F8E-4494-937E-BF068E434181}.Ad-Hoc|iPhone.Deploy.0 = Ad-Hoc|iPhone
		{CAA95457-2F8E-4494-937E-BF068E434181}.Ad-Hoc|iPhoneSimulator.ActiveCfg = Ad-Hoc|iPhoneSimulator
		{CAA95457-2F8E-4494-937E-BF068E434181}.Ad-Hoc|iPhoneSimulator.Build.0 = Ad-Hoc|iPhoneSimulator
		{CAA95457-2F8E-4494-937E-BF068E434181}.Ad-Hoc|iPhoneSimulator.Deploy.0 = Ad-Hoc|iPhoneSimulator
		{CAA95457-2F8E-4494-937E-BF068E434181}.Ad-Hoc|x64.ActiveCfg = Ad-Hoc|iPhone
		{CAA95457-2F8E-4494-937E-BF068E434181}.Ad-Hoc|x64.Build.0 = Ad-Hoc|iPhone
		{CAA95457-2F8E-4494-937E-BF068E434181}.Ad-Hoc|x64.Deploy.0 = Ad-Hoc|iPhone
		{CAA95457-2F8E-4494-937E-BF068E434181}.Ad-Hoc|x86.ActiveCfg = Ad-Hoc|iPhone
		{CAA95457-2F8E-4494-937E-BF068E434181}.Ad-Hoc|x86.Build.0 = Ad-Hoc|iPhone
		{CAA95457-2F8E-4494-937E-BF068E434181}.Ad-Hoc|x86.Deploy.0 = Ad-Hoc|iPhone
		{CAA95457-2F8E-4494-937E-BF068E434181}.AppStore|Any CPU.ActiveCfg = AppStore|iPhone
		{CAA95457-2F8E-4494-937E-BF068E434181}.AppStore|Any CPU.Build.0 = AppStore|iPhone
		{CAA95457-2F8E-4494-937E-BF068E434181}.AppStore|Any CPU.Deploy.0 = AppStore|iPhone
		{CAA95457-2F8E-4494-937E-BF068E434181}.AppStore|ARM.ActiveCfg = AppStore|iPhone
		{CAA95457-2F8E-4494-937E-BF068E434181}.AppStore|ARM.Build.0 = AppStore|iPhone
		{CAA95457-2F8E-4494-937E-BF068E434181}.AppStore|ARM.Deploy.0 = AppStore|iPhone
		{CAA95457-2F8E-4494-937E-BF068E434181}.AppStore|iPhone.ActiveCfg = AppStore|iPhone
		{CAA95457-2F8E-4494-937E-BF068E434181}.AppStore|iPhone.Build.0 = AppStore|iPhone
		{CAA95457-2F8E-4494-937E-BF068E434181}.AppStore|iPhone.Deploy.0 = AppStore|iPhone
		{CAA95457-2F8E-4494-937E-BF068E434181}.AppStore|iPhoneSimulator.ActiveCfg = AppStore|iPhoneSimulator
		{CAA95457-2F8E-4494-937E-BF068E434181}.AppStore|iPhoneSimulator.Build.0 = AppStore|iPhoneSimulator
		{CAA95457-2F8E-4494-937E-BF068E434181}.AppStore|iPhoneSimulator.Deploy.0 = AppStore|iPhoneSimulator
		{CAA95457-2F8E-4494-937E-BF068E434181}.AppStore|x64.ActiveCfg = AppStore|iPhone
		{CAA95457-2F8E-4494-937E-BF068E434181}.AppStore|x64.Build.0 = AppStore|iPhone
		{CAA95457-2F8E-4494-937E-BF068E434181}.AppStore|x64.Deploy.0 = AppStore|iPhone
		{CAA95457-2F8E-4494-937E-BF068E434181}.AppStore|x86.ActiveCfg = AppStore|iPhone
		{CAA95457-2F8E-4494-937E-BF068E434181}.AppStore|x86.Build.0 = AppStore|iPhone
		{CAA95457-2F8E-4494-937E-BF068E434181}.AppStore|x86.Deploy.0 = AppStore|iPhone
		{CAA95457-2F8E-4494-937E-BF068E434181}.Debug|Any CPU.ActiveCfg = Debug|iPhoneSimulator
		{CAA95457-2F8E-4494-937E-BF068E434181}.Debug|Any CPU.Build.0 = Debug|iPhoneSimulator
		{CAA95457-2F8E-4494-937E-BF068E434181}.Debug|Any CPU.Deploy.0 = Debug|iPhoneSimulator
		{CAA95457-2F8E-4494-937E-BF068E434181}.Debug|ARM.ActiveCfg = Debug|iPhone
		{CAA95457-2F8E-4494-937E-BF068E434181}.Debug|ARM.Build.0 = Debug|iPhone
		{CAA95457-2F8E-4494-937E-BF068E434181}.Debug|ARM.Deploy.0 = Debug|iPhone
		{CAA95457-2F8E-4494-937E-BF068E434181}.Debug|iPhone.ActiveCfg = Debug|iPhone
		{CAA95457-2F8E-4494-937E-BF068E434181}.Debug|iPhone.Build.0 = Debug|iPhone
		{CAA95457-2F8E-4494-937E-BF068E434181}.Debug|iPhone.Deploy.0 = Debug|iPhone
		{CAA95457-2F8E-4494-937E-BF068E434181}.Debug|iPhoneSimulator.ActiveCfg = Debug|iPhoneSimulator
		{CAA95457-2F8E-4494-937E-BF068E434181}.Debug|iPhoneSimulator.Build.0 = Debug|iPhoneSimulator
		{CAA95457-2F8E-4494-937E-BF068E434181}.Debug|iPhoneSimulator.Deploy.0 = Debug|iPhoneSimulator
		{CAA95457-2F8E-4494-937E-BF068E434181}.Debug|x64.ActiveCfg = Debug|iPhone
		{CAA95457-2F8E-4494-937E-BF068E434181}.Debug|x64.Build.0 = Debug|iPhone
		{CAA95457-2F8E-4494-937E-BF068E434181}.Debug|x64.Deploy.0 = Debug|iPhone
		{CAA95457-2F8E-4494-937E-BF068E434181}.Debug|x86.ActiveCfg = Debug|iPhone
		{CAA95457-2F8E-4494-937E-BF068E434181}.Debug|x86.Build.0 = Debug|iPhone
		{CAA95457-2F8E-4494-937E-BF068E434181}.Debug|x86.Deploy.0 = Debug|iPhone
		{CAA95457-2F8E-4494-937E-BF068E434181}.Release|Any CPU.ActiveCfg = Release|iPhone
		{CAA95457-2F8E-4494-937E-BF068E434181}.Release|Any CPU.Build.0 = Release|iPhone
		{CAA95457-2F8E-4494-937E-BF068E434181}.Release|Any CPU.Deploy.0 = Release|iPhone
		{CAA95457-2F8E-4494-937E-BF068E434181}.Release|ARM.ActiveCfg = Release|iPhone
		{CAA95457-2F8E-4494-937E-BF068E434181}.Release|ARM.Build.0 = Release|iPhone
		{CAA95457-2F8E-4494-937E-BF068E434181}.Release|ARM.Deploy.0 = Release|iPhone
		{CAA95457-2F8E-4494-937E-BF068E434181}.Release|iPhone.ActiveCfg = Release|iPhone
		{CAA95457-2F8E-4494-937E-BF068E434181}.Release|iPhone.Build.0 = Release|iPhone
		{CAA95457-2F8E-4494-937E-BF068E434181}.Release|iPhone.Deploy.0 = Release|iPhone
		{CAA95457-2F8E-4494-937E-BF068E434181}.Release|iPhoneSimulator.ActiveCfg = Release|iPhoneSimulator
		{CAA95457-2F8E-4494-937E-BF068E434181}.Release|iPhoneSimulator.Build.0 = Release|iPhoneSimulator
		{CAA95457-2F8E-4494-937E-BF068E434181}.Release|iPhoneSimulator.Deploy.0 = Release|iPhoneSimulator
		{CAA95457-2F8E-4494-937E-BF068E434181}.Release|x64.ActiveCfg = Release|iPhone
		{CAA95457-2F8E-4494-937E-BF068E434181}.Release|x64.Build.0 = Release|iPhone
		{CAA95457-2F8E-4494-937E-BF068E434181}.Release|x64.Deploy.0 = Release|iPhone
		{CAA95457-2F8E-4494-937E-BF068E434181}.Release|x86.ActiveCfg = Release|iPhone
		{CAA95457-2F8E-4494-937E-BF068E434181}.Release|x86.Build.0 = Release|iPhone
		{CAA95457-2F8E-4494-937E-BF068E434181}.Release|x86.Deploy.0 = Release|iPhone
		{5ECBED7B-100F-45B3-95AF-B930A6C3CBE4}.Ad-Hoc|Any CPU.ActiveCfg = Release|x86
		{5ECBED7B-100F-45B3-95AF-B930A6C3CBE4}.Ad-Hoc|Any CPU.Build.0 = Release|x86
		{5ECBED7B-100F-45B3-95AF-B930A6C3CBE4}.Ad-Hoc|Any CPU.Deploy.0 = Release|x86
		{5ECBED7B-100F-45B3-95AF-B930A6C3CBE4}.Ad-Hoc|ARM.ActiveCfg = Release|ARM
		{5ECBED7B-100F-45B3-95AF-B930A6C3CBE4}.Ad-Hoc|ARM.Build.0 = Release|ARM
		{5ECBED7B-100F-45B3-95AF-B930A6C3CBE4}.Ad-Hoc|ARM.Deploy.0 = Release|ARM
		{5ECBED7B-100F-45B3-95AF-B930A6C3CBE4}.Ad-Hoc|iPhone.ActiveCfg = Release|x86
		{5ECBED7B-100F-45B3-95AF-B930A6C3CBE4}.Ad-Hoc|iPhone.Build.0 = Release|x86
		{5ECBED7B-100F-45B3-95AF-B930A6C3CBE4}.Ad-Hoc|iPhone.Deploy.0 = Release|x86
		{5ECBED7B-100F-45B3-95AF-B930A6C3CBE4}.Ad-Hoc|iPhoneSimulator.ActiveCfg = Release|x86
		{5ECBED7B-100F-45B3-95AF-B930A6C3CBE4}.Ad-Hoc|iPhoneSimulator.Build.0 = Release|x86
		{5ECBED7B-100F-45B3-95AF-B930A6C3CBE4}.Ad-Hoc|iPhoneSimulator.Deploy.0 = Release|x86
		{5ECBED7B-100F-45B3-95AF-B930A6C3CBE4}.Ad-Hoc|x64.ActiveCfg = Release|x64
		{5ECBED7B-100F-45B3-95AF-B930A6C3CBE4}.Ad-Hoc|x64.Build.0 = Release|x64
		{5ECBED7B-100F-45B3-95AF-B930A6C3CBE4}.Ad-Hoc|x64.Deploy.0 = Release|x64
		{5ECBED7B-100F-45B3-95AF-B930A6C3CBE4}.Ad-Hoc|x86.ActiveCfg = Release|x86
		{5ECBED7B-100F-45B3-95AF-B930A6C3CBE4}.Ad-Hoc|x86.Build.0 = Release|x86
		{5ECBED7B-100F-45B3-95AF-B930A6C3CBE4}.Ad-Hoc|x86.Deploy.0 = Release|x86
		{5ECBED7B-100F-45B3-95AF-B930A6C3CBE4}.AppStore|Any CPU.ActiveCfg = Release|x86
		{5ECBED7B-100F-45B3-95AF-B930A6C3CBE4}.AppStore|Any CPU.Build.0 = Release|x86
		{5ECBED7B-100F-45B3-95AF-B930A6C3CBE4}.AppStore|Any CPU.Deploy.0 = Release|x86
		{5ECBED7B-100F-45B3-95AF-B930A6C3CBE4}.AppStore|ARM.ActiveCfg = Release|ARM
		{5ECBED7B-100F-45B3-95AF-B930A6C3CBE4}.AppStore|ARM.Build.0 = Release|ARM
		{5ECBED7B-100F-45B3-95AF-B930A6C3CBE4}.AppStore|ARM.Deploy.0 = Release|ARM
		{5ECBED7B-100F-45B3-95AF-B930A6C3CBE4}.AppStore|iPhone.ActiveCfg = Release|x86
		{5ECBED7B-100F-45B3-95AF-B930A6C3CBE4}.AppStore|iPhone.Build.0 = Release|x86
		{5ECBED7B-100F-45B3-95AF-B930A6C3CBE4}.AppStore|iPhone.Deploy.0 = Release|x86
		{5ECBED7B-100F-45B3-95AF-B930A6C3CBE4}.AppStore|iPhoneSimulator.ActiveCfg = Release|x86
		{5ECBED7B-100F-45B3-95AF-B930A6C3CBE4}.AppStore|iPhoneSimulator.Build.0 = Release|x86
		{5ECBED7B-100F-45B3-95AF-B930A6C3CBE4}.AppStore|iPhoneSimulator.Deploy.0 = Release|x86
		{5ECBED7B-100F-45B3-95AF-B930A6C3CBE4}.AppStore|x64.ActiveCfg = Release|x64
		{5ECBED7B-100F-45B3-95AF-B930A6C3CBE4}.AppStore|x64.Build.0 = Release|x64
		{5ECBED7B-100F-45B3-95AF-B930A6C3CBE4}.AppStore|x64.Deploy.0 = Release|x64
		{5ECBED7B-100F-45B3-95AF-B930A6C3CBE4}.AppStore|x86.ActiveCfg = Release|x86
		{5ECBED7B-100F-45B3-95AF-B930A6C3CBE4}.AppStore|x86.Build.0 = Release|x86
		{5ECBED7B-100F-45B3-95AF-B930A6C3CBE4}.AppStore|x86.Deploy.0 = Release|x86
		{5ECBED7B-100F-45B3-95AF-B930A6C3CBE4}.Debug|Any CPU.ActiveCfg = Debug|x86
		{5ECBED7B-100F-45B3-95AF-B930A6C3CBE4}.Debug|Any CPU.Build.0 = Debug|x86
		{5ECBED7B-100F-45B3-95AF-B930A6C3CBE4}.Debug|Any CPU.Deploy.0 = Debug|x86
		{5ECBED7B-100F-45B3-95AF-B930A6C3CBE4}.Debug|ARM.ActiveCfg = Debug|ARM
		{5ECBED7B-100F-45B3-95AF-B930A6C3CBE4}.Debug|ARM.Build.0 = Debug|ARM
		{5ECBED7B-100F-45B3-95AF-B930A6C3CBE4}.Debug|ARM.Deploy.0 = Debug|ARM
		{5ECBED7B-100F-45B3-95AF-B930A6C3CBE4}.Debug|iPhone.ActiveCfg = Debug|x86
		{5ECBED7B-100F-45B3-95AF-B930A6C3CBE4}.Debug|iPhone.Build.0 = Debug|x86
		{5ECBED7B-100F-45B3-95AF-B930A6C3CBE4}.Debug|iPhone.Deploy.0 = Debug|x86
		{5ECBED7B-100F-45B3-95AF-B930A6C3CBE4}.Debug|iPhoneSimulator.ActiveCfg = Debug|x86
		{5ECBED7B-100F-45B3-95AF-B930A6C3CBE4}.Debug|iPhoneSimulator.Build.0 = Debug|x86
		{5ECBED7B-100F-45B3-95AF-B930A6C3CBE4}.Debug|iPhoneSimulator.Deploy.0 = Debug|x86
		{5ECBED7B-100F-45B3-95AF-B930A6C3CBE4}.Debug|x64.ActiveCfg = Debug|x64
		{5ECBED7B-100F-45B3-95AF-B930A6C3CBE4}.Debug|x64.Build.0 = Debug|x64
		{5ECBED7B-100F-45B3-95AF-B930A6C3CBE4}.Debug|x64.Deploy.0 = Debug|x64
		{5ECBED7B-100F-45B3-95AF-B930A6C3CBE4}.Debug|x86.ActiveCfg = Debug|x86
		{5ECBED7B-100F-45B3-95AF-B930A6C3CBE4}.Debug|x86.Build.0 = Debug|x86
		{5ECBED7B-100F-45B3-95AF-B930A6C3CBE4}.Debug|x86.Deploy.0 = Debug|x86
		{5ECBED7B-100F-45B3-95AF-B930A6C3CBE4}.Release|Any CPU.ActiveCfg = Release|x86
		{5ECBED7B-100F-45B3-95AF-B930A6C3CBE4}.Release|Any CPU.Build.0 = Release|x86
		{5ECBED7B-100F-45B3-95AF-B930A6C3CBE4}.Release|Any CPU.Deploy.0 = Release|x86
		{5ECBED7B-100F-45B3-95AF-B930A6C3CBE4}.Release|ARM.ActiveCfg = Release|ARM
		{5ECBED7B-100F-45B3-95AF-B930A6C3CBE4}.Release|ARM.Build.0 = Release|ARM
		{5ECBED7B-100F-45B3-95AF-B930A6C3CBE4}.Release|ARM.Deploy.0 = Release|ARM
		{5ECBED7B-100F-45B3-95AF-B930A6C3CBE4}.Release|iPhone.ActiveCfg = Release|x86
		{5ECBED7B-100F-45B3-95AF-B930A6C3CBE4}.Release|iPhone.Build.0 = Release|x86
		{5ECBED7B-100F-45B3-95AF-B930A6C3CBE4}.Release|iPhone.Deploy.0 = Release|x86
		{5ECBED7B-100F-45B3-95AF-B930A6C3CBE4}.Release|iPhoneSimulator.ActiveCfg = Release|x86
		{5ECBED7B-100F-45B3-95AF-B930A6C3CBE4}.Release|iPhoneSimulator.Build.0 = Release|x86
		{5ECBED7B-100F-45B3-95AF-B930A6C3CBE4}.Release|iPhoneSimulator.Deploy.0 = Release|x86
		{5ECBED7B-100F-45B3-95AF-B930A6C3CBE4}.Release|x64.ActiveCfg = Release|x64
		{5ECBED7B-100F-45B3-95AF-B930A6C3CBE4}.Release|x64.Build.0 = Release|x64
		{5ECBED7B-100F-45B3-95AF-B930A6C3CBE4}.Release|x64.Deploy.0 = Release|x64
		{5ECBED7B-100F-45B3-95AF-B930A6C3CBE4}.Release|x86.ActiveCfg = Release|x86
		{5ECBED7B-100F-45B3-95AF-B930A6C3CBE4}.Release|x86.Build.0 = Release|x86
		{5ECBED7B-100F-45B3-95AF-B930A6C3CBE4}.Release|x86.Deploy.0 = Release|x86
		{EB7D0C1A-91D5-472E-AC51-C41B1FDF782E}.Ad-Hoc|Any CPU.ActiveCfg = Debug|Any CPU
		{EB7D0C1A-91D5-472E-AC51-C41B1FDF782E}.Ad-Hoc|Any CPU.Build.0 = Debug|Any CPU
		{EB7D0C1A-91D5-472E-AC51-C41B1FDF782E}.Ad-Hoc|Any CPU.Deploy.0 = Debug|Any CPU
		{EB7D0C1A-91D5-472E-AC51-C41B1FDF782E}.Ad-Hoc|ARM.ActiveCfg = Debug|Any CPU
		{EB7D0C1A-91D5-472E-AC51-C41B1FDF782E}.Ad-Hoc|ARM.Build.0 = Debug|Any CPU
		{EB7D0C1A-91D5-472E-AC51-C41B1FDF782E}.Ad-Hoc|ARM.Deploy.0 = Debug|Any CPU
		{EB7D0C1A-91D5-472E-AC51-C41B1FDF782E}.Ad-Hoc|iPhone.ActiveCfg = Debug|Any CPU
		{EB7D0C1A-91D5-472E-AC51-C41B1FDF782E}.Ad-Hoc|iPhone.Build.0 = Debug|Any CPU
		{EB7D0C1A-91D5-472E-AC51-C41B1FDF782E}.Ad-Hoc|iPhone.Deploy.0 = Debug|Any CPU
		{EB7D0C1A-91D5-472E-AC51-C41B1FDF782E}.Ad-Hoc|iPhoneSimulator.ActiveCfg = Debug|Any CPU
		{EB7D0C1A-91D5-472E-AC51-C41B1FDF782E}.Ad-Hoc|iPhoneSimulator.Build.0 = Debug|Any CPU
		{EB7D0C1A-91D5-472E-AC51-C41B1FDF782E}.Ad-Hoc|iPhoneSimulator.Deploy.0 = Debug|Any CPU
		{EB7D0C1A-91D5-472E-AC51-C41B1FDF782E}.Ad-Hoc|x64.ActiveCfg = Debug|Any CPU
		{EB7D0C1A-91D5-472E-AC51-C41B1FDF782E}.Ad-Hoc|x64.Build.0 = Debug|Any CPU
		{EB7D0C1A-91D5-472E-AC51-C41B1FDF782E}.Ad-Hoc|x64.Deploy.0 = Debug|Any CPU
		{EB7D0C1A-91D5-472E-AC51-C41B1FDF782E}.Ad-Hoc|x86.ActiveCfg = Debug|Any CPU
		{EB7D0C1A-91D5-472E-AC51-C41B1FDF782E}.Ad-Hoc|x86.Build.0 = Debug|Any CPU
		{EB7D0C1A-91D5-472E-AC51-C41B1FDF782E}.Ad-Hoc|x86.Deploy.0 = Debug|Any CPU
		{EB7D0C1A-91D5-472E-AC51-C41B1FDF782E}.AppStore|Any CPU.ActiveCfg = Debug|Any CPU
		{EB7D0C1A-91D5-472E-AC51-C41B1FDF782E}.AppStore|Any CPU.Build.0 = Debug|Any CPU
		{EB7D0C1A-91D5-472E-AC51-C41B1FDF782E}.AppStore|Any CPU.Deploy.0 = Debug|Any CPU
		{EB7D0C1A-91D5-472E-AC51-C41B1FDF782E}.AppStore|ARM.ActiveCfg = Debug|Any CPU
		{EB7D0C1A-91D5-472E-AC51-C41B1FDF782E}.AppStore|ARM.Build.0 = Debug|Any CPU
		{EB7D0C1A-91D5-472E-AC51-C41B1FDF782E}.AppStore|ARM.Deploy.0 = Debug|Any CPU
		{EB7D0C1A-91D5-472E-AC51-C41B1FDF782E}.AppStore|iPhone.ActiveCfg = Debug|Any CPU
		{EB7D0C1A-91D5-472E-AC51-C41B1FDF782E}.AppStore|iPhone.Build.0 = Debug|Any CPU
		{EB7D0C1A-91D5-472E-AC51-C41B1FDF782E}.AppStore|iPhone.Deploy.0 = Debug|Any CPU
		{EB7D0C1A-91D5-472E-AC51-C41B1FDF782E}.AppStore|iPhoneSimulator.ActiveCfg = Debug|Any CPU
		{EB7D0C1A-91D5-472E-AC51-C41B1FDF782E}.AppStore|iPhoneSimulator.Build.0 = Debug|Any CPU
		{EB7D0C1A-91D5-472E-AC51-C41B1FDF782E}.AppStore|iPhoneSimulator.Deploy.0 = Debug|Any CPU
		{EB7D0C1A-91D5-472E-AC51-C41B1FDF782E}.AppStore|x64.ActiveCfg = Debug|Any CPU
		{EB7D0C1A-91D5-472E-AC51-C41B1FDF782E}.AppStore|x64.Build.0 = Debug|Any CPU
		{EB7D0C1A-91D5-472E-AC51-C41B1FDF782E}.AppStore|x64.Deploy.0 = Debug|Any CPU
		{EB7D0C1A-91D5-472E-AC51-C41B1FDF782E}.AppStore|x86.ActiveCfg = Debug|Any CPU
		{EB7D0C1A-91D5-472E-AC51-C41B1FDF782E}.AppStore|x86.Build.0 = Debug|Any CPU
		{EB7D0C1A-91D5-472E-AC51-C41B1FDF782E}.AppStore|x86.Deploy.0 = Debug|Any CPU
		{EB7D0C1A-91D5-472E-AC51-C41B1FDF782E}.Debug|Any CPU.ActiveCfg = Debug|Any CPU
		{EB7D0C1A-91D5-472E-AC51-C41B1FDF782E}.Debug|Any CPU.Build.0 = Debug|Any CPU
		{EB7D0C1A-91D5-472E-AC51-C41B1FDF782E}.Debug|Any CPU.Deploy.0 = Debug|Any CPU
		{EB7D0C1A-91D5-472E-AC51-C41B1FDF782E}.Debug|ARM.ActiveCfg = Debug|Any CPU
		{EB7D0C1A-91D5-472E-AC51-C41B1FDF782E}.Debug|ARM.Build.0 = Debug|Any CPU
		{EB7D0C1A-91D5-472E-AC51-C41B1FDF782E}.Debug|ARM.Deploy.0 = Debug|Any CPU
		{EB7D0C1A-91D5-472E-AC51-C41B1FDF782E}.Debug|iPhone.ActiveCfg = Debug|Any CPU
		{EB7D0C1A-91D5-472E-AC51-C41B1FDF782E}.Debug|iPhone.Build.0 = Debug|Any CPU
		{EB7D0C1A-91D5-472E-AC51-C41B1FDF782E}.Debug|iPhone.Deploy.0 = Debug|Any CPU
		{EB7D0C1A-91D5-472E-AC51-C41B1FDF782E}.Debug|iPhoneSimulator.ActiveCfg = Debug|Any CPU
		{EB7D0C1A-91D5-472E-AC51-C41B1FDF782E}.Debug|iPhoneSimulator.Build.0 = Debug|Any CPU
		{EB7D0C1A-91D5-472E-AC51-C41B1FDF782E}.Debug|iPhoneSimulator.Deploy.0 = Debug|Any CPU
		{EB7D0C1A-91D5-472E-AC51-C41B1FDF782E}.Debug|x64.ActiveCfg = Debug|Any CPU
		{EB7D0C1A-91D5-472E-AC51-C41B1FDF782E}.Debug|x64.Build.0 = Debug|Any CPU
		{EB7D0C1A-91D5-472E-AC51-C41B1FDF782E}.Debug|x64.Deploy.0 = Debug|Any CPU
		{EB7D0C1A-91D5-472E-AC51-C41B1FDF782E}.Debug|x86.ActiveCfg = Debug|Any CPU
		{EB7D0C1A-91D5-472E-AC51-C41B1FDF782E}.Debug|x86.Build.0 = Debug|Any CPU
		{EB7D0C1A-91D5-472E-AC51-C41B1FDF782E}.Debug|x86.Deploy.0 = Debug|Any CPU
		{EB7D0C1A-91D5-472E-AC51-C41B1FDF782E}.Release|Any CPU.ActiveCfg = Release|Any CPU
		{EB7D0C1A-91D5-472E-AC51-C41B1FDF782E}.Release|Any CPU.Build.0 = Release|Any CPU
		{EB7D0C1A-91D5-472E-AC51-C41B1FDF782E}.Release|Any CPU.Deploy.0 = Release|Any CPU
		{EB7D0C1A-91D5-472E-AC51-C41B1FDF782E}.Release|ARM.ActiveCfg = Release|Any CPU
		{EB7D0C1A-91D5-472E-AC51-C41B1FDF782E}.Release|ARM.Build.0 = Release|Any CPU
		{EB7D0C1A-91D5-472E-AC51-C41B1FDF782E}.Release|ARM.Deploy.0 = Release|Any CPU
		{EB7D0C1A-91D5-472E-AC51-C41B1FDF782E}.Release|iPhone.ActiveCfg = Release|Any CPU
		{EB7D0C1A-91D5-472E-AC51-C41B1FDF782E}.Release|iPhone.Build.0 = Release|Any CPU
		{EB7D0C1A-91D5-472E-AC51-C41B1FDF782E}.Release|iPhone.Deploy.0 = Release|Any CPU
		{EB7D0C1A-91D5-472E-AC51-C41B1FDF782E}.Release|iPhoneSimulator.ActiveCfg = Release|Any CPU
		{EB7D0C1A-91D5-472E-AC51-C41B1FDF782E}.Release|iPhoneSimulator.Build.0 = Release|Any CPU
		{EB7D0C1A-91D5-472E-AC51-C41B1FDF782E}.Release|iPhoneSimulator.Deploy.0 = Release|Any CPU
		{EB7D0C1A-91D5-472E-AC51-C41B1FDF782E}.Release|x64.ActiveCfg = Release|Any CPU
		{EB7D0C1A-91D5-472E-AC51-C41B1FDF782E}.Release|x64.Build.0 = Release|Any CPU
		{EB7D0C1A-91D5-472E-AC51-C41B1FDF782E}.Release|x64.Deploy.0 = Release|Any CPU
		{EB7D0C1A-91D5-472E-AC51-C41B1FDF782E}.Release|x86.ActiveCfg = Release|Any CPU
		{EB7D0C1A-91D5-472E-AC51-C41B1FDF782E}.Release|x86.Build.0 = Release|Any CPU
		{EB7D0C1A-91D5-472E-AC51-C41B1FDF782E}.Release|x86.Deploy.0 = Release|Any CPU
	EndGlobalSection
	GlobalSection(SolutionProperties) = preSolution
		HideSolutionNode = FALSE
	EndGlobalSection
	GlobalSection(ExtensibilityGlobals) = postSolution
		SolutionGuid = {19F906AB-156C-4023-875B-5AD6B31AB940}
	EndGlobalSection
EndGlobal
